// !$*UTF8*$!
{
	archiveVersion = 1;
	classes = {
	};
	objectVersion = 50;
	objects = {

/* Begin PBXBuildFile section */
		782311FA259C0D9200D9E723 /* AppDelegate.swift in Sources */ = {isa = PBXBuildFile; fileRef = 782311F9259C0D9200D9E723 /* AppDelegate.swift */; };
		782311FE259C0D9200D9E723 /* SignupViewController.swift in Sources */ = {isa = PBXBuildFile; fileRef = 782311FD259C0D9200D9E723 /* SignupViewController.swift */; };
		78231201259C0D9200D9E723 /* SignupViewController.storyboard in Resources */ = {isa = PBXBuildFile; fileRef = 782311FF259C0D9200D9E723 /* SignupViewController.storyboard */; };
		78231203259C0D9300D9E723 /* Assets.xcassets in Resources */ = {isa = PBXBuildFile; fileRef = 78231202259C0D9300D9E723 /* Assets.xcassets */; };
		78231206259C0D9300D9E723 /* LaunchScreen.storyboard in Resources */ = {isa = PBXBuildFile; fileRef = 78231204259C0D9300D9E723 /* LaunchScreen.storyboard */; };
		78231211259C0D9300D9E723 /* CollectionsTests.swift in Sources */ = {isa = PBXBuildFile; fileRef = 78231210259C0D9300D9E723 /* CollectionsTests.swift */; };
		7823121C259C0D9300D9E723 /* CollectionsUITests.swift in Sources */ = {isa = PBXBuildFile; fileRef = 7823121B259C0D9300D9E723 /* CollectionsUITests.swift */; };
		78231234259C147900D9E723 /* Rswift.framework in Frameworks */ = {isa = PBXBuildFile; fileRef = 78231233259C147900D9E723 /* Rswift.framework */; };
		78231235259C147900D9E723 /* Rswift.framework in Embed Frameworks */ = {isa = PBXBuildFile; fileRef = 78231233259C147900D9E723 /* Rswift.framework */; settings = {ATTRIBUTES = (CodeSignOnCopy, RemoveHeadersOnCopy, ); }; };
		785A1AB725A9A369005E8A4B /* SignupViewModel.swift in Sources */ = {isa = PBXBuildFile; fileRef = 785A1AB625A9A369005E8A4B /* SignupViewModel.swift */; };
		785A1ABD25A9A407005E8A4B /* SignupRequest.swift in Sources */ = {isa = PBXBuildFile; fileRef = 785A1ABC25A9A407005E8A4B /* SignupRequest.swift */; };
		785A1AC125A9A416005E8A4B /* SignupResponse.swift in Sources */ = {isa = PBXBuildFile; fileRef = 785A1AC025A9A416005E8A4B /* SignupResponse.swift */; };
		785A1AC925A9A989005E8A4B /* RxCocoa.framework in Frameworks */ = {isa = PBXBuildFile; fileRef = 785A1AC425A9A989005E8A4B /* RxCocoa.framework */; };
		785A1ACA25A9A989005E8A4B /* RxCocoa.framework in Embed Frameworks */ = {isa = PBXBuildFile; fileRef = 785A1AC425A9A989005E8A4B /* RxCocoa.framework */; settings = {ATTRIBUTES = (CodeSignOnCopy, RemoveHeadersOnCopy, ); }; };
		785A1ACB25A9A989005E8A4B /* RxRelay.framework in Frameworks */ = {isa = PBXBuildFile; fileRef = 785A1AC525A9A989005E8A4B /* RxRelay.framework */; };
		785A1ACC25A9A989005E8A4B /* RxRelay.framework in Embed Frameworks */ = {isa = PBXBuildFile; fileRef = 785A1AC525A9A989005E8A4B /* RxRelay.framework */; settings = {ATTRIBUTES = (CodeSignOnCopy, RemoveHeadersOnCopy, ); }; };
		785A1ACF25A9A98A005E8A4B /* RxSwift.framework in Frameworks */ = {isa = PBXBuildFile; fileRef = 785A1AC725A9A989005E8A4B /* RxSwift.framework */; };
		785A1AD025A9A98A005E8A4B /* RxSwift.framework in Embed Frameworks */ = {isa = PBXBuildFile; fileRef = 785A1AC725A9A989005E8A4B /* RxSwift.framework */; settings = {ATTRIBUTES = (CodeSignOnCopy, RemoveHeadersOnCopy, ); }; };
		785A1ADE25A9CC1A005E8A4B /* SignupUsecase.swift in Sources */ = {isa = PBXBuildFile; fileRef = 785A1ADD25A9CC1A005E8A4B /* SignupUsecase.swift */; };
		785D2798259C183300F7C9A6 /* R.generated.swift in Sources */ = {isa = PBXBuildFile; fileRef = 785D2797259C183300F7C9A6 /* R.generated.swift */; };
		7892EF52259C58C0006F7315 /* IBDesignableButton.swift in Sources */ = {isa = PBXBuildFile; fileRef = 7892EF51259C58C0006F7315 /* IBDesignableButton.swift */; };
		7892EF5C259C5DF0006F7315 /* IBDesignableTextField.swift in Sources */ = {isa = PBXBuildFile; fileRef = 7892EF5B259C5DF0006F7315 /* IBDesignableTextField.swift */; };
		7892EF62259C642C006F7315 /* IBDesignableView.swift in Sources */ = {isa = PBXBuildFile; fileRef = 7892EF61259C642C006F7315 /* IBDesignableView.swift */; };
		7892EF68259C720A006F7315 /* Strings.swift in Sources */ = {isa = PBXBuildFile; fileRef = 7892EF67259C720A006F7315 /* Strings.swift */; };
		7892EF6C259C7212006F7315 /* Images.swift in Sources */ = {isa = PBXBuildFile; fileRef = 7892EF6B259C7212006F7315 /* Images.swift */; };
		7892EF70259C721F006F7315 /* Resources.swift in Sources */ = {isa = PBXBuildFile; fileRef = 7892EF6F259C721F006F7315 /* Resources.swift */; };
		7892EF79259C73C9006F7315 /* KeyboardNotifier.swift in Sources */ = {isa = PBXBuildFile; fileRef = 7892EF78259C73C9006F7315 /* KeyboardNotifier.swift */; };
		78987B38259C8802008311DC /* LoginViewController.storyboard in Resources */ = {isa = PBXBuildFile; fileRef = 78987B37259C8802008311DC /* LoginViewController.storyboard */; };
		78987B3C259C8813008311DC /* LoginViewController.swift in Sources */ = {isa = PBXBuildFile; fileRef = 78987B3B259C8813008311DC /* LoginViewController.swift */; };
		78997E69259C28970076FF97 /* GoogleService-Info.plist in Resources */ = {isa = PBXBuildFile; fileRef = 78997E68259C28970076FF97 /* GoogleService-Info.plist */; };
		78997E83259C29D80076FF97 /* nanopb.framework in Frameworks */ = {isa = PBXBuildFile; fileRef = 78997E6E259C29D70076FF97 /* nanopb.framework */; };
		78997E85259C29D80076FF97 /* GoogleDataTransport.framework in Frameworks */ = {isa = PBXBuildFile; fileRef = 78997E6F259C29D70076FF97 /* GoogleDataTransport.framework */; };
		78997E87259C29D80076FF97 /* FIRAnalyticsConnector.framework in Frameworks */ = {isa = PBXBuildFile; fileRef = 78997E70259C29D70076FF97 /* FIRAnalyticsConnector.framework */; };
		78997E89259C29D80076FF97 /* FirebaseStorage.framework in Frameworks */ = {isa = PBXBuildFile; fileRef = 78997E71259C29D70076FF97 /* FirebaseStorage.framework */; };
		78997E8B259C29D80076FF97 /* GoogleUtilities.framework in Frameworks */ = {isa = PBXBuildFile; fileRef = 78997E72259C29D70076FF97 /* GoogleUtilities.framework */; };
		78997E8D259C29D80076FF97 /* abseil.framework in Frameworks */ = {isa = PBXBuildFile; fileRef = 78997E73259C29D70076FF97 /* abseil.framework */; };
		78997E8F259C29D80076FF97 /* PromisesObjC.framework in Frameworks */ = {isa = PBXBuildFile; fileRef = 78997E74259C29D70076FF97 /* PromisesObjC.framework */; };
		78997E91259C29D80076FF97 /* GTMSessionFetcher.framework in Frameworks */ = {isa = PBXBuildFile; fileRef = 78997E75259C29D70076FF97 /* GTMSessionFetcher.framework */; };
		78997E93259C29D80076FF97 /* gRPC-Core.framework in Frameworks */ = {isa = PBXBuildFile; fileRef = 78997E76259C29D70076FF97 /* gRPC-Core.framework */; };
		78997E95259C29D80076FF97 /* FirebaseCore.framework in Frameworks */ = {isa = PBXBuildFile; fileRef = 78997E77259C29D70076FF97 /* FirebaseCore.framework */; };
		78997E97259C29D80076FF97 /* FirebaseCoreDiagnostics.framework in Frameworks */ = {isa = PBXBuildFile; fileRef = 78997E78259C29D70076FF97 /* FirebaseCoreDiagnostics.framework */; };
		78997E99259C29D80076FF97 /* FirebaseInstallations.framework in Frameworks */ = {isa = PBXBuildFile; fileRef = 78997E79259C29D70076FF97 /* FirebaseInstallations.framework */; };
		78997E9D259C29D80076FF97 /* FirebaseAuth.framework in Frameworks */ = {isa = PBXBuildFile; fileRef = 78997E7B259C29D80076FF97 /* FirebaseAuth.framework */; };
		78997E9F259C29D80076FF97 /* CodableFirebase.framework in Frameworks */ = {isa = PBXBuildFile; fileRef = 78997E7C259C29D80076FF97 /* CodableFirebase.framework */; };
		78997EA0259C29D80076FF97 /* CodableFirebase.framework in Embed Frameworks */ = {isa = PBXBuildFile; fileRef = 78997E7C259C29D80076FF97 /* CodableFirebase.framework */; settings = {ATTRIBUTES = (CodeSignOnCopy, RemoveHeadersOnCopy, ); }; };
		78997EA1259C29D80076FF97 /* gRPC-C++.framework in Frameworks */ = {isa = PBXBuildFile; fileRef = 78997E7D259C29D80076FF97 /* gRPC-C++.framework */; };
		78997EA3259C29D80076FF97 /* BoringSSL-GRPC.framework in Frameworks */ = {isa = PBXBuildFile; fileRef = 78997E7E259C29D80076FF97 /* BoringSSL-GRPC.framework */; };
		78997EA5259C29D80076FF97 /* GoogleAppMeasurement.framework in Frameworks */ = {isa = PBXBuildFile; fileRef = 78997E7F259C29D80076FF97 /* GoogleAppMeasurement.framework */; };
		78997EA7259C29D80076FF97 /* FirebaseFirestore.framework in Frameworks */ = {isa = PBXBuildFile; fileRef = 78997E80259C29D80076FF97 /* FirebaseFirestore.framework */; };
		78997EA9259C29D80076FF97 /* FirebaseAnalytics.framework in Frameworks */ = {isa = PBXBuildFile; fileRef = 78997E81259C29D80076FF97 /* FirebaseAnalytics.framework */; };
		78997EAB259C29D80076FF97 /* leveldb-library.framework in Frameworks */ = {isa = PBXBuildFile; fileRef = 78997E82259C29D80076FF97 /* leveldb-library.framework */; };
		78997EE5259C4C5E0076FF97 /* UIView-IBInspectable-Extensions.swift in Sources */ = {isa = PBXBuildFile; fileRef = 78997EE4259C4C5E0076FF97 /* UIView-IBInspectable-Extensions.swift */; };
		78C61C0E25A1655600DC78A6 /* HttpMethod.swift in Sources */ = {isa = PBXBuildFile; fileRef = 78C61C0D25A1655600DC78A6 /* HttpMethod.swift */; };
		78C61C1425A1692900DC78A6 /* APIError.swift in Sources */ = {isa = PBXBuildFile; fileRef = 78C61C1325A1692900DC78A6 /* APIError.swift */; };
		78C61C2125A16DCE00DC78A6 /* BaseRequest.swift in Sources */ = {isa = PBXBuildFile; fileRef = 78C61C2025A16DCE00DC78A6 /* BaseRequest.swift */; };
		78C61C2725A170E000DC78A6 /* AppConfigurator.swift in Sources */ = {isa = PBXBuildFile; fileRef = 78C61C2625A170E000DC78A6 /* AppConfigurator.swift */; };
		78C61C2C25A1716800DC78A6 /* StringsUtil.swift in Sources */ = {isa = PBXBuildFile; fileRef = 78C61C2B25A1716800DC78A6 /* StringsUtil.swift */; };
		78DEE7B525AAD4D500219963 /* Localizable.strings in Resources */ = {isa = PBXBuildFile; fileRef = 78DEE7B425AAD4D500219963 /* Localizable.strings */; };
		78DEE7B925AADFC600219963 /* UIAlertController+Extension.swift in Sources */ = {isa = PBXBuildFile; fileRef = 78DEE7B825AADFC600219963 /* UIAlertController+Extension.swift */; };
		78DEE7BD25AAE3AD00219963 /* UIViewController+Extension.swift in Sources */ = {isa = PBXBuildFile; fileRef = 78DEE7BC25AAE3AD00219963 /* UIViewController+Extension.swift */; };
		78DEE7CC25AB006000219963 /* HomeViewController.storyboard in Resources */ = {isa = PBXBuildFile; fileRef = 78DEE7CB25AB006000219963 /* HomeViewController.storyboard */; };
		78DEE7D025AB006F00219963 /* HomeViewController.swift in Sources */ = {isa = PBXBuildFile; fileRef = 78DEE7CF25AB006F00219963 /* HomeViewController.swift */; };
		78DEE7DE25AB02A200219963 /* HomeTableViewCell.swift in Sources */ = {isa = PBXBuildFile; fileRef = 78DEE7DC25AB02A200219963 /* HomeTableViewCell.swift */; };
		78DEE7DF25AB02A200219963 /* HomeTableViewCell.xib in Resources */ = {isa = PBXBuildFile; fileRef = 78DEE7DD25AB02A200219963 /* HomeTableViewCell.xib */; };
		78DEE7E625AB0BD800219963 /* HomeItem.swift in Sources */ = {isa = PBXBuildFile; fileRef = 78DEE7E525AB0BD800219963 /* HomeItem.swift */; };
		78E609CB25AA015F0041B3D0 /* LoginRequest.swift in Sources */ = {isa = PBXBuildFile; fileRef = 78E609CA25AA015F0041B3D0 /* LoginRequest.swift */; };
		78E609CF25AA018D0041B3D0 /* LoginResponse.swift in Sources */ = {isa = PBXBuildFile; fileRef = 78E609CE25AA018D0041B3D0 /* LoginResponse.swift */; };
		78E609D325AA04300041B3D0 /* LoginViewModel.swift in Sources */ = {isa = PBXBuildFile; fileRef = 78E609D225AA04300041B3D0 /* LoginViewModel.swift */; };
		78E609D925AA0EE60041B3D0 /* LoginUsecase.swift in Sources */ = {isa = PBXBuildFile; fileRef = 78E609D825AA0EE60041B3D0 /* LoginUsecase.swift */; };
		78E609F125AAAA530041B3D0 /* Validator+Protocol.swift in Sources */ = {isa = PBXBuildFile; fileRef = 78E609F025AAAA530041B3D0 /* Validator+Protocol.swift */; };
		78E609F725AAABEA0041B3D0 /* EmailValidator.swift in Sources */ = {isa = PBXBuildFile; fileRef = 78E609F625AAABEA0041B3D0 /* EmailValidator.swift */; };
		78E609FB25AAABF80041B3D0 /* PasswordValidator.swift in Sources */ = {isa = PBXBuildFile; fileRef = 78E609FA25AAABF80041B3D0 /* PasswordValidator.swift */; };
		78E60A0025AAAEAC0041B3D0 /* ObservableType+Extension.swift in Sources */ = {isa = PBXBuildFile; fileRef = 78E609FF25AAAEAC0041B3D0 /* ObservableType+Extension.swift */; };
		78F940E6259D7E42007C972A /* Router.swift in Sources */ = {isa = PBXBuildFile; fileRef = 78F940E5259D7E42007C972A /* Router.swift */; };
		78F940EA259D7EEF007C972A /* ViewController.swift in Sources */ = {isa = PBXBuildFile; fileRef = 78F940E9259D7EEF007C972A /* ViewController.swift */; };
		78F940EE259D995F007C972A /* ResourcesSupport.swift in Sources */ = {isa = PBXBuildFile; fileRef = 78F940ED259D995F007C972A /* ResourcesSupport.swift */; };
/* End PBXBuildFile section */

/* Begin PBXContainerItemProxy section */
		7823120D259C0D9300D9E723 /* PBXContainerItemProxy */ = {
			isa = PBXContainerItemProxy;
			containerPortal = 782311EE259C0D9200D9E723 /* Project object */;
			proxyType = 1;
			remoteGlobalIDString = 782311F5259C0D9200D9E723;
			remoteInfo = Collections;
		};
		78231218259C0D9300D9E723 /* PBXContainerItemProxy */ = {
			isa = PBXContainerItemProxy;
			containerPortal = 782311EE259C0D9200D9E723 /* Project object */;
			proxyType = 1;
			remoteGlobalIDString = 782311F5259C0D9200D9E723;
			remoteInfo = Collections;
		};
/* End PBXContainerItemProxy section */

/* Begin PBXCopyFilesBuildPhase section */
		78231236259C147900D9E723 /* Embed Frameworks */ = {
			isa = PBXCopyFilesBuildPhase;
			buildActionMask = 2147483647;
			dstPath = "";
			dstSubfolderSpec = 10;
			files = (
				78997EA0259C29D80076FF97 /* CodableFirebase.framework in Embed Frameworks */,
				785A1ACC25A9A989005E8A4B /* RxRelay.framework in Embed Frameworks */,
				785A1AD025A9A98A005E8A4B /* RxSwift.framework in Embed Frameworks */,
				785A1ACA25A9A989005E8A4B /* RxCocoa.framework in Embed Frameworks */,
				78231235259C147900D9E723 /* Rswift.framework in Embed Frameworks */,
			);
			name = "Embed Frameworks";
			runOnlyForDeploymentPostprocessing = 0;
		};
/* End PBXCopyFilesBuildPhase section */

/* Begin PBXFileReference section */
		782311F6259C0D9200D9E723 /* Collections.app */ = {isa = PBXFileReference; explicitFileType = wrapper.application; includeInIndex = 0; path = Collections.app; sourceTree = BUILT_PRODUCTS_DIR; };
		782311F9259C0D9200D9E723 /* AppDelegate.swift */ = {isa = PBXFileReference; lastKnownFileType = sourcecode.swift; path = AppDelegate.swift; sourceTree = "<group>"; };
		782311FD259C0D9200D9E723 /* SignupViewController.swift */ = {isa = PBXFileReference; lastKnownFileType = sourcecode.swift; path = SignupViewController.swift; sourceTree = "<group>"; };
		78231200259C0D9200D9E723 /* Base */ = {isa = PBXFileReference; lastKnownFileType = file.storyboard; name = Base; path = Base.lproj/SignupViewController.storyboard; sourceTree = "<group>"; };
		78231202259C0D9300D9E723 /* Assets.xcassets */ = {isa = PBXFileReference; lastKnownFileType = folder.assetcatalog; path = Assets.xcassets; sourceTree = "<group>"; };
		78231205259C0D9300D9E723 /* Base */ = {isa = PBXFileReference; lastKnownFileType = file.storyboard; name = Base; path = Base.lproj/LaunchScreen.storyboard; sourceTree = "<group>"; };
		78231207259C0D9300D9E723 /* Info.plist */ = {isa = PBXFileReference; lastKnownFileType = text.plist.xml; path = Info.plist; sourceTree = "<group>"; };
		7823120C259C0D9300D9E723 /* CollectionsTests.xctest */ = {isa = PBXFileReference; explicitFileType = wrapper.cfbundle; includeInIndex = 0; path = CollectionsTests.xctest; sourceTree = BUILT_PRODUCTS_DIR; };
		78231210259C0D9300D9E723 /* CollectionsTests.swift */ = {isa = PBXFileReference; lastKnownFileType = sourcecode.swift; path = CollectionsTests.swift; sourceTree = "<group>"; };
		78231212259C0D9300D9E723 /* Info.plist */ = {isa = PBXFileReference; lastKnownFileType = text.plist.xml; path = Info.plist; sourceTree = "<group>"; };
		78231217259C0D9300D9E723 /* CollectionsUITests.xctest */ = {isa = PBXFileReference; explicitFileType = wrapper.cfbundle; includeInIndex = 0; path = CollectionsUITests.xctest; sourceTree = BUILT_PRODUCTS_DIR; };
		7823121B259C0D9300D9E723 /* CollectionsUITests.swift */ = {isa = PBXFileReference; lastKnownFileType = sourcecode.swift; path = CollectionsUITests.swift; sourceTree = "<group>"; };
		7823121D259C0D9300D9E723 /* Info.plist */ = {isa = PBXFileReference; lastKnownFileType = text.plist.xml; path = Info.plist; sourceTree = "<group>"; };
		78231233259C147900D9E723 /* Rswift.framework */ = {isa = PBXFileReference; lastKnownFileType = wrapper.framework; name = Rswift.framework; path = Carthage/Build/iOS/Rswift.framework; sourceTree = "<group>"; };
		785A1AB625A9A369005E8A4B /* SignupViewModel.swift */ = {isa = PBXFileReference; lastKnownFileType = sourcecode.swift; path = SignupViewModel.swift; sourceTree = "<group>"; };
		785A1ABC25A9A407005E8A4B /* SignupRequest.swift */ = {isa = PBXFileReference; lastKnownFileType = sourcecode.swift; path = SignupRequest.swift; sourceTree = "<group>"; };
		785A1AC025A9A416005E8A4B /* SignupResponse.swift */ = {isa = PBXFileReference; lastKnownFileType = sourcecode.swift; path = SignupResponse.swift; sourceTree = "<group>"; };
		785A1AC425A9A989005E8A4B /* RxCocoa.framework */ = {isa = PBXFileReference; lastKnownFileType = wrapper.framework; name = RxCocoa.framework; path = Carthage/Build/iOS/RxCocoa.framework; sourceTree = "<group>"; };
		785A1AC525A9A989005E8A4B /* RxRelay.framework */ = {isa = PBXFileReference; lastKnownFileType = wrapper.framework; name = RxRelay.framework; path = Carthage/Build/iOS/RxRelay.framework; sourceTree = "<group>"; };
		785A1AC625A9A989005E8A4B /* RxBlocking.framework */ = {isa = PBXFileReference; lastKnownFileType = wrapper.framework; name = RxBlocking.framework; path = Carthage/Build/iOS/RxBlocking.framework; sourceTree = "<group>"; };
		785A1AC725A9A989005E8A4B /* RxSwift.framework */ = {isa = PBXFileReference; lastKnownFileType = wrapper.framework; name = RxSwift.framework; path = Carthage/Build/iOS/RxSwift.framework; sourceTree = "<group>"; };
		785A1AC825A9A989005E8A4B /* RxTest.framework */ = {isa = PBXFileReference; lastKnownFileType = wrapper.framework; name = RxTest.framework; path = Carthage/Build/iOS/RxTest.framework; sourceTree = "<group>"; };
		785A1ADD25A9CC1A005E8A4B /* SignupUsecase.swift */ = {isa = PBXFileReference; lastKnownFileType = sourcecode.swift; path = SignupUsecase.swift; sourceTree = "<group>"; };
		785D2797259C183300F7C9A6 /* R.generated.swift */ = {isa = PBXFileReference; fileEncoding = 4; lastKnownFileType = sourcecode.swift; name = R.generated.swift; path = Collections/AppResources/R/R.generated.swift; sourceTree = SOURCE_ROOT; };
		7892EF51259C58C0006F7315 /* IBDesignableButton.swift */ = {isa = PBXFileReference; lastKnownFileType = sourcecode.swift; path = IBDesignableButton.swift; sourceTree = "<group>"; };
		7892EF5B259C5DF0006F7315 /* IBDesignableTextField.swift */ = {isa = PBXFileReference; lastKnownFileType = sourcecode.swift; path = IBDesignableTextField.swift; sourceTree = "<group>"; };
		7892EF61259C642C006F7315 /* IBDesignableView.swift */ = {isa = PBXFileReference; lastKnownFileType = sourcecode.swift; path = IBDesignableView.swift; sourceTree = "<group>"; };
		7892EF67259C720A006F7315 /* Strings.swift */ = {isa = PBXFileReference; lastKnownFileType = sourcecode.swift; path = Strings.swift; sourceTree = "<group>"; };
		7892EF6B259C7212006F7315 /* Images.swift */ = {isa = PBXFileReference; lastKnownFileType = sourcecode.swift; path = Images.swift; sourceTree = "<group>"; };
		7892EF6F259C721F006F7315 /* Resources.swift */ = {isa = PBXFileReference; lastKnownFileType = sourcecode.swift; path = Resources.swift; sourceTree = "<group>"; };
		7892EF78259C73C9006F7315 /* KeyboardNotifier.swift */ = {isa = PBXFileReference; lastKnownFileType = sourcecode.swift; path = KeyboardNotifier.swift; sourceTree = "<group>"; };
		78987B37259C8802008311DC /* LoginViewController.storyboard */ = {isa = PBXFileReference; lastKnownFileType = file.storyboard; path = LoginViewController.storyboard; sourceTree = "<group>"; };
		78987B3B259C8813008311DC /* LoginViewController.swift */ = {isa = PBXFileReference; lastKnownFileType = sourcecode.swift; path = LoginViewController.swift; sourceTree = "<group>"; };
		78997E68259C28970076FF97 /* GoogleService-Info.plist */ = {isa = PBXFileReference; fileEncoding = 4; lastKnownFileType = text.plist.xml; path = "GoogleService-Info.plist"; sourceTree = "<group>"; };
		78997E6E259C29D70076FF97 /* nanopb.framework */ = {isa = PBXFileReference; lastKnownFileType = wrapper.framework; name = nanopb.framework; path = Carthage/Build/iOS/nanopb.framework; sourceTree = "<group>"; };
		78997E6F259C29D70076FF97 /* GoogleDataTransport.framework */ = {isa = PBXFileReference; lastKnownFileType = wrapper.framework; name = GoogleDataTransport.framework; path = Carthage/Build/iOS/GoogleDataTransport.framework; sourceTree = "<group>"; };
		78997E70259C29D70076FF97 /* FIRAnalyticsConnector.framework */ = {isa = PBXFileReference; lastKnownFileType = wrapper.framework; name = FIRAnalyticsConnector.framework; path = Carthage/Build/iOS/FIRAnalyticsConnector.framework; sourceTree = "<group>"; };
		78997E71259C29D70076FF97 /* FirebaseStorage.framework */ = {isa = PBXFileReference; lastKnownFileType = wrapper.framework; name = FirebaseStorage.framework; path = Carthage/Build/iOS/FirebaseStorage.framework; sourceTree = "<group>"; };
		78997E72259C29D70076FF97 /* GoogleUtilities.framework */ = {isa = PBXFileReference; lastKnownFileType = wrapper.framework; name = GoogleUtilities.framework; path = Carthage/Build/iOS/GoogleUtilities.framework; sourceTree = "<group>"; };
		78997E73259C29D70076FF97 /* abseil.framework */ = {isa = PBXFileReference; lastKnownFileType = wrapper.framework; name = abseil.framework; path = Carthage/Build/iOS/abseil.framework; sourceTree = "<group>"; };
		78997E74259C29D70076FF97 /* PromisesObjC.framework */ = {isa = PBXFileReference; lastKnownFileType = wrapper.framework; name = PromisesObjC.framework; path = Carthage/Build/iOS/PromisesObjC.framework; sourceTree = "<group>"; };
		78997E75259C29D70076FF97 /* GTMSessionFetcher.framework */ = {isa = PBXFileReference; lastKnownFileType = wrapper.framework; name = GTMSessionFetcher.framework; path = Carthage/Build/iOS/GTMSessionFetcher.framework; sourceTree = "<group>"; };
		78997E76259C29D70076FF97 /* gRPC-Core.framework */ = {isa = PBXFileReference; lastKnownFileType = wrapper.framework; name = "gRPC-Core.framework"; path = "Carthage/Build/iOS/gRPC-Core.framework"; sourceTree = "<group>"; };
		78997E77259C29D70076FF97 /* FirebaseCore.framework */ = {isa = PBXFileReference; lastKnownFileType = wrapper.framework; name = FirebaseCore.framework; path = Carthage/Build/iOS/FirebaseCore.framework; sourceTree = "<group>"; };
		78997E78259C29D70076FF97 /* FirebaseCoreDiagnostics.framework */ = {isa = PBXFileReference; lastKnownFileType = wrapper.framework; name = FirebaseCoreDiagnostics.framework; path = Carthage/Build/iOS/FirebaseCoreDiagnostics.framework; sourceTree = "<group>"; };
		78997E79259C29D70076FF97 /* FirebaseInstallations.framework */ = {isa = PBXFileReference; lastKnownFileType = wrapper.framework; name = FirebaseInstallations.framework; path = Carthage/Build/iOS/FirebaseInstallations.framework; sourceTree = "<group>"; };
		78997E7A259C29D80076FF97 /* Firebase.framework */ = {isa = PBXFileReference; lastKnownFileType = wrapper.framework; name = Firebase.framework; path = Carthage/Build/iOS/Firebase.framework; sourceTree = "<group>"; };
		78997E7B259C29D80076FF97 /* FirebaseAuth.framework */ = {isa = PBXFileReference; lastKnownFileType = wrapper.framework; name = FirebaseAuth.framework; path = Carthage/Build/iOS/FirebaseAuth.framework; sourceTree = "<group>"; };
		78997E7C259C29D80076FF97 /* CodableFirebase.framework */ = {isa = PBXFileReference; lastKnownFileType = wrapper.framework; name = CodableFirebase.framework; path = Carthage/Build/iOS/CodableFirebase.framework; sourceTree = "<group>"; };
		78997E7D259C29D80076FF97 /* gRPC-C++.framework */ = {isa = PBXFileReference; lastKnownFileType = wrapper.framework; name = "gRPC-C++.framework"; path = "Carthage/Build/iOS/gRPC-C++.framework"; sourceTree = "<group>"; };
		78997E7E259C29D80076FF97 /* BoringSSL-GRPC.framework */ = {isa = PBXFileReference; lastKnownFileType = wrapper.framework; name = "BoringSSL-GRPC.framework"; path = "Carthage/Build/iOS/BoringSSL-GRPC.framework"; sourceTree = "<group>"; };
		78997E7F259C29D80076FF97 /* GoogleAppMeasurement.framework */ = {isa = PBXFileReference; lastKnownFileType = wrapper.framework; name = GoogleAppMeasurement.framework; path = Carthage/Build/iOS/GoogleAppMeasurement.framework; sourceTree = "<group>"; };
		78997E80259C29D80076FF97 /* FirebaseFirestore.framework */ = {isa = PBXFileReference; lastKnownFileType = wrapper.framework; name = FirebaseFirestore.framework; path = Carthage/Build/iOS/FirebaseFirestore.framework; sourceTree = "<group>"; };
		78997E81259C29D80076FF97 /* FirebaseAnalytics.framework */ = {isa = PBXFileReference; lastKnownFileType = wrapper.framework; name = FirebaseAnalytics.framework; path = Carthage/Build/iOS/FirebaseAnalytics.framework; sourceTree = "<group>"; };
		78997E82259C29D80076FF97 /* leveldb-library.framework */ = {isa = PBXFileReference; lastKnownFileType = wrapper.framework; name = "leveldb-library.framework"; path = "Carthage/Build/iOS/leveldb-library.framework"; sourceTree = "<group>"; };
		78997EE4259C4C5E0076FF97 /* UIView-IBInspectable-Extensions.swift */ = {isa = PBXFileReference; lastKnownFileType = sourcecode.swift; path = "UIView-IBInspectable-Extensions.swift"; sourceTree = "<group>"; };
		78C61C0D25A1655600DC78A6 /* HttpMethod.swift */ = {isa = PBXFileReference; lastKnownFileType = sourcecode.swift; path = HttpMethod.swift; sourceTree = "<group>"; };
		78C61C1325A1692900DC78A6 /* APIError.swift */ = {isa = PBXFileReference; lastKnownFileType = sourcecode.swift; path = APIError.swift; sourceTree = "<group>"; };
		78C61C2025A16DCE00DC78A6 /* BaseRequest.swift */ = {isa = PBXFileReference; lastKnownFileType = sourcecode.swift; path = BaseRequest.swift; sourceTree = "<group>"; };
		78C61C2625A170E000DC78A6 /* AppConfigurator.swift */ = {isa = PBXFileReference; lastKnownFileType = sourcecode.swift; path = AppConfigurator.swift; sourceTree = "<group>"; };
		78C61C2B25A1716800DC78A6 /* StringsUtil.swift */ = {isa = PBXFileReference; lastKnownFileType = sourcecode.swift; path = StringsUtil.swift; sourceTree = "<group>"; };
		78DEE7B425AAD4D500219963 /* Localizable.strings */ = {isa = PBXFileReference; lastKnownFileType = text.plist.strings; path = Localizable.strings; sourceTree = "<group>"; };
		78DEE7B825AADFC600219963 /* UIAlertController+Extension.swift */ = {isa = PBXFileReference; lastKnownFileType = sourcecode.swift; path = "UIAlertController+Extension.swift"; sourceTree = "<group>"; };
		78DEE7BC25AAE3AD00219963 /* UIViewController+Extension.swift */ = {isa = PBXFileReference; lastKnownFileType = sourcecode.swift; path = "UIViewController+Extension.swift"; sourceTree = "<group>"; };
		78DEE7CB25AB006000219963 /* HomeViewController.storyboard */ = {isa = PBXFileReference; lastKnownFileType = file.storyboard; path = HomeViewController.storyboard; sourceTree = "<group>"; };
		78DEE7CF25AB006F00219963 /* HomeViewController.swift */ = {isa = PBXFileReference; lastKnownFileType = sourcecode.swift; path = HomeViewController.swift; sourceTree = "<group>"; };
		78DEE7DC25AB02A200219963 /* HomeTableViewCell.swift */ = {isa = PBXFileReference; lastKnownFileType = sourcecode.swift; path = HomeTableViewCell.swift; sourceTree = "<group>"; };
		78DEE7DD25AB02A200219963 /* HomeTableViewCell.xib */ = {isa = PBXFileReference; lastKnownFileType = file.xib; path = HomeTableViewCell.xib; sourceTree = "<group>"; };
		78DEE7E525AB0BD800219963 /* HomeItem.swift */ = {isa = PBXFileReference; lastKnownFileType = sourcecode.swift; path = HomeItem.swift; sourceTree = "<group>"; };
		78E609CA25AA015F0041B3D0 /* LoginRequest.swift */ = {isa = PBXFileReference; lastKnownFileType = sourcecode.swift; path = LoginRequest.swift; sourceTree = "<group>"; };
		78E609CE25AA018D0041B3D0 /* LoginResponse.swift */ = {isa = PBXFileReference; lastKnownFileType = sourcecode.swift; path = LoginResponse.swift; sourceTree = "<group>"; };
		78E609D225AA04300041B3D0 /* LoginViewModel.swift */ = {isa = PBXFileReference; lastKnownFileType = sourcecode.swift; path = LoginViewModel.swift; sourceTree = "<group>"; };
		78E609D825AA0EE60041B3D0 /* LoginUsecase.swift */ = {isa = PBXFileReference; lastKnownFileType = sourcecode.swift; path = LoginUsecase.swift; sourceTree = "<group>"; };
		78E609F025AAAA530041B3D0 /* Validator+Protocol.swift */ = {isa = PBXFileReference; lastKnownFileType = sourcecode.swift; path = "Validator+Protocol.swift"; sourceTree = "<group>"; };
		78E609F625AAABEA0041B3D0 /* EmailValidator.swift */ = {isa = PBXFileReference; lastKnownFileType = sourcecode.swift; path = EmailValidator.swift; sourceTree = "<group>"; };
		78E609FA25AAABF80041B3D0 /* PasswordValidator.swift */ = {isa = PBXFileReference; lastKnownFileType = sourcecode.swift; path = PasswordValidator.swift; sourceTree = "<group>"; };
		78E609FF25AAAEAC0041B3D0 /* ObservableType+Extension.swift */ = {isa = PBXFileReference; lastKnownFileType = sourcecode.swift; path = "ObservableType+Extension.swift"; sourceTree = "<group>"; };
		78F940E5259D7E42007C972A /* Router.swift */ = {isa = PBXFileReference; lastKnownFileType = sourcecode.swift; path = Router.swift; sourceTree = "<group>"; };
		78F940E9259D7EEF007C972A /* ViewController.swift */ = {isa = PBXFileReference; lastKnownFileType = sourcecode.swift; path = ViewController.swift; sourceTree = "<group>"; };
		78F940ED259D995F007C972A /* ResourcesSupport.swift */ = {isa = PBXFileReference; lastKnownFileType = sourcecode.swift; path = ResourcesSupport.swift; sourceTree = "<group>"; };
/* End PBXFileReference section */

/* Begin PBXFrameworksBuildPhase section */
		782311F3259C0D9200D9E723 /* Frameworks */ = {
			isa = PBXFrameworksBuildPhase;
			buildActionMask = 2147483647;
			files = (
				785A1ACF25A9A98A005E8A4B /* RxSwift.framework in Frameworks */,
				78997E8D259C29D80076FF97 /* abseil.framework in Frameworks */,
				78997EA3259C29D80076FF97 /* BoringSSL-GRPC.framework in Frameworks */,
				78997E9F259C29D80076FF97 /* CodableFirebase.framework in Frameworks */,
				78997E87259C29D80076FF97 /* FIRAnalyticsConnector.framework in Frameworks */,
				78997EA9259C29D80076FF97 /* FirebaseAnalytics.framework in Frameworks */,
				78997E9D259C29D80076FF97 /* FirebaseAuth.framework in Frameworks */,
				78997E95259C29D80076FF97 /* FirebaseCore.framework in Frameworks */,
				78997E97259C29D80076FF97 /* FirebaseCoreDiagnostics.framework in Frameworks */,
				78997EA7259C29D80076FF97 /* FirebaseFirestore.framework in Frameworks */,
				78997E99259C29D80076FF97 /* FirebaseInstallations.framework in Frameworks */,
				78997E89259C29D80076FF97 /* FirebaseStorage.framework in Frameworks */,
				78997EA5259C29D80076FF97 /* GoogleAppMeasurement.framework in Frameworks */,
				78997E85259C29D80076FF97 /* GoogleDataTransport.framework in Frameworks */,
				78997E8B259C29D80076FF97 /* GoogleUtilities.framework in Frameworks */,
				78997E93259C29D80076FF97 /* gRPC-Core.framework in Frameworks */,
				78997EA1259C29D80076FF97 /* gRPC-C++.framework in Frameworks */,
				78997E91259C29D80076FF97 /* GTMSessionFetcher.framework in Frameworks */,
				78997EAB259C29D80076FF97 /* leveldb-library.framework in Frameworks */,
				785A1ACB25A9A989005E8A4B /* RxRelay.framework in Frameworks */,
				78997E83259C29D80076FF97 /* nanopb.framework in Frameworks */,
				78997E8F259C29D80076FF97 /* PromisesObjC.framework in Frameworks */,
				785A1AC925A9A989005E8A4B /* RxCocoa.framework in Frameworks */,
				78231234259C147900D9E723 /* Rswift.framework in Frameworks */,
			);
			runOnlyForDeploymentPostprocessing = 0;
		};
		78231209259C0D9300D9E723 /* Frameworks */ = {
			isa = PBXFrameworksBuildPhase;
			buildActionMask = 2147483647;
			files = (
			);
			runOnlyForDeploymentPostprocessing = 0;
		};
		78231214259C0D9300D9E723 /* Frameworks */ = {
			isa = PBXFrameworksBuildPhase;
			buildActionMask = 2147483647;
			files = (
			);
			runOnlyForDeploymentPostprocessing = 0;
		};
/* End PBXFrameworksBuildPhase section */

/* Begin PBXGroup section */
		782311ED259C0D9200D9E723 = {
			isa = PBXGroup;
			children = (
				782311F8259C0D9200D9E723 /* Collections */,
				7823120F259C0D9300D9E723 /* CollectionsTests */,
				7823121A259C0D9300D9E723 /* CollectionsUITests */,
				782311F7259C0D9200D9E723 /* Products */,
				78231232259C147900D9E723 /* Frameworks */,
			);
			sourceTree = "<group>";
		};
		782311F7259C0D9200D9E723 /* Products */ = {
			isa = PBXGroup;
			children = (
				782311F6259C0D9200D9E723 /* Collections.app */,
				7823120C259C0D9300D9E723 /* CollectionsTests.xctest */,
				78231217259C0D9300D9E723 /* CollectionsUITests.xctest */,
			);
			name = Products;
			sourceTree = "<group>";
		};
		782311F8259C0D9200D9E723 /* Collections */ = {
			isa = PBXGroup;
			children = (
				78997EB7259C34550076FF97 /* AppConfig */,
				78997EB8259C345F0076FF97 /* AppResources */,
				78997EB9259C34670076FF97 /* Data */,
				78997EBA259C346B0076FF97 /* Presentation */,
			);
			path = Collections;
			sourceTree = "<group>";
		};
		7823120F259C0D9300D9E723 /* CollectionsTests */ = {
			isa = PBXGroup;
			children = (
				78231210259C0D9300D9E723 /* CollectionsTests.swift */,
				78231212259C0D9300D9E723 /* Info.plist */,
			);
			path = CollectionsTests;
			sourceTree = "<group>";
		};
		7823121A259C0D9300D9E723 /* CollectionsUITests */ = {
			isa = PBXGroup;
			children = (
				7823121B259C0D9300D9E723 /* CollectionsUITests.swift */,
				7823121D259C0D9300D9E723 /* Info.plist */,
			);
			path = CollectionsUITests;
			sourceTree = "<group>";
		};
		78231232259C147900D9E723 /* Frameworks */ = {
			isa = PBXGroup;
			children = (
				785A1AC625A9A989005E8A4B /* RxBlocking.framework */,
				785A1AC425A9A989005E8A4B /* RxCocoa.framework */,
				785A1AC525A9A989005E8A4B /* RxRelay.framework */,
				785A1AC725A9A989005E8A4B /* RxSwift.framework */,
				785A1AC825A9A989005E8A4B /* RxTest.framework */,
				78997E73259C29D70076FF97 /* abseil.framework */,
				78997E7E259C29D80076FF97 /* BoringSSL-GRPC.framework */,
				78997E7C259C29D80076FF97 /* CodableFirebase.framework */,
				78997E70259C29D70076FF97 /* FIRAnalyticsConnector.framework */,
				78997E7A259C29D80076FF97 /* Firebase.framework */,
				78997E81259C29D80076FF97 /* FirebaseAnalytics.framework */,
				78997E7B259C29D80076FF97 /* FirebaseAuth.framework */,
				78997E77259C29D70076FF97 /* FirebaseCore.framework */,
				78997E78259C29D70076FF97 /* FirebaseCoreDiagnostics.framework */,
				78997E80259C29D80076FF97 /* FirebaseFirestore.framework */,
				78997E79259C29D70076FF97 /* FirebaseInstallations.framework */,
				78997E71259C29D70076FF97 /* FirebaseStorage.framework */,
				78997E7F259C29D80076FF97 /* GoogleAppMeasurement.framework */,
				78997E6F259C29D70076FF97 /* GoogleDataTransport.framework */,
				78997E72259C29D70076FF97 /* GoogleUtilities.framework */,
				78997E7D259C29D80076FF97 /* gRPC-C++.framework */,
				78997E76259C29D70076FF97 /* gRPC-Core.framework */,
				78997E75259C29D70076FF97 /* GTMSessionFetcher.framework */,
				78997E82259C29D80076FF97 /* leveldb-library.framework */,
				78997E6E259C29D70076FF97 /* nanopb.framework */,
				78997E74259C29D70076FF97 /* PromisesObjC.framework */,
				78231233259C147900D9E723 /* Rswift.framework */,
			);
			name = Frameworks;
			sourceTree = "<group>";
		};
		7892EF48259C539B006F7315 /* IBDesignable */ = {
			isa = PBXGroup;
			children = (
				7892EF61259C642C006F7315 /* IBDesignableView.swift */,
				7892EF5B259C5DF0006F7315 /* IBDesignableTextField.swift */,
				7892EF51259C58C0006F7315 /* IBDesignableButton.swift */,
			);
			path = IBDesignable;
			sourceTree = "<group>";
		};
		7892EF77259C73B2006F7315 /* Service */ = {
			isa = PBXGroup;
			children = (
				7892EF78259C73C9006F7315 /* KeyboardNotifier.swift */,
			);
			path = Service;
			sourceTree = "<group>";
		};
		78987B36259C87EE008311DC /* Login */ = {
			isa = PBXGroup;
			children = (
				78E609D825AA0EE60041B3D0 /* LoginUsecase.swift */,
				78E609D225AA04300041B3D0 /* LoginViewModel.swift */,
				78987B3B259C8813008311DC /* LoginViewController.swift */,
				78987B37259C8802008311DC /* LoginViewController.storyboard */,
			);
			path = Login;
			sourceTree = "<group>";
		};
		78997EB7259C34550076FF97 /* AppConfig */ = {
			isa = PBXGroup;
			children = (
				78C61C2625A170E000DC78A6 /* AppConfigurator.swift */,
			);
			path = AppConfig;
			sourceTree = "<group>";
		};
		78997EB8259C345F0076FF97 /* AppResources */ = {
			isa = PBXGroup;
			children = (
				78997EBD259C34A00076FF97 /* Support */,
				78997EBC259C349C0076FF97 /* R */,
				78997EBB259C34940076FF97 /* Resources */,
			);
			path = AppResources;
			sourceTree = "<group>";
		};
		78997EB9259C34670076FF97 /* Data */ = {
			isa = PBXGroup;
			children = (
				78C61C0C25A1654600DC78A6 /* API */,
			);
			path = Data;
			sourceTree = "<group>";
		};
		78997EBA259C346B0076FF97 /* Presentation */ = {
			isa = PBXGroup;
			children = (
				78997EC1259C34F70076FF97 /* AppDelegate */,
				78997EC4259C351C0076FF97 /* Convenience */,
				78997EC3259C35100076FF97 /* Presentation-Domain */,
				78997EC2259C350B0076FF97 /* Utility */,
				78DEE7E425AB0BC300219963 /* ViewData */,
			);
			path = Presentation;
			sourceTree = "<group>";
		};
		78997EBB259C34940076FF97 /* Resources */ = {
			isa = PBXGroup;
			children = (
				7892EF6F259C721F006F7315 /* Resources.swift */,
				7892EF67259C720A006F7315 /* Strings.swift */,
				7892EF6B259C7212006F7315 /* Images.swift */,
				78997EBE259C34AD0076FF97 /* ResourcesSupport */,
			);
			path = Resources;
			sourceTree = "<group>";
		};
		78997EBC259C349C0076FF97 /* R */ = {
			isa = PBXGroup;
			children = (
				785D2797259C183300F7C9A6 /* R.generated.swift */,
			);
			path = R;
			sourceTree = "<group>";
		};
		78997EBD259C34A00076FF97 /* Support */ = {
			isa = PBXGroup;
			children = (
				78231202259C0D9300D9E723 /* Assets.xcassets */,
				78997EC0259C34CB0076FF97 /* InfoPlist */,
				78997EBF259C34C40076FF97 /* LocalizedStrings */,
			);
			path = Support;
			sourceTree = "<group>";
		};
		78997EBE259C34AD0076FF97 /* ResourcesSupport */ = {
			isa = PBXGroup;
			children = (
				78F940ED259D995F007C972A /* ResourcesSupport.swift */,
			);
			path = ResourcesSupport;
			sourceTree = "<group>";
		};
		78997EBF259C34C40076FF97 /* LocalizedStrings */ = {
			isa = PBXGroup;
			children = (
				78DEE7B425AAD4D500219963 /* Localizable.strings */,
			);
			path = LocalizedStrings;
			sourceTree = "<group>";
		};
		78997EC0259C34CB0076FF97 /* InfoPlist */ = {
			isa = PBXGroup;
			children = (
				78231207259C0D9300D9E723 /* Info.plist */,
				78997E68259C28970076FF97 /* GoogleService-Info.plist */,
			);
			path = InfoPlist;
			sourceTree = "<group>";
		};
		78997EC1259C34F70076FF97 /* AppDelegate */ = {
			isa = PBXGroup;
			children = (
				782311F9259C0D9200D9E723 /* AppDelegate.swift */,
			);
			path = AppDelegate;
			sourceTree = "<group>";
		};
		78997EC2259C350B0076FF97 /* Utility */ = {
			isa = PBXGroup;
			children = (
				78C61C2A25A1714B00DC78A6 /* AppUtil */,
				7892EF48259C539B006F7315 /* IBDesignable */,
				78997EE3259C4C4D0076FF97 /* Extension */,
				7892EF77259C73B2006F7315 /* Service */,
				78E609EF25AAAA210041B3D0 /* Validator */,
			);
			path = Utility;
			sourceTree = "<group>";
		};
		78997EC3259C35100076FF97 /* Presentation-Domain */ = {
			isa = PBXGroup;
			children = (
				78997EC5259C35230076FF97 /* Router */,
				78997EC6259C35330076FF97 /* Screen */,
			);
			path = "Presentation-Domain";
			sourceTree = "<group>";
		};
		78997EC4259C351C0076FF97 /* Convenience */ = {
			isa = PBXGroup;
			children = (
				78F940E9259D7EEF007C972A /* ViewController.swift */,
			);
			path = Convenience;
			sourceTree = "<group>";
		};
		78997EC5259C35230076FF97 /* Router */ = {
			isa = PBXGroup;
			children = (
				78F940E5259D7E42007C972A /* Router.swift */,
			);
			path = Router;
			sourceTree = "<group>";
		};
		78997EC6259C35330076FF97 /* Screen */ = {
			isa = PBXGroup;
			children = (
				78997EC7259C353E0076FF97 /* Launch */,
				78DF9170259C7D77007E5D9A /* Signup */,
				78987B36259C87EE008311DC /* Login */,
				78DEE7CA25AB004800219963 /* Home */,
			);
			path = Screen;
			sourceTree = "<group>";
		};
		78997EC7259C353E0076FF97 /* Launch */ = {
			isa = PBXGroup;
			children = (
				78231204259C0D9300D9E723 /* LaunchScreen.storyboard */,
			);
			path = Launch;
			sourceTree = "<group>";
		};
		78997EE3259C4C4D0076FF97 /* Extension */ = {
			isa = PBXGroup;
			children = (
				78997EE4259C4C5E0076FF97 /* UIView-IBInspectable-Extensions.swift */,
				78DEE7BC25AAE3AD00219963 /* UIViewController+Extension.swift */,
				78DEE7B825AADFC600219963 /* UIAlertController+Extension.swift */,
				78E609FF25AAAEAC0041B3D0 /* ObservableType+Extension.swift */,
			);
			path = Extension;
			sourceTree = "<group>";
		};
		78C61C0C25A1654600DC78A6 /* API */ = {
			isa = PBXGroup;
			children = (
				78C61C1D25A16DB700DC78A6 /* Request */,
				78C61C1E25A16DBD00DC78A6 /* Response */,
				78C61C0D25A1655600DC78A6 /* HttpMethod.swift */,
				78C61C1325A1692900DC78A6 /* APIError.swift */,
			);
			path = API;
			sourceTree = "<group>";
		};
		78C61C1D25A16DB700DC78A6 /* Request */ = {
			isa = PBXGroup;
			children = (
				78C61C1F25A16DC800DC78A6 /* Base */,
				785A1ABC25A9A407005E8A4B /* SignupRequest.swift */,
				78E609CA25AA015F0041B3D0 /* LoginRequest.swift */,
			);
			path = Request;
			sourceTree = "<group>";
		};
		78C61C1E25A16DBD00DC78A6 /* Response */ = {
			isa = PBXGroup;
			children = (
				785A1AC025A9A416005E8A4B /* SignupResponse.swift */,
				78E609CE25AA018D0041B3D0 /* LoginResponse.swift */,
			);
			path = Response;
			sourceTree = "<group>";
		};
		78C61C1F25A16DC800DC78A6 /* Base */ = {
			isa = PBXGroup;
			children = (
				78C61C2025A16DCE00DC78A6 /* BaseRequest.swift */,
			);
			path = Base;
			sourceTree = "<group>";
		};
		78C61C2A25A1714B00DC78A6 /* AppUtil */ = {
			isa = PBXGroup;
			children = (
				78C61C2B25A1716800DC78A6 /* StringsUtil.swift */,
			);
			path = AppUtil;
			sourceTree = "<group>";
		};
		78DEE7CA25AB004800219963 /* Home */ = {
			isa = PBXGroup;
			children = (
				78DEE7DB25AB027900219963 /* VIew */,
				78DEE7CF25AB006F00219963 /* HomeViewController.swift */,
				78DEE7CB25AB006000219963 /* HomeViewController.storyboard */,
			);
			path = Home;
			sourceTree = "<group>";
		};
		78DEE7DB25AB027900219963 /* VIew */ = {
			isa = PBXGroup;
			children = (
				78DEE7DC25AB02A200219963 /* HomeTableViewCell.swift */,
				78DEE7DD25AB02A200219963 /* HomeTableViewCell.xib */,
			);
			path = VIew;
			sourceTree = "<group>";
		};
		78DEE7E425AB0BC300219963 /* ViewData */ = {
			isa = PBXGroup;
			children = (
				78DEE7E525AB0BD800219963 /* HomeItem.swift */,
			);
			path = ViewData;
			sourceTree = "<group>";
		};
		78DF9170259C7D77007E5D9A /* Signup */ = {
			isa = PBXGroup;
			children = (
				785A1ADD25A9CC1A005E8A4B /* SignupUsecase.swift */,
				785A1AB625A9A369005E8A4B /* SignupViewModel.swift */,
				782311FD259C0D9200D9E723 /* SignupViewController.swift */,
				782311FF259C0D9200D9E723 /* SignupViewController.storyboard */,
			);
			path = Signup;
			sourceTree = "<group>";
		};
		78E609EF25AAAA210041B3D0 /* Validator */ = {
			isa = PBXGroup;
			children = (
				78E609F025AAAA530041B3D0 /* Validator+Protocol.swift */,
				78E609F625AAABEA0041B3D0 /* EmailValidator.swift */,
				78E609FA25AAABF80041B3D0 /* PasswordValidator.swift */,
			);
			path = Validator;
			sourceTree = "<group>";
		};
/* End PBXGroup section */

/* Begin PBXNativeTarget section */
		782311F5259C0D9200D9E723 /* Collections */ = {
			isa = PBXNativeTarget;
			buildConfigurationList = 78231220259C0D9300D9E723 /* Build configuration list for PBXNativeTarget "Collections" */;
			buildPhases = (
				781B131B259C14C300D0AE80 /* Rswift */,
				782311F2259C0D9200D9E723 /* Sources */,
				782311F3259C0D9200D9E723 /* Frameworks */,
				78231236259C147900D9E723 /* Embed Frameworks */,
				782311F4259C0D9200D9E723 /* Resources */,
				7823122C259C13E600D9E723 /* Carthage */,
				785D27A0259C195400F7C9A6 /* Swiftlint */,
			);
			buildRules = (
			);
			dependencies = (
			);
			name = Collections;
			productName = Collections;
			productReference = 782311F6259C0D9200D9E723 /* Collections.app */;
			productType = "com.apple.product-type.application";
		};
		7823120B259C0D9300D9E723 /* CollectionsTests */ = {
			isa = PBXNativeTarget;
			buildConfigurationList = 78231223259C0D9300D9E723 /* Build configuration list for PBXNativeTarget "CollectionsTests" */;
			buildPhases = (
				78231208259C0D9300D9E723 /* Sources */,
				78231209259C0D9300D9E723 /* Frameworks */,
				7823120A259C0D9300D9E723 /* Resources */,
			);
			buildRules = (
			);
			dependencies = (
				7823120E259C0D9300D9E723 /* PBXTargetDependency */,
			);
			name = CollectionsTests;
			productName = CollectionsTests;
			productReference = 7823120C259C0D9300D9E723 /* CollectionsTests.xctest */;
			productType = "com.apple.product-type.bundle.unit-test";
		};
		78231216259C0D9300D9E723 /* CollectionsUITests */ = {
			isa = PBXNativeTarget;
			buildConfigurationList = 78231226259C0D9300D9E723 /* Build configuration list for PBXNativeTarget "CollectionsUITests" */;
			buildPhases = (
				78231213259C0D9300D9E723 /* Sources */,
				78231214259C0D9300D9E723 /* Frameworks */,
				78231215259C0D9300D9E723 /* Resources */,
			);
			buildRules = (
			);
			dependencies = (
				78231219259C0D9300D9E723 /* PBXTargetDependency */,
			);
			name = CollectionsUITests;
			productName = CollectionsUITests;
			productReference = 78231217259C0D9300D9E723 /* CollectionsUITests.xctest */;
			productType = "com.apple.product-type.bundle.ui-testing";
		};
/* End PBXNativeTarget section */

/* Begin PBXProject section */
		782311EE259C0D9200D9E723 /* Project object */ = {
			isa = PBXProject;
			attributes = {
				LastSwiftUpdateCheck = 1230;
				LastUpgradeCheck = 1230;
				TargetAttributes = {
					782311F5259C0D9200D9E723 = {
						CreatedOnToolsVersion = 12.3;
					};
					7823120B259C0D9300D9E723 = {
						CreatedOnToolsVersion = 12.3;
						TestTargetID = 782311F5259C0D9200D9E723;
					};
					78231216259C0D9300D9E723 = {
						CreatedOnToolsVersion = 12.3;
						TestTargetID = 782311F5259C0D9200D9E723;
					};
				};
			};
			buildConfigurationList = 782311F1259C0D9200D9E723 /* Build configuration list for PBXProject "Collections" */;
			compatibilityVersion = "Xcode 9.3";
			developmentRegion = en;
			hasScannedForEncodings = 0;
			knownRegions = (
				en,
				Base,
			);
			mainGroup = 782311ED259C0D9200D9E723;
			productRefGroup = 782311F7259C0D9200D9E723 /* Products */;
			projectDirPath = "";
			projectRoot = "";
			targets = (
				782311F5259C0D9200D9E723 /* Collections */,
				7823120B259C0D9300D9E723 /* CollectionsTests */,
				78231216259C0D9300D9E723 /* CollectionsUITests */,
			);
		};
/* End PBXProject section */

/* Begin PBXResourcesBuildPhase section */
		782311F4259C0D9200D9E723 /* Resources */ = {
			isa = PBXResourcesBuildPhase;
			buildActionMask = 2147483647;
			files = (
				78231203259C0D9300D9E723 /* Assets.xcassets in Resources */,
				78DEE7B525AAD4D500219963 /* Localizable.strings in Resources */,
				78DEE7DF25AB02A200219963 /* HomeTableViewCell.xib in Resources */,
				78DEE7CC25AB006000219963 /* HomeViewController.storyboard in Resources */,
				78997E69259C28970076FF97 /* GoogleService-Info.plist in Resources */,
				78987B38259C8802008311DC /* LoginViewController.storyboard in Resources */,
				78231206259C0D9300D9E723 /* LaunchScreen.storyboard in Resources */,
				78231201259C0D9200D9E723 /* SignupViewController.storyboard in Resources */,
			);
			runOnlyForDeploymentPostprocessing = 0;
		};
		7823120A259C0D9300D9E723 /* Resources */ = {
			isa = PBXResourcesBuildPhase;
			buildActionMask = 2147483647;
			files = (
			);
			runOnlyForDeploymentPostprocessing = 0;
		};
		78231215259C0D9300D9E723 /* Resources */ = {
			isa = PBXResourcesBuildPhase;
			buildActionMask = 2147483647;
			files = (
			);
			runOnlyForDeploymentPostprocessing = 0;
		};
/* End PBXResourcesBuildPhase section */

/* Begin PBXShellScriptBuildPhase section */
		781B131B259C14C300D0AE80 /* Rswift */ = {
			isa = PBXShellScriptBuildPhase;
			buildActionMask = 2147483647;
			files = (
			);
			inputFileListPaths = (
			);
			inputPaths = (
				"$TEMP_DIR/rswift-lastrun",
			);
			name = Rswift;
			outputFileListPaths = (
			);
			outputPaths = (
				$SRCROOT/$PROJECT_NAME/AppResources/R/R.generated.swift,
			);
			runOnlyForDeploymentPostprocessing = 0;
			shellPath = /bin/sh;
			shellScript = "\"rswift\" generate \"$SRCROOT/$PROJECT_NAME/AppResources/R/R.generated.swift\"\n";
		};
		7823122C259C13E600D9E723 /* Carthage */ = {
			isa = PBXShellScriptBuildPhase;
			buildActionMask = 2147483647;
			files = (
			);
			inputFileListPaths = (
			);
			inputPaths = (
				"$(SRCROOT)/Carthage/Build/iOS/Rswift.framework",
				"$(SRCROOT)/Carthage/Build/iOS/RxSwift.framework",
			);
			name = Carthage;
			outputFileListPaths = (
			);
			outputPaths = (
			);
			runOnlyForDeploymentPostprocessing = 0;
			shellPath = /bin/sh;
			shellScript = "/usr/local/bin/carthage copy-frameworks\n";
		};
		785D27A0259C195400F7C9A6 /* Swiftlint */ = {
			isa = PBXShellScriptBuildPhase;
			buildActionMask = 2147483647;
			files = (
			);
			inputFileListPaths = (
			);
			inputPaths = (
			);
			name = Swiftlint;
			outputFileListPaths = (
			);
			outputPaths = (
			);
			runOnlyForDeploymentPostprocessing = 0;
			shellPath = /bin/sh;
			shellScript = "if which swiftlint >/dev/null; then\n  swiftlint\nelse\n  echo \"SwiftLint does not exist, download from https://github.com/realm/SwiftLint\"\nfi\n";
		};
/* End PBXShellScriptBuildPhase section */

/* Begin PBXSourcesBuildPhase section */
		782311F2259C0D9200D9E723 /* Sources */ = {
			isa = PBXSourcesBuildPhase;
			buildActionMask = 2147483647;
			files = (
				78987B3C259C8813008311DC /* LoginViewController.swift in Sources */,
				7892EF5C259C5DF0006F7315 /* IBDesignableTextField.swift in Sources */,
				7892EF52259C58C0006F7315 /* IBDesignableButton.swift in Sources */,
				785A1AB725A9A369005E8A4B /* SignupViewModel.swift in Sources */,
				78C61C1425A1692900DC78A6 /* APIError.swift in Sources */,
				78DEE7D025AB006F00219963 /* HomeViewController.swift in Sources */,
				78DEE7DE25AB02A200219963 /* HomeTableViewCell.swift in Sources */,
				7892EF68259C720A006F7315 /* Strings.swift in Sources */,
				78E609CF25AA018D0041B3D0 /* LoginResponse.swift in Sources */,
				78F940EA259D7EEF007C972A /* ViewController.swift in Sources */,
				78E60A0025AAAEAC0041B3D0 /* ObservableType+Extension.swift in Sources */,
				78E609D325AA04300041B3D0 /* LoginViewModel.swift in Sources */,
				78DEE7E625AB0BD800219963 /* HomeItem.swift in Sources */,
				78E609FB25AAABF80041B3D0 /* PasswordValidator.swift in Sources */,
				7892EF70259C721F006F7315 /* Resources.swift in Sources */,
				78F940EE259D995F007C972A /* ResourcesSupport.swift in Sources */,
				78E609D925AA0EE60041B3D0 /* LoginUsecase.swift in Sources */,
				785A1AC125A9A416005E8A4B /* SignupResponse.swift in Sources */,
				78E609F125AAAA530041B3D0 /* Validator+Protocol.swift in Sources */,
				78C61C2C25A1716800DC78A6 /* StringsUtil.swift in Sources */,
				78C61C2125A16DCE00DC78A6 /* BaseRequest.swift in Sources */,
				782311FE259C0D9200D9E723 /* SignupViewController.swift in Sources */,
				78E609F725AAABEA0041B3D0 /* EmailValidator.swift in Sources */,
				785A1ADE25A9CC1A005E8A4B /* SignupUsecase.swift in Sources */,
				7892EF6C259C7212006F7315 /* Images.swift in Sources */,
				7892EF62259C642C006F7315 /* IBDesignableView.swift in Sources */,
				78C61C2725A170E000DC78A6 /* AppConfigurator.swift in Sources */,
				78DEE7BD25AAE3AD00219963 /* UIViewController+Extension.swift in Sources */,
				78DEE7B925AADFC600219963 /* UIAlertController+Extension.swift in Sources */,
				782311FA259C0D9200D9E723 /* AppDelegate.swift in Sources */,
				78E609CB25AA015F0041B3D0 /* LoginRequest.swift in Sources */,
				78997EE5259C4C5E0076FF97 /* UIView-IBInspectable-Extensions.swift in Sources */,
				78C61C0E25A1655600DC78A6 /* HttpMethod.swift in Sources */,
				785D2798259C183300F7C9A6 /* R.generated.swift in Sources */,
				785A1ABD25A9A407005E8A4B /* SignupRequest.swift in Sources */,
				7892EF79259C73C9006F7315 /* KeyboardNotifier.swift in Sources */,
				78F940E6259D7E42007C972A /* Router.swift in Sources */,
			);
			runOnlyForDeploymentPostprocessing = 0;
		};
		78231208259C0D9300D9E723 /* Sources */ = {
			isa = PBXSourcesBuildPhase;
			buildActionMask = 2147483647;
			files = (
				78231211259C0D9300D9E723 /* CollectionsTests.swift in Sources */,
			);
			runOnlyForDeploymentPostprocessing = 0;
		};
		78231213259C0D9300D9E723 /* Sources */ = {
			isa = PBXSourcesBuildPhase;
			buildActionMask = 2147483647;
			files = (
				7823121C259C0D9300D9E723 /* CollectionsUITests.swift in Sources */,
			);
			runOnlyForDeploymentPostprocessing = 0;
		};
/* End PBXSourcesBuildPhase section */

/* Begin PBXTargetDependency section */
		7823120E259C0D9300D9E723 /* PBXTargetDependency */ = {
			isa = PBXTargetDependency;
			target = 782311F5259C0D9200D9E723 /* Collections */;
			targetProxy = 7823120D259C0D9300D9E723 /* PBXContainerItemProxy */;
		};
		78231219259C0D9300D9E723 /* PBXTargetDependency */ = {
			isa = PBXTargetDependency;
			target = 782311F5259C0D9200D9E723 /* Collections */;
			targetProxy = 78231218259C0D9300D9E723 /* PBXContainerItemProxy */;
		};
/* End PBXTargetDependency section */

/* Begin PBXVariantGroup section */
		782311FF259C0D9200D9E723 /* SignupViewController.storyboard */ = {
			isa = PBXVariantGroup;
			children = (
				78231200259C0D9200D9E723 /* Base */,
			);
			name = SignupViewController.storyboard;
			sourceTree = "<group>";
		};
		78231204259C0D9300D9E723 /* LaunchScreen.storyboard */ = {
			isa = PBXVariantGroup;
			children = (
				78231205259C0D9300D9E723 /* Base */,
			);
			name = LaunchScreen.storyboard;
			sourceTree = "<group>";
		};
/* End PBXVariantGroup section */

/* Begin XCBuildConfiguration section */
		7823121E259C0D9300D9E723 /* Debug */ = {
			isa = XCBuildConfiguration;
			buildSettings = {
				ALWAYS_SEARCH_USER_PATHS = NO;
				CLANG_ANALYZER_NONNULL = YES;
				CLANG_ANALYZER_NUMBER_OBJECT_CONVERSION = YES_AGGRESSIVE;
				CLANG_CXX_LANGUAGE_STANDARD = "gnu++14";
				CLANG_CXX_LIBRARY = "libc++";
				CLANG_ENABLE_MODULES = YES;
				CLANG_ENABLE_OBJC_ARC = YES;
				CLANG_ENABLE_OBJC_WEAK = YES;
				CLANG_WARN_BLOCK_CAPTURE_AUTORELEASING = YES;
				CLANG_WARN_BOOL_CONVERSION = YES;
				CLANG_WARN_COMMA = YES;
				CLANG_WARN_CONSTANT_CONVERSION = YES;
				CLANG_WARN_DEPRECATED_OBJC_IMPLEMENTATIONS = YES;
				CLANG_WARN_DIRECT_OBJC_ISA_USAGE = YES_ERROR;
				CLANG_WARN_DOCUMENTATION_COMMENTS = YES;
				CLANG_WARN_EMPTY_BODY = YES;
				CLANG_WARN_ENUM_CONVERSION = YES;
				CLANG_WARN_INFINITE_RECURSION = YES;
				CLANG_WARN_INT_CONVERSION = YES;
				CLANG_WARN_NON_LITERAL_NULL_CONVERSION = YES;
				CLANG_WARN_OBJC_IMPLICIT_RETAIN_SELF = YES;
				CLANG_WARN_OBJC_LITERAL_CONVERSION = YES;
				CLANG_WARN_OBJC_ROOT_CLASS = YES_ERROR;
				CLANG_WARN_QUOTED_INCLUDE_IN_FRAMEWORK_HEADER = YES;
				CLANG_WARN_RANGE_LOOP_ANALYSIS = YES;
				CLANG_WARN_STRICT_PROTOTYPES = YES;
				CLANG_WARN_SUSPICIOUS_MOVE = YES;
				CLANG_WARN_UNGUARDED_AVAILABILITY = YES_AGGRESSIVE;
				CLANG_WARN_UNREACHABLE_CODE = YES;
				CLANG_WARN__DUPLICATE_METHOD_MATCH = YES;
				COPY_PHASE_STRIP = NO;
				DEBUG_INFORMATION_FORMAT = dwarf;
				ENABLE_STRICT_OBJC_MSGSEND = YES;
				ENABLE_TESTABILITY = YES;
				EXCLUDED_ARCHS = "";
				GCC_C_LANGUAGE_STANDARD = gnu11;
				GCC_DYNAMIC_NO_PIC = NO;
				GCC_NO_COMMON_BLOCKS = YES;
				GCC_OPTIMIZATION_LEVEL = 0;
				GCC_PREPROCESSOR_DEFINITIONS = (
					"DEBUG=1",
					"$(inherited)",
				);
				GCC_WARN_64_TO_32_BIT_CONVERSION = YES;
				GCC_WARN_ABOUT_RETURN_TYPE = YES_ERROR;
				GCC_WARN_UNDECLARED_SELECTOR = YES;
				GCC_WARN_UNINITIALIZED_AUTOS = YES_AGGRESSIVE;
				GCC_WARN_UNUSED_FUNCTION = YES;
				GCC_WARN_UNUSED_VARIABLE = YES;
				IPHONEOS_DEPLOYMENT_TARGET = 12.0;
				MTL_ENABLE_DEBUG_INFO = INCLUDE_SOURCE;
				MTL_FAST_MATH = YES;
				ONLY_ACTIVE_ARCH = YES;
				SDKROOT = iphoneos;
				SWIFT_ACTIVE_COMPILATION_CONDITIONS = DEBUG;
				SWIFT_OPTIMIZATION_LEVEL = "-Onone";
				VALIDATE_WORKSPACE = YES;
			};
			name = Debug;
		};
		7823121F259C0D9300D9E723 /* Release */ = {
			isa = XCBuildConfiguration;
			buildSettings = {
				ALWAYS_SEARCH_USER_PATHS = NO;
				CLANG_ANALYZER_NONNULL = YES;
				CLANG_ANALYZER_NUMBER_OBJECT_CONVERSION = YES_AGGRESSIVE;
				CLANG_CXX_LANGUAGE_STANDARD = "gnu++14";
				CLANG_CXX_LIBRARY = "libc++";
				CLANG_ENABLE_MODULES = YES;
				CLANG_ENABLE_OBJC_ARC = YES;
				CLANG_ENABLE_OBJC_WEAK = YES;
				CLANG_WARN_BLOCK_CAPTURE_AUTORELEASING = YES;
				CLANG_WARN_BOOL_CONVERSION = YES;
				CLANG_WARN_COMMA = YES;
				CLANG_WARN_CONSTANT_CONVERSION = YES;
				CLANG_WARN_DEPRECATED_OBJC_IMPLEMENTATIONS = YES;
				CLANG_WARN_DIRECT_OBJC_ISA_USAGE = YES_ERROR;
				CLANG_WARN_DOCUMENTATION_COMMENTS = YES;
				CLANG_WARN_EMPTY_BODY = YES;
				CLANG_WARN_ENUM_CONVERSION = YES;
				CLANG_WARN_INFINITE_RECURSION = YES;
				CLANG_WARN_INT_CONVERSION = YES;
				CLANG_WARN_NON_LITERAL_NULL_CONVERSION = YES;
				CLANG_WARN_OBJC_IMPLICIT_RETAIN_SELF = YES;
				CLANG_WARN_OBJC_LITERAL_CONVERSION = YES;
				CLANG_WARN_OBJC_ROOT_CLASS = YES_ERROR;
				CLANG_WARN_QUOTED_INCLUDE_IN_FRAMEWORK_HEADER = YES;
				CLANG_WARN_RANGE_LOOP_ANALYSIS = YES;
				CLANG_WARN_STRICT_PROTOTYPES = YES;
				CLANG_WARN_SUSPICIOUS_MOVE = YES;
				CLANG_WARN_UNGUARDED_AVAILABILITY = YES_AGGRESSIVE;
				CLANG_WARN_UNREACHABLE_CODE = YES;
				CLANG_WARN__DUPLICATE_METHOD_MATCH = YES;
				COPY_PHASE_STRIP = NO;
				DEBUG_INFORMATION_FORMAT = "dwarf-with-dsym";
				ENABLE_NS_ASSERTIONS = NO;
				ENABLE_STRICT_OBJC_MSGSEND = YES;
				GCC_C_LANGUAGE_STANDARD = gnu11;
				GCC_NO_COMMON_BLOCKS = YES;
				GCC_WARN_64_TO_32_BIT_CONVERSION = YES;
				GCC_WARN_ABOUT_RETURN_TYPE = YES_ERROR;
				GCC_WARN_UNDECLARED_SELECTOR = YES;
				GCC_WARN_UNINITIALIZED_AUTOS = YES_AGGRESSIVE;
				GCC_WARN_UNUSED_FUNCTION = YES;
				GCC_WARN_UNUSED_VARIABLE = YES;
				IPHONEOS_DEPLOYMENT_TARGET = 12.0;
				MTL_ENABLE_DEBUG_INFO = NO;
				MTL_FAST_MATH = YES;
				SDKROOT = iphoneos;
				SWIFT_COMPILATION_MODE = wholemodule;
				SWIFT_OPTIMIZATION_LEVEL = "-O";
				VALIDATE_PRODUCT = YES;
				VALIDATE_WORKSPACE = YES;
			};
			name = Release;
		};
		78231221259C0D9300D9E723 /* Debug */ = {
			isa = XCBuildConfiguration;
			buildSettings = {
				ASSETCATALOG_COMPILER_APPICON_NAME = AppIcon;
				ASSETCATALOG_COMPILER_GLOBAL_ACCENT_COLOR_NAME = AccentColor;
				CODE_SIGN_STYLE = Automatic;
				FRAMEWORK_SEARCH_PATHS = (
					"$(inherited)",
					"$(PROJECT_DIR)/Carthage/Build/iOS",
				);
				INFOPLIST_FILE = Collections/AppResources/Support/InfoPlist/Info.plist;
				LD_RUNPATH_SEARCH_PATHS = (
					"$(inherited)",
					"@executable_path/Frameworks",
				);
				PRODUCT_BUNDLE_IDENTIFIER = com.yossibank.Collections;
				PRODUCT_NAME = "$(TARGET_NAME)";
				SWIFT_VERSION = 5.0;
				TARGETED_DEVICE_FAMILY = "1,2";
			};
			name = Debug;
		};
		78231222259C0D9300D9E723 /* Release */ = {
			isa = XCBuildConfiguration;
			buildSettings = {
				ASSETCATALOG_COMPILER_APPICON_NAME = AppIcon;
				ASSETCATALOG_COMPILER_GLOBAL_ACCENT_COLOR_NAME = AccentColor;
				CODE_SIGN_STYLE = Automatic;
				FRAMEWORK_SEARCH_PATHS = (
					"$(inherited)",
					"$(PROJECT_DIR)/Carthage/Build/iOS",
				);
				INFOPLIST_FILE = Collections/AppResources/Support/InfoPlist/Info.plist;
				LD_RUNPATH_SEARCH_PATHS = (
					"$(inherited)",
					"@executable_path/Frameworks",
				);
				PRODUCT_BUNDLE_IDENTIFIER = com.yossibank.Collections;
				PRODUCT_NAME = "$(TARGET_NAME)";
				SWIFT_VERSION = 5.0;
				TARGETED_DEVICE_FAMILY = "1,2";
			};
			name = Release;
		};
		78231224259C0D9300D9E723 /* Debug */ = {
			isa = XCBuildConfiguration;
			buildSettings = {
				ALWAYS_EMBED_SWIFT_STANDARD_LIBRARIES = YES;
				BUNDLE_LOADER = "$(TEST_HOST)";
				CODE_SIGN_STYLE = Automatic;
				INFOPLIST_FILE = CollectionsTests/Info.plist;
				IPHONEOS_DEPLOYMENT_TARGET = 14.3;
				LD_RUNPATH_SEARCH_PATHS = (
					"$(inherited)",
					"@executable_path/Frameworks",
					"@loader_path/Frameworks",
				);
				PRODUCT_BUNDLE_IDENTIFIER = com.yossibank.CollectionsTests;
				PRODUCT_NAME = "$(TARGET_NAME)";
				SWIFT_VERSION = 5.0;
				TARGETED_DEVICE_FAMILY = "1,2";
				TEST_HOST = "$(BUILT_PRODUCTS_DIR)/Collections.app/Collections";
			};
			name = Debug;
		};
		78231225259C0D9300D9E723 /* Release */ = {
			isa = XCBuildConfiguration;
			buildSettings = {
				ALWAYS_EMBED_SWIFT_STANDARD_LIBRARIES = YES;
				BUNDLE_LOADER = "$(TEST_HOST)";
				CODE_SIGN_STYLE = Automatic;
				INFOPLIST_FILE = CollectionsTests/Info.plist;
				IPHONEOS_DEPLOYMENT_TARGET = 14.3;
				LD_RUNPATH_SEARCH_PATHS = (
					"$(inherited)",
					"@executable_path/Frameworks",
					"@loader_path/Frameworks",
				);
				PRODUCT_BUNDLE_IDENTIFIER = com.yossibank.CollectionsTests;
				PRODUCT_NAME = "$(TARGET_NAME)";
				SWIFT_VERSION = 5.0;
				TARGETED_DEVICE_FAMILY = "1,2";
				TEST_HOST = "$(BUILT_PRODUCTS_DIR)/Collections.app/Collections";
			};
			name = Release;
		};
		78231227259C0D9300D9E723 /* Debug */ = {
			isa = XCBuildConfiguration;
			buildSettings = {
				ALWAYS_EMBED_SWIFT_STANDARD_LIBRARIES = YES;
				CODE_SIGN_STYLE = Automatic;
				INFOPLIST_FILE = CollectionsUITests/Info.plist;
				LD_RUNPATH_SEARCH_PATHS = (
					"$(inherited)",
					"@executable_path/Frameworks",
					"@loader_path/Frameworks",
				);
				PRODUCT_BUNDLE_IDENTIFIER = com.yossibank.CollectionsUITests;
				PRODUCT_NAME = "$(TARGET_NAME)";
				SWIFT_VERSION = 5.0;
				TARGETED_DEVICE_FAMILY = "1,2";
				TEST_TARGET_NAME = Collections;
			};
			name = Debug;
		};
		78231228259C0D9300D9E723 /* Release */ = {
			isa = XCBuildConfiguration;
			buildSettings = {
				ALWAYS_EMBED_SWIFT_STANDARD_LIBRARIES = YES;
				CODE_SIGN_STYLE = Automatic;
				INFOPLIST_FILE = CollectionsUITests/Info.plist;
				LD_RUNPATH_SEARCH_PATHS = (
					"$(inherited)",
					"@executable_path/Frameworks",
					"@loader_path/Frameworks",
				);
				PRODUCT_BUNDLE_IDENTIFIER = com.yossibank.CollectionsUITests;
				PRODUCT_NAME = "$(TARGET_NAME)";
				SWIFT_VERSION = 5.0;
				TARGETED_DEVICE_FAMILY = "1,2";
				TEST_TARGET_NAME = Collections;
			};
			name = Release;
		};
/* End XCBuildConfiguration section */

/* Begin XCConfigurationList section */
		782311F1259C0D9200D9E723 /* Build configuration list for PBXProject "Collections" */ = {
			isa = XCConfigurationList;
			buildConfigurations = (
				7823121E259C0D9300D9E723 /* Debug */,
				7823121F259C0D9300D9E723 /* Release */,
			);
			defaultConfigurationIsVisible = 0;
			defaultConfigurationName = Release;
		};
		78231220259C0D9300D9E723 /* Build configuration list for PBXNativeTarget "Collections" */ = {
			isa = XCConfigurationList;
			buildConfigurations = (
				78231221259C0D9300D9E723 /* Debug */,
				78231222259C0D9300D9E723 /* Release */,
			);
			defaultConfigurationIsVisible = 0;
			defaultConfigurationName = Release;
		};
		78231223259C0D9300D9E723 /* Build configuration list for PBXNativeTarget "CollectionsTests" */ = {
			isa = XCConfigurationList;
			buildConfigurations = (
				78231224259C0D9300D9E723 /* Debug */,
				78231225259C0D9300D9E723 /* Release */,
			);
			defaultConfigurationIsVisible = 0;
			defaultConfigurationName = Release;
		};
		78231226259C0D9300D9E723 /* Build configuration list for PBXNativeTarget "CollectionsUITests" */ = {
			isa = XCConfigurationList;
			buildConfigurations = (
				78231227259C0D9300D9E723 /* Debug */,
				78231228259C0D9300D9E723 /* Release */,
			);
			defaultConfigurationIsVisible = 0;
			defaultConfigurationName = Release;
		};
/* End XCConfigurationList section */
	};
	rootObject = 782311EE259C0D9200D9E723 /* Project object */;
}
