// !$*UTF8*$!
{
	archiveVersion = 1;
	classes = {
	};
	objectVersion = 50;
	objects = {

/* Begin PBXBuildFile section */
		782311FA259C0D9200D9E723 /* AppDelegate.swift in Sources */ = {isa = PBXBuildFile; fileRef = 782311F9259C0D9200D9E723 /* AppDelegate.swift */; };
		782311FC259C0D9200D9E723 /* SceneDelegate.swift in Sources */ = {isa = PBXBuildFile; fileRef = 782311FB259C0D9200D9E723 /* SceneDelegate.swift */; };
		782311FE259C0D9200D9E723 /* ViewController.swift in Sources */ = {isa = PBXBuildFile; fileRef = 782311FD259C0D9200D9E723 /* ViewController.swift */; };
		78231201259C0D9200D9E723 /* Main.storyboard in Resources */ = {isa = PBXBuildFile; fileRef = 782311FF259C0D9200D9E723 /* Main.storyboard */; };
		78231203259C0D9300D9E723 /* Assets.xcassets in Resources */ = {isa = PBXBuildFile; fileRef = 78231202259C0D9300D9E723 /* Assets.xcassets */; };
		78231206259C0D9300D9E723 /* LaunchScreen.storyboard in Resources */ = {isa = PBXBuildFile; fileRef = 78231204259C0D9300D9E723 /* LaunchScreen.storyboard */; };
		78231211259C0D9300D9E723 /* CollectionsTests.swift in Sources */ = {isa = PBXBuildFile; fileRef = 78231210259C0D9300D9E723 /* CollectionsTests.swift */; };
		7823121C259C0D9300D9E723 /* CollectionsUITests.swift in Sources */ = {isa = PBXBuildFile; fileRef = 7823121B259C0D9300D9E723 /* CollectionsUITests.swift */; };
/* End PBXBuildFile section */

/* Begin PBXContainerItemProxy section */
		7823120D259C0D9300D9E723 /* PBXContainerItemProxy */ = {
			isa = PBXContainerItemProxy;
			containerPortal = 782311EE259C0D9200D9E723 /* Project object */;
			proxyType = 1;
			remoteGlobalIDString = 782311F5259C0D9200D9E723;
			remoteInfo = Collections;
		};
		78231218259C0D9300D9E723 /* PBXContainerItemProxy */ = {
			isa = PBXContainerItemProxy;
			containerPortal = 782311EE259C0D9200D9E723 /* Project object */;
			proxyType = 1;
			remoteGlobalIDString = 782311F5259C0D9200D9E723;
			remoteInfo = Collections;
		};
/* End PBXContainerItemProxy section */

/* Begin PBXFileReference section */
		782311F6259C0D9200D9E723 /* Collections.app */ = {isa = PBXFileReference; explicitFileType = wrapper.application; includeInIndex = 0; path = Collections.app; sourceTree = BUILT_PRODUCTS_DIR; };
		782311F9259C0D9200D9E723 /* AppDelegate.swift */ = {isa = PBXFileReference; lastKnownFileType = sourcecode.swift; path = AppDelegate.swift; sourceTree = "<group>"; };
		782311FB259C0D9200D9E723 /* SceneDelegate.swift */ = {isa = PBXFileReference; lastKnownFileType = sourcecode.swift; path = SceneDelegate.swift; sourceTree = "<group>"; };
		782311FD259C0D9200D9E723 /* ViewController.swift */ = {isa = PBXFileReference; lastKnownFileType = sourcecode.swift; path = ViewController.swift; sourceTree = "<group>"; };
		78231200259C0D9200D9E723 /* Base */ = {isa = PBXFileReference; lastKnownFileType = file.storyboard; name = Base; path = Base.lproj/Main.storyboard; sourceTree = "<group>"; };
		78231202259C0D9300D9E723 /* Assets.xcassets */ = {isa = PBXFileReference; lastKnownFileType = folder.assetcatalog; path = Assets.xcassets; sourceTree = "<group>"; };
		78231205259C0D9300D9E723 /* Base */ = {isa = PBXFileReference; lastKnownFileType = file.storyboard; name = Base; path = Base.lproj/LaunchScreen.storyboard; sourceTree = "<group>"; };
		78231207259C0D9300D9E723 /* Info.plist */ = {isa = PBXFileReference; lastKnownFileType = text.plist.xml; path = Info.plist; sourceTree = "<group>"; };
		7823120C259C0D9300D9E723 /* CollectionsTests.xctest */ = {isa = PBXFileReference; explicitFileType = wrapper.cfbundle; includeInIndex = 0; path = CollectionsTests.xctest; sourceTree = BUILT_PRODUCTS_DIR; };
		78231210259C0D9300D9E723 /* CollectionsTests.swift */ = {isa = PBXFileReference; lastKnownFileType = sourcecode.swift; path = CollectionsTests.swift; sourceTree = "<group>"; };
		78231212259C0D9300D9E723 /* Info.plist */ = {isa = PBXFileReference; lastKnownFileType = text.plist.xml; path = Info.plist; sourceTree = "<group>"; };
		78231217259C0D9300D9E723 /* CollectionsUITests.xctest */ = {isa = PBXFileReference; explicitFileType = wrapper.cfbundle; includeInIndex = 0; path = CollectionsUITests.xctest; sourceTree = BUILT_PRODUCTS_DIR; };
		7823121B259C0D9300D9E723 /* CollectionsUITests.swift */ = {isa = PBXFileReference; lastKnownFileType = sourcecode.swift; path = CollectionsUITests.swift; sourceTree = "<group>"; };
		7823121D259C0D9300D9E723 /* Info.plist */ = {isa = PBXFileReference; lastKnownFileType = text.plist.xml; path = Info.plist; sourceTree = "<group>"; };
/* End PBXFileReference section */

/* Begin PBXFrameworksBuildPhase section */
		782311F3259C0D9200D9E723 /* Frameworks */ = {
			isa = PBXFrameworksBuildPhase;
			buildActionMask = 2147483647;
			files = (
			);
			runOnlyForDeploymentPostprocessing = 0;
		};
		78231209259C0D9300D9E723 /* Frameworks */ = {
			isa = PBXFrameworksBuildPhase;
			buildActionMask = 2147483647;
			files = (
			);
			runOnlyForDeploymentPostprocessing = 0;
		};
		78231214259C0D9300D9E723 /* Frameworks */ = {
			isa = PBXFrameworksBuildPhase;
			buildActionMask = 2147483647;
			files = (
			);
			runOnlyForDeploymentPostprocessing = 0;
		};
/* End PBXFrameworksBuildPhase section */

/* Begin PBXGroup section */
		782311ED259C0D9200D9E723 = {
			isa = PBXGroup;
			children = (
				782311F8259C0D9200D9E723 /* Collections */,
				7823120F259C0D9300D9E723 /* CollectionsTests */,
				7823121A259C0D9300D9E723 /* CollectionsUITests */,
				782311F7259C0D9200D9E723 /* Products */,
			);
			sourceTree = "<group>";
		};
		782311F7259C0D9200D9E723 /* Products */ = {
			isa = PBXGroup;
			children = (
				782311F6259C0D9200D9E723 /* Collections.app */,
				7823120C259C0D9300D9E723 /* CollectionsTests.xctest */,
				78231217259C0D9300D9E723 /* CollectionsUITests.xctest */,
			);
			name = Products;
			sourceTree = "<group>";
		};
		782311F8259C0D9200D9E723 /* Collections */ = {
			isa = PBXGroup;
			children = (
				782311F9259C0D9200D9E723 /* AppDelegate.swift */,
				782311FB259C0D9200D9E723 /* SceneDelegate.swift */,
				782311FD259C0D9200D9E723 /* ViewController.swift */,
				782311FF259C0D9200D9E723 /* Main.storyboard */,
				78231202259C0D9300D9E723 /* Assets.xcassets */,
				78231204259C0D9300D9E723 /* LaunchScreen.storyboard */,
				78231207259C0D9300D9E723 /* Info.plist */,
			);
			path = Collections;
			sourceTree = "<group>";
		};
		7823120F259C0D9300D9E723 /* CollectionsTests */ = {
			isa = PBXGroup;
			children = (
				78231210259C0D9300D9E723 /* CollectionsTests.swift */,
				78231212259C0D9300D9E723 /* Info.plist */,
			);
			path = CollectionsTests;
			sourceTree = "<group>";
		};
		7823121A259C0D9300D9E723 /* CollectionsUITests */ = {
			isa = PBXGroup;
			children = (
				7823121B259C0D9300D9E723 /* CollectionsUITests.swift */,
				7823121D259C0D9300D9E723 /* Info.plist */,
			);
			path = CollectionsUITests;
			sourceTree = "<group>";
		};
/* End PBXGroup section */

/* Begin PBXNativeTarget section */
		782311F5259C0D9200D9E723 /* Collections */ = {
			isa = PBXNativeTarget;
			buildConfigurationList = 78231220259C0D9300D9E723 /* Build configuration list for PBXNativeTarget "Collections" */;
			buildPhases = (
				782311F2259C0D9200D9E723 /* Sources */,
				782311F3259C0D9200D9E723 /* Frameworks */,
				782311F4259C0D9200D9E723 /* Resources */,
			);
			buildRules = (
			);
			dependencies = (
			);
			name = Collections;
			productName = Collections;
			productReference = 782311F6259C0D9200D9E723 /* Collections.app */;
			productType = "com.apple.product-type.application";
		};
		7823120B259C0D9300D9E723 /* CollectionsTests */ = {
			isa = PBXNativeTarget;
			buildConfigurationList = 78231223259C0D9300D9E723 /* Build configuration list for PBXNativeTarget "CollectionsTests" */;
			buildPhases = (
				78231208259C0D9300D9E723 /* Sources */,
				78231209259C0D9300D9E723 /* Frameworks */,
				7823120A259C0D9300D9E723 /* Resources */,
			);
			buildRules = (
			);
			dependencies = (
				7823120E259C0D9300D9E723 /* PBXTargetDependency */,
			);
			name = CollectionsTests;
			productName = CollectionsTests;
			productReference = 7823120C259C0D9300D9E723 /* CollectionsTests.xctest */;
			productType = "com.apple.product-type.bundle.unit-test";
		};
		78231216259C0D9300D9E723 /* CollectionsUITests */ = {
			isa = PBXNativeTarget;
			buildConfigurationList = 78231226259C0D9300D9E723 /* Build configuration list for PBXNativeTarget "CollectionsUITests" */;
			buildPhases = (
				78231213259C0D9300D9E723 /* Sources */,
				78231214259C0D9300D9E723 /* Frameworks */,
				78231215259C0D9300D9E723 /* Resources */,
			);
			buildRules = (
			);
			dependencies = (
				78231219259C0D9300D9E723 /* PBXTargetDependency */,
			);
			name = CollectionsUITests;
			productName = CollectionsUITests;
			productReference = 78231217259C0D9300D9E723 /* CollectionsUITests.xctest */;
			productType = "com.apple.product-type.bundle.ui-testing";
		};
/* End PBXNativeTarget section */

/* Begin PBXProject section */
		782311EE259C0D9200D9E723 /* Project object */ = {
			isa = PBXProject;
			attributes = {
				LastSwiftUpdateCheck = 1230;
				LastUpgradeCheck = 1230;
				TargetAttributes = {
					782311F5259C0D9200D9E723 = {
						CreatedOnToolsVersion = 12.3;
					};
					7823120B259C0D9300D9E723 = {
						CreatedOnToolsVersion = 12.3;
						TestTargetID = 782311F5259C0D9200D9E723;
					};
					78231216259C0D9300D9E723 = {
						CreatedOnToolsVersion = 12.3;
						TestTargetID = 782311F5259C0D9200D9E723;
					};
				};
			};
			buildConfigurationList = 782311F1259C0D9200D9E723 /* Build configuration list for PBXProject "Collections" */;
			compatibilityVersion = "Xcode 9.3";
			developmentRegion = en;
			hasScannedForEncodings = 0;
			knownRegions = (
				en,
				Base,
			);
			mainGroup = 782311ED259C0D9200D9E723;
			productRefGroup = 782311F7259C0D9200D9E723 /* Products */;
			projectDirPath = "";
			projectRoot = "";
			targets = (
				782311F5259C0D9200D9E723 /* Collections */,
				7823120B259C0D9300D9E723 /* CollectionsTests */,
				78231216259C0D9300D9E723 /* CollectionsUITests */,
			);
		};
/* End PBXProject section */

/* Begin PBXResourcesBuildPhase section */
		782311F4259C0D9200D9E723 /* Resources */ = {
			isa = PBXResourcesBuildPhase;
			buildActionMask = 2147483647;
			files = (
				78231206259C0D9300D9E723 /* LaunchScreen.storyboard in Resources */,
				78231203259C0D9300D9E723 /* Assets.xcassets in Resources */,
				78231201259C0D9200D9E723 /* Main.storyboard in Resources */,
			);
			runOnlyForDeploymentPostprocessing = 0;
		};
		7823120A259C0D9300D9E723 /* Resources */ = {
			isa = PBXResourcesBuildPhase;
			buildActionMask = 2147483647;
			files = (
			);
			runOnlyForDeploymentPostprocessing = 0;
		};
		78231215259C0D9300D9E723 /* Resources */ = {
			isa = PBXResourcesBuildPhase;
			buildActionMask = 2147483647;
			files = (
			);
			runOnlyForDeploymentPostprocessing = 0;
		};
/* End PBXResourcesBuildPhase section */

/* Begin PBXSourcesBuildPhase section */
		782311F2259C0D9200D9E723 /* Sources */ = {
			isa = PBXSourcesBuildPhase;
			buildActionMask = 2147483647;
			files = (
				782311FE259C0D9200D9E723 /* ViewController.swift in Sources */,
				782311FA259C0D9200D9E723 /* AppDelegate.swift in Sources */,
				782311FC259C0D9200D9E723 /* SceneDelegate.swift in Sources */,
			);
			runOnlyForDeploymentPostprocessing = 0;
		};
		78231208259C0D9300D9E723 /* Sources */ = {
			isa = PBXSourcesBuildPhase;
			buildActionMask = 2147483647;
			files = (
				78231211259C0D9300D9E723 /* CollectionsTests.swift in Sources */,
			);
			runOnlyForDeploymentPostprocessing = 0;
		};
		78231213259C0D9300D9E723 /* Sources */ = {
			isa = PBXSourcesBuildPhase;
			buildActionMask = 2147483647;
			files = (
				7823121C259C0D9300D9E723 /* CollectionsUITests.swift in Sources */,
			);
			runOnlyForDeploymentPostprocessing = 0;
		};
/* End PBXSourcesBuildPhase section */

/* Begin PBXTargetDependency section */
		7823120E259C0D9300D9E723 /* PBXTargetDependency */ = {
			isa = PBXTargetDependency;
			target = 782311F5259C0D9200D9E723 /* Collections */;
			targetProxy = 7823120D259C0D9300D9E723 /* PBXContainerItemProxy */;
		};
		78231219259C0D9300D9E723 /* PBXTargetDependency */ = {
			isa = PBXTargetDependency;
			target = 782311F5259C0D9200D9E723 /* Collections */;
			targetProxy = 78231218259C0D9300D9E723 /* PBXContainerItemProxy */;
		};
/* End PBXTargetDependency section */

/* Begin PBXVariantGroup section */
		782311FF259C0D9200D9E723 /* Main.storyboard */ = {
			isa = PBXVariantGroup;
			children = (
				78231200259C0D9200D9E723 /* Base */,
			);
			name = Main.storyboard;
			sourceTree = "<group>";
		};
		78231204259C0D9300D9E723 /* LaunchScreen.storyboard */ = {
			isa = PBXVariantGroup;
			children = (
				78231205259C0D9300D9E723 /* Base */,
			);
			name = LaunchScreen.storyboard;
			sourceTree = "<group>";
		};
/* End PBXVariantGroup section */

/* Begin XCBuildConfiguration section */
		7823121E259C0D9300D9E723 /* Debug */ = {
			isa = XCBuildConfiguration;
			buildSettings = {
				ALWAYS_SEARCH_USER_PATHS = NO;
				CLANG_ANALYZER_NONNULL = YES;
				CLANG_ANALYZER_NUMBER_OBJECT_CONVERSION = YES_AGGRESSIVE;
				CLANG_CXX_LANGUAGE_STANDARD = "gnu++14";
				CLANG_CXX_LIBRARY = "libc++";
				CLANG_ENABLE_MODULES = YES;
				CLANG_ENABLE_OBJC_ARC = YES;
				CLANG_ENABLE_OBJC_WEAK = YES;
				CLANG_WARN_BLOCK_CAPTURE_AUTORELEASING = YES;
				CLANG_WARN_BOOL_CONVERSION = YES;
				CLANG_WARN_COMMA = YES;
				CLANG_WARN_CONSTANT_CONVERSION = YES;
				CLANG_WARN_DEPRECATED_OBJC_IMPLEMENTATIONS = YES;
				CLANG_WARN_DIRECT_OBJC_ISA_USAGE = YES_ERROR;
				CLANG_WARN_DOCUMENTATION_COMMENTS = YES;
				CLANG_WARN_EMPTY_BODY = YES;
				CLANG_WARN_ENUM_CONVERSION = YES;
				CLANG_WARN_INFINITE_RECURSION = YES;
				CLANG_WARN_INT_CONVERSION = YES;
				CLANG_WARN_NON_LITERAL_NULL_CONVERSION = YES;
				CLANG_WARN_OBJC_IMPLICIT_RETAIN_SELF = YES;
				CLANG_WARN_OBJC_LITERAL_CONVERSION = YES;
				CLANG_WARN_OBJC_ROOT_CLASS = YES_ERROR;
				CLANG_WARN_QUOTED_INCLUDE_IN_FRAMEWORK_HEADER = YES;
				CLANG_WARN_RANGE_LOOP_ANALYSIS = YES;
				CLANG_WARN_STRICT_PROTOTYPES = YES;
				CLANG_WARN_SUSPICIOUS_MOVE = YES;
				CLANG_WARN_UNGUARDED_AVAILABILITY = YES_AGGRESSIVE;
				CLANG_WARN_UNREACHABLE_CODE = YES;
				CLANG_WARN__DUPLICATE_METHOD_MATCH = YES;
				COPY_PHASE_STRIP = NO;
				DEBUG_INFORMATION_FORMAT = dwarf;
				ENABLE_STRICT_OBJC_MSGSEND = YES;
				ENABLE_TESTABILITY = YES;
				GCC_C_LANGUAGE_STANDARD = gnu11;
				GCC_DYNAMIC_NO_PIC = NO;
				GCC_NO_COMMON_BLOCKS = YES;
				GCC_OPTIMIZATION_LEVEL = 0;
				GCC_PREPROCESSOR_DEFINITIONS = (
					"DEBUG=1",
					"$(inherited)",
				);
				GCC_WARN_64_TO_32_BIT_CONVERSION = YES;
				GCC_WARN_ABOUT_RETURN_TYPE = YES_ERROR;
				GCC_WARN_UNDECLARED_SELECTOR = YES;
				GCC_WARN_UNINITIALIZED_AUTOS = YES_AGGRESSIVE;
				GCC_WARN_UNUSED_FUNCTION = YES;
				GCC_WARN_UNUSED_VARIABLE = YES;
				IPHONEOS_DEPLOYMENT_TARGET = 14.3;
				MTL_ENABLE_DEBUG_INFO = INCLUDE_SOURCE;
				MTL_FAST_MATH = YES;
				ONLY_ACTIVE_ARCH = YES;
				SDKROOT = iphoneos;
				SWIFT_ACTIVE_COMPILATION_CONDITIONS = DEBUG;
				SWIFT_OPTIMIZATION_LEVEL = "-Onone";
			};
			name = Debug;
		};
		7823121F259C0D9300D9E723 /* Release */ = {
			isa = XCBuildConfiguration;
			buildSettings = {
				ALWAYS_SEARCH_USER_PATHS = NO;
				CLANG_ANALYZER_NONNULL = YES;
				CLANG_ANALYZER_NUMBER_OBJECT_CONVERSION = YES_AGGRESSIVE;
				CLANG_CXX_LANGUAGE_STANDARD = "gnu++14";
				CLANG_CXX_LIBRARY = "libc++";
				CLANG_ENABLE_MODULES = YES;
				CLANG_ENABLE_OBJC_ARC = YES;
				CLANG_ENABLE_OBJC_WEAK = YES;
				CLANG_WARN_BLOCK_CAPTURE_AUTORELEASING = YES;
				CLANG_WARN_BOOL_CONVERSION = YES;
				CLANG_WARN_COMMA = YES;
				CLANG_WARN_CONSTANT_CONVERSION = YES;
				CLANG_WARN_DEPRECATED_OBJC_IMPLEMENTATIONS = YES;
				CLANG_WARN_DIRECT_OBJC_ISA_USAGE = YES_ERROR;
				CLANG_WARN_DOCUMENTATION_COMMENTS = YES;
				CLANG_WARN_EMPTY_BODY = YES;
				CLANG_WARN_ENUM_CONVERSION = YES;
				CLANG_WARN_INFINITE_RECURSION = YES;
				CLANG_WARN_INT_CONVERSION = YES;
				CLANG_WARN_NON_LITERAL_NULL_CONVERSION = YES;
				CLANG_WARN_OBJC_IMPLICIT_RETAIN_SELF = YES;
				CLANG_WARN_OBJC_LITERAL_CONVERSION = YES;
				CLANG_WARN_OBJC_ROOT_CLASS = YES_ERROR;
				CLANG_WARN_QUOTED_INCLUDE_IN_FRAMEWORK_HEADER = YES;
				CLANG_WARN_RANGE_LOOP_ANALYSIS = YES;
				CLANG_WARN_STRICT_PROTOTYPES = YES;
				CLANG_WARN_SUSPICIOUS_MOVE = YES;
				CLANG_WARN_UNGUARDED_AVAILABILITY = YES_AGGRESSIVE;
				CLANG_WARN_UNREACHABLE_CODE = YES;
				CLANG_WARN__DUPLICATE_METHOD_MATCH = YES;
				COPY_PHASE_STRIP = NO;
				DEBUG_INFORMATION_FORMAT = "dwarf-with-dsym";
				ENABLE_NS_ASSERTIONS = NO;
				ENABLE_STRICT_OBJC_MSGSEND = YES;
				GCC_C_LANGUAGE_STANDARD = gnu11;
				GCC_NO_COMMON_BLOCKS = YES;
				GCC_WARN_64_TO_32_BIT_CONVERSION = YES;
				GCC_WARN_ABOUT_RETURN_TYPE = YES_ERROR;
				GCC_WARN_UNDECLARED_SELECTOR = YES;
				GCC_WARN_UNINITIALIZED_AUTOS = YES_AGGRESSIVE;
				GCC_WARN_UNUSED_FUNCTION = YES;
				GCC_WARN_UNUSED_VARIABLE = YES;
				IPHONEOS_DEPLOYMENT_TARGET = 14.3;
				MTL_ENABLE_DEBUG_INFO = NO;
				MTL_FAST_MATH = YES;
				SDKROOT = iphoneos;
				SWIFT_COMPILATION_MODE = wholemodule;
				SWIFT_OPTIMIZATION_LEVEL = "-O";
				VALIDATE_PRODUCT = YES;
			};
			name = Release;
		};
		78231221259C0D9300D9E723 /* Debug */ = {
			isa = XCBuildConfiguration;
			buildSettings = {
				ASSETCATALOG_COMPILER_APPICON_NAME = AppIcon;
				ASSETCATALOG_COMPILER_GLOBAL_ACCENT_COLOR_NAME = AccentColor;
				CODE_SIGN_STYLE = Automatic;
				INFOPLIST_FILE = Collections/Info.plist;
				LD_RUNPATH_SEARCH_PATHS = (
					"$(inherited)",
					"@executable_path/Frameworks",
				);
				PRODUCT_BUNDLE_IDENTIFIER = com.yossibank.Collections;
				PRODUCT_NAME = "$(TARGET_NAME)";
				SWIFT_VERSION = 5.0;
				TARGETED_DEVICE_FAMILY = "1,2";
			};
			name = Debug;
		};
		78231222259C0D9300D9E723 /* Release */ = {
			isa = XCBuildConfiguration;
			buildSettings = {
				ASSETCATALOG_COMPILER_APPICON_NAME = AppIcon;
				ASSETCATALOG_COMPILER_GLOBAL_ACCENT_COLOR_NAME = AccentColor;
				CODE_SIGN_STYLE = Automatic;
				INFOPLIST_FILE = Collections/Info.plist;
				LD_RUNPATH_SEARCH_PATHS = (
					"$(inherited)",
					"@executable_path/Frameworks",
				);
				PRODUCT_BUNDLE_IDENTIFIER = com.yossibank.Collections;
				PRODUCT_NAME = "$(TARGET_NAME)";
				SWIFT_VERSION = 5.0;
				TARGETED_DEVICE_FAMILY = "1,2";
			};
			name = Release;
		};
		78231224259C0D9300D9E723 /* Debug */ = {
			isa = XCBuildConfiguration;
			buildSettings = {
				ALWAYS_EMBED_SWIFT_STANDARD_LIBRARIES = YES;
				BUNDLE_LOADER = "$(TEST_HOST)";
				CODE_SIGN_STYLE = Automatic;
				INFOPLIST_FILE = CollectionsTests/Info.plist;
				IPHONEOS_DEPLOYMENT_TARGET = 14.3;
				LD_RUNPATH_SEARCH_PATHS = (
					"$(inherited)",
					"@executable_path/Frameworks",
					"@loader_path/Frameworks",
				);
				PRODUCT_BUNDLE_IDENTIFIER = com.yossibank.CollectionsTests;
				PRODUCT_NAME = "$(TARGET_NAME)";
				SWIFT_VERSION = 5.0;
				TARGETED_DEVICE_FAMILY = "1,2";
				TEST_HOST = "$(BUILT_PRODUCTS_DIR)/Collections.app/Collections";
			};
			name = Debug;
		};
		78231225259C0D9300D9E723 /* Release */ = {
			isa = XCBuildConfiguration;
			buildSettings = {
				ALWAYS_EMBED_SWIFT_STANDARD_LIBRARIES = YES;
				BUNDLE_LOADER = "$(TEST_HOST)";
				CODE_SIGN_STYLE = Automatic;
				INFOPLIST_FILE = CollectionsTests/Info.plist;
				IPHONEOS_DEPLOYMENT_TARGET = 14.3;
				LD_RUNPATH_SEARCH_PATHS = (
					"$(inherited)",
					"@executable_path/Frameworks",
					"@loader_path/Frameworks",
				);
				PRODUCT_BUNDLE_IDENTIFIER = com.yossibank.CollectionsTests;
				PRODUCT_NAME = "$(TARGET_NAME)";
				SWIFT_VERSION = 5.0;
				TARGETED_DEVICE_FAMILY = "1,2";
				TEST_HOST = "$(BUILT_PRODUCTS_DIR)/Collections.app/Collections";
			};
			name = Release;
		};
		78231227259C0D9300D9E723 /* Debug */ = {
			isa = XCBuildConfiguration;
			buildSettings = {
				ALWAYS_EMBED_SWIFT_STANDARD_LIBRARIES = YES;
				CODE_SIGN_STYLE = Automatic;
				INFOPLIST_FILE = CollectionsUITests/Info.plist;
				LD_RUNPATH_SEARCH_PATHS = (
					"$(inherited)",
					"@executable_path/Frameworks",
					"@loader_path/Frameworks",
				);
				PRODUCT_BUNDLE_IDENTIFIER = com.yossibank.CollectionsUITests;
				PRODUCT_NAME = "$(TARGET_NAME)";
				SWIFT_VERSION = 5.0;
				TARGETED_DEVICE_FAMILY = "1,2";
				TEST_TARGET_NAME = Collections;
			};
			name = Debug;
		};
		78231228259C0D9300D9E723 /* Release */ = {
			isa = XCBuildConfiguration;
			buildSettings = {
				ALWAYS_EMBED_SWIFT_STANDARD_LIBRARIES = YES;
				CODE_SIGN_STYLE = Automatic;
				INFOPLIST_FILE = CollectionsUITests/Info.plist;
				LD_RUNPATH_SEARCH_PATHS = (
					"$(inherited)",
					"@executable_path/Frameworks",
					"@loader_path/Frameworks",
				);
				PRODUCT_BUNDLE_IDENTIFIER = com.yossibank.CollectionsUITests;
				PRODUCT_NAME = "$(TARGET_NAME)";
				SWIFT_VERSION = 5.0;
				TARGETED_DEVICE_FAMILY = "1,2";
				TEST_TARGET_NAME = Collections;
			};
			name = Release;
		};
/* End XCBuildConfiguration section */

/* Begin XCConfigurationList section */
		782311F1259C0D9200D9E723 /* Build configuration list for PBXProject "Collections" */ = {
			isa = XCConfigurationList;
			buildConfigurations = (
				7823121E259C0D9300D9E723 /* Debug */,
				7823121F259C0D9300D9E723 /* Release */,
			);
			defaultConfigurationIsVisible = 0;
			defaultConfigurationName = Release;
		};
		78231220259C0D9300D9E723 /* Build configuration list for PBXNativeTarget "Collections" */ = {
			isa = XCConfigurationList;
			buildConfigurations = (
				78231221259C0D9300D9E723 /* Debug */,
				78231222259C0D9300D9E723 /* Release */,
			);
			defaultConfigurationIsVisible = 0;
			defaultConfigurationName = Release;
		};
		78231223259C0D9300D9E723 /* Build configuration list for PBXNativeTarget "CollectionsTests" */ = {
			isa = XCConfigurationList;
			buildConfigurations = (
				78231224259C0D9300D9E723 /* Debug */,
				78231225259C0D9300D9E723 /* Release */,
			);
			defaultConfigurationIsVisible = 0;
			defaultConfigurationName = Release;
		};
		78231226259C0D9300D9E723 /* Build configuration list for PBXNativeTarget "CollectionsUITests" */ = {
			isa = XCConfigurationList;
			buildConfigurations = (
				78231227259C0D9300D9E723 /* Debug */,
				78231228259C0D9300D9E723 /* Release */,
			);
			defaultConfigurationIsVisible = 0;
			defaultConfigurationName = Release;
		};
/* End XCConfigurationList section */
	};
	rootObject = 782311EE259C0D9200D9E723 /* Project object */;
}
