// !$*UTF8*$!
{
	archiveVersion = 1;
	classes = {
	};
	objectVersion = 52;
	objects = {

/* Begin PBXBuildFile section */
		7802FBB425BBC91D00565A16 /* Date+Util.swift in Sources */ = {isa = PBXBuildFile; fileRef = 7802FBB325BBC91D00565A16 /* Date+Util.swift */; };
		7805908525F48A82002B5296 /* ChatUserListViewController.storyboard in Resources */ = {isa = PBXBuildFile; fileRef = 7805908425F48A82002B5296 /* ChatUserListViewController.storyboard */; };
		7805908825F48A94002B5296 /* ChatUserListViewController.swift in Sources */ = {isa = PBXBuildFile; fileRef = 7805908725F48A94002B5296 /* ChatUserListViewController.swift */; };
		7805908E25F48ADA002B5296 /* ChatUserListTableViewCell.swift in Sources */ = {isa = PBXBuildFile; fileRef = 7805908C25F48ADA002B5296 /* ChatUserListTableViewCell.swift */; };
		7805908F25F48ADA002B5296 /* ChatUserListTableViewCell.xib in Resources */ = {isa = PBXBuildFile; fileRef = 7805908D25F48ADA002B5296 /* ChatUserListTableViewCell.xib */; };
		781936B325BC5B2B00309FB7 /* BookFileManager.swift in Sources */ = {isa = PBXBuildFile; fileRef = 781936B225BC5B2B00309FB7 /* BookFileManager.swift */; };
		781936C025BC752D00309FB7 /* BookViewData.swift in Sources */ = {isa = PBXBuildFile; fileRef = 781936BF25BC752D00309FB7 /* BookViewData.swift */; };
		781CC3922658E4550075D260 /* FirebaseFirestore in Frameworks */ = {isa = PBXBuildFile; productRef = 781CC3912658E4550075D260 /* FirebaseFirestore */; };
		781CC3942658E4550075D260 /* FirebaseFirestoreSwift-Beta in Frameworks */ = {isa = PBXBuildFile; productRef = 781CC3932658E4550075D260 /* FirebaseFirestoreSwift-Beta */; };
		781CC3962658E4550075D260 /* FirebaseAnalytics in Frameworks */ = {isa = PBXBuildFile; productRef = 781CC3952658E4550075D260 /* FirebaseAnalytics */; };
		781CC3982658E4550075D260 /* FirebaseStorageSwift-Beta in Frameworks */ = {isa = PBXBuildFile; productRef = 781CC3972658E4550075D260 /* FirebaseStorageSwift-Beta */; };
		781CC39A2658E4550075D260 /* FirebaseStorage in Frameworks */ = {isa = PBXBuildFile; productRef = 781CC3992658E4550075D260 /* FirebaseStorage */; };
		781CC39C2658E4550075D260 /* FirebaseCrashlytics in Frameworks */ = {isa = PBXBuildFile; productRef = 781CC39B2658E4550075D260 /* FirebaseCrashlytics */; };
		781CC39E2658E4550075D260 /* FirebaseAuth in Frameworks */ = {isa = PBXBuildFile; productRef = 781CC39D2658E4550075D260 /* FirebaseAuth */; };
		781CC3A12658E6E00075D260 /* RxSwift in Frameworks */ = {isa = PBXBuildFile; productRef = 781CC3A02658E6E00075D260 /* RxSwift */; };
		781CC3A52658E6E00075D260 /* RxRelay in Frameworks */ = {isa = PBXBuildFile; productRef = 781CC3A42658E6E00075D260 /* RxRelay */; };
		781CC3A72658E6E00075D260 /* RxCocoa in Frameworks */ = {isa = PBXBuildFile; productRef = 781CC3A62658E6E00075D260 /* RxCocoa */; };
		781F64C1267CB73C00D50B08 /* SignupRouting.swift in Sources */ = {isa = PBXBuildFile; fileRef = 781F64C0267CB73C00D50B08 /* SignupRouting.swift */; };
		7820E0AB25AEFC1200A5E6D8 /* ImageLoader.swift in Sources */ = {isa = PBXBuildFile; fileRef = 7820E0AA25AEFC1200A5E6D8 /* ImageLoader.swift */; };
		7821A5D025E25C5B0006DE50 /* FirebaseAuthManager.swift in Sources */ = {isa = PBXBuildFile; fileRef = 7821A5CF25E25C5B0006DE50 /* FirebaseAuthManager.swift */; };
		7821A5D425E25C630006DE50 /* FirestoreManager.swift in Sources */ = {isa = PBXBuildFile; fileRef = 7821A5D325E25C630006DE50 /* FirestoreManager.swift */; };
		782311FA259C0D9200D9E723 /* AppDelegate.swift in Sources */ = {isa = PBXBuildFile; fileRef = 782311F9259C0D9200D9E723 /* AppDelegate.swift */; };
		782311FE259C0D9200D9E723 /* SignupViewController.swift in Sources */ = {isa = PBXBuildFile; fileRef = 782311FD259C0D9200D9E723 /* SignupViewController.swift */; };
		78231203259C0D9300D9E723 /* Assets.xcassets in Resources */ = {isa = PBXBuildFile; fileRef = 78231202259C0D9300D9E723 /* Assets.xcassets */; };
		78231206259C0D9300D9E723 /* LaunchScreen.storyboard in Resources */ = {isa = PBXBuildFile; fileRef = 78231204259C0D9300D9E723 /* LaunchScreen.storyboard */; };
		78231211259C0D9300D9E723 /* BookListTests.swift in Sources */ = {isa = PBXBuildFile; fileRef = 78231210259C0D9300D9E723 /* BookListTests.swift */; };
		7824042425E92A040001AB52 /* KeyboardAccessoryView.swift in Sources */ = {isa = PBXBuildFile; fileRef = 7824042325E92A040001AB52 /* KeyboardAccessoryView.swift */; };
		7824042F25E9374D0001AB52 /* IBDesignableTextView.swift in Sources */ = {isa = PBXBuildFile; fileRef = 7824042E25E9374D0001AB52 /* IBDesignableTextView.swift */; };
		782572AD25F4B2FE007962D0 /* NavigationBarConfigration.swift in Sources */ = {isa = PBXBuildFile; fileRef = 782572AC25F4B2FE007962D0 /* NavigationBarConfigration.swift */; };
		7826A73D25F7A885006F23AD /* ChatUserListViewModel.swift in Sources */ = {isa = PBXBuildFile; fileRef = 7826A73C25F7A885006F23AD /* ChatUserListViewModel.swift */; };
		7826A74625F7AF03006F23AD /* ChatUserListUsecase.swift in Sources */ = {isa = PBXBuildFile; fileRef = 7826A74525F7AF03006F23AD /* ChatUserListUsecase.swift */; };
		78299CE925E69D0D001868FB /* MyMessageTableViewCell.swift in Sources */ = {isa = PBXBuildFile; fileRef = 78299CE725E69D0D001868FB /* MyMessageTableViewCell.swift */; };
		78299CEA25E69D0D001868FB /* MyMessageTableViewCell.xib in Resources */ = {isa = PBXBuildFile; fileRef = 78299CE825E69D0D001868FB /* MyMessageTableViewCell.xib */; };
		78299CEE25E69E15001868FB /* OtherMessageBalloonView.swift in Sources */ = {isa = PBXBuildFile; fileRef = 78299CED25E69E15001868FB /* OtherMessageBalloonView.swift */; };
		782E63712675E5D40029E940 /* Utility in Frameworks */ = {isa = PBXBuildFile; productRef = 782E63702675E5D40029E940 /* Utility */; };
		782E63722675E5D40029E940 /* Utility in Embed Frameworks */ = {isa = PBXBuildFile; productRef = 782E63702675E5D40029E940 /* Utility */; settings = {ATTRIBUTES = (CodeSignOnCopy, ); }; };
		7833D0BA26022624005DFB79 /* ChatSelectViewModel.swift in Sources */ = {isa = PBXBuildFile; fileRef = 7833D0B926022624005DFB79 /* ChatSelectViewModel.swift */; };
		7833D0C3260229E4005DFB79 /* ChatSelectDataSource.swift in Sources */ = {isa = PBXBuildFile; fileRef = 7833D0C2260229E4005DFB79 /* ChatSelectDataSource.swift */; };
		78421CE125E9273500950F62 /* KeyboardAccessoryView.xib in Resources */ = {isa = PBXBuildFile; fileRef = 78421CE025E9273500950F62 /* KeyboardAccessoryView.xib */; };
		784B18EF25BD48F80071C32E /* WishListTableViewCell.swift in Sources */ = {isa = PBXBuildFile; fileRef = 784B18ED25BD48F80071C32E /* WishListTableViewCell.swift */; };
		784B18F025BD48F80071C32E /* WishListTableViewCell.xib in Resources */ = {isa = PBXBuildFile; fileRef = 784B18EE25BD48F80071C32E /* WishListTableViewCell.xib */; };
		784B18F625BD4D5F0071C32E /* WishListViewModel.swift in Sources */ = {isa = PBXBuildFile; fileRef = 784B18F525BD4D5F0071C32E /* WishListViewModel.swift */; };
		784B18FC25BD50FC0071C32E /* WishListDataSource.swift in Sources */ = {isa = PBXBuildFile; fileRef = 784B18FB25BD50FC0071C32E /* WishListDataSource.swift */; };
		784E135625B29952008FD947 /* DatePicker+Util.swift in Sources */ = {isa = PBXBuildFile; fileRef = 784E135525B29952008FD947 /* DatePicker+Util.swift */; };
		784E135E25B2A13D008FD947 /* AddBookViewModel.swift in Sources */ = {isa = PBXBuildFile; fileRef = 784E135D25B2A13D008FD947 /* AddBookViewModel.swift */; };
		784E138225B2F555008FD947 /* NumberValidator.swift in Sources */ = {isa = PBXBuildFile; fileRef = 784E138125B2F555008FD947 /* NumberValidator.swift */; };
		78524FC925E533E3002AEF87 /* ChatRoomViewController.swift in Sources */ = {isa = PBXBuildFile; fileRef = 78524FC825E533E3002AEF87 /* ChatRoomViewController.swift */; };
		78524FCD25E533FA002AEF87 /* ChatRoomViewController.storyboard in Resources */ = {isa = PBXBuildFile; fileRef = 78524FCC25E533FA002AEF87 /* ChatRoomViewController.storyboard */; };
		785A1AB725A9A369005E8A4B /* SignupViewModel.swift in Sources */ = {isa = PBXBuildFile; fileRef = 785A1AB625A9A369005E8A4B /* SignupViewModel.swift */; };
		785AB27225E9C527000FEEFE /* TapAction.swift in Sources */ = {isa = PBXBuildFile; fileRef = 785AB27125E9C527000FEEFE /* TapAction.swift */; };
		7862C15425E2596D00F1645A /* FirebaseModelProtocol.swift in Sources */ = {isa = PBXBuildFile; fileRef = 7862C15325E2596D00F1645A /* FirebaseModelProtocol.swift */; };
		7862C15825E25B5C00F1645A /* FirestoreUser.swift in Sources */ = {isa = PBXBuildFile; fileRef = 7862C15725E25B5C00F1645A /* FirestoreUser.swift */; };
		7873D27A267E0C65007F7B31 /* WishListRouting.swift in Sources */ = {isa = PBXBuildFile; fileRef = 7873D279267E0C65007F7B31 /* WishListRouting.swift */; };
		7873D27C267E1046007F7B31 /* RootTabBarController.swift in Sources */ = {isa = PBXBuildFile; fileRef = 7873D27B267E1046007F7B31 /* RootTabBarController.swift */; };
		78752AA4267EEBA9000B87AC /* Layout.swift in Sources */ = {isa = PBXBuildFile; fileRef = 78752AA3267EEBA9000B87AC /* Layout.swift */; };
		78752AA6267EEE92000B87AC /* Style.swift in Sources */ = {isa = PBXBuildFile; fileRef = 78752AA5267EEE92000B87AC /* Style.swift */; };
		78752AA9267EF0D0000B87AC /* TextFieldStyle.swift in Sources */ = {isa = PBXBuildFile; fileRef = 78752AA8267EF0D0000B87AC /* TextFieldStyle.swift */; };
		78752AAB267EF0D9000B87AC /* ButtonStyle.swift in Sources */ = {isa = PBXBuildFile; fileRef = 78752AAA267EF0D9000B87AC /* ButtonStyle.swift */; };
		78752AAD267EF39D000B87AC /* StackViewStyle.swift in Sources */ = {isa = PBXBuildFile; fileRef = 78752AAC267EF39D000B87AC /* StackViewStyle.swift */; };
		78752AAF267EF412000B87AC /* LabelStyle.swift in Sources */ = {isa = PBXBuildFile; fileRef = 78752AAE267EF412000B87AC /* LabelStyle.swift */; };
		78769C4425EA28A6007791E0 /* NameValidator.swift in Sources */ = {isa = PBXBuildFile; fileRef = 78769C4325EA28A6007791E0 /* NameValidator.swift */; };
		78772B3C25B3D37300E6493E /* PurchaseDateValidator.swift in Sources */ = {isa = PBXBuildFile; fileRef = 78772B3B25B3D37300E6493E /* PurchaseDateValidator.swift */; };
		78772B4E25B3DEBD00E6493E /* Array+Util.swift in Sources */ = {isa = PBXBuildFile; fileRef = 78772B4D25B3DEBD00E6493E /* Array+Util.swift */; };
		78772B5425B3E48B00E6493E /* EditBookViewModel.swift in Sources */ = {isa = PBXBuildFile; fileRef = 78772B5325B3E48B00E6493E /* EditBookViewModel.swift */; };
		787CB2EC2600C3AD003B8CC9 /* ChatMessage.swift in Sources */ = {isa = PBXBuildFile; fileRef = 787CB2EB2600C3AD003B8CC9 /* ChatMessage.swift */; };
		787CB2EF2600C50E003B8CC9 /* ChatRoomViewModel.swift in Sources */ = {isa = PBXBuildFile; fileRef = 787CB2EE2600C50E003B8CC9 /* ChatRoomViewModel.swift */; };
		787CB2F32600C7B2003B8CC9 /* ChatRoomDataSource.swift in Sources */ = {isa = PBXBuildFile; fileRef = 787CB2F22600C7B2003B8CC9 /* ChatRoomDataSource.swift */; };
		787CB2F92600E0C5003B8CC9 /* Room.swift in Sources */ = {isa = PBXBuildFile; fileRef = 787CB2F82600E0C5003B8CC9 /* Room.swift */; };
		787FD0B925F9072800FBE386 /* ChatUserListDataSource.swift in Sources */ = {isa = PBXBuildFile; fileRef = 787FD0B825F9072800FBE386 /* ChatUserListDataSource.swift */; };
		78844C6125B0873600C9AEC0 /* AddBookViewController.swift in Sources */ = {isa = PBXBuildFile; fileRef = 78844C6025B0873600C9AEC0 /* AddBookViewController.swift */; };
		7892EF52259C58C0006F7315 /* IBDesignableButton.swift in Sources */ = {isa = PBXBuildFile; fileRef = 7892EF51259C58C0006F7315 /* IBDesignableButton.swift */; };
		7892EF5C259C5DF0006F7315 /* IBDesignableTextField.swift in Sources */ = {isa = PBXBuildFile; fileRef = 7892EF5B259C5DF0006F7315 /* IBDesignableTextField.swift */; };
		7892EF62259C642C006F7315 /* IBDesignableView.swift in Sources */ = {isa = PBXBuildFile; fileRef = 7892EF61259C642C006F7315 /* IBDesignableView.swift */; };
		7892EF6C259C7212006F7315 /* Images.swift in Sources */ = {isa = PBXBuildFile; fileRef = 7892EF6B259C7212006F7315 /* Images.swift */; };
		7892EF70259C721F006F7315 /* Resources.swift in Sources */ = {isa = PBXBuildFile; fileRef = 7892EF6F259C721F006F7315 /* Resources.swift */; };
		7892EF79259C73C9006F7315 /* KeyboardNotifier.swift in Sources */ = {isa = PBXBuildFile; fileRef = 7892EF78259C73C9006F7315 /* KeyboardNotifier.swift */; };
		78987B3C259C8813008311DC /* LoginViewController.swift in Sources */ = {isa = PBXBuildFile; fileRef = 78987B3B259C8813008311DC /* LoginViewController.swift */; };
		78997EE5259C4C5E0076FF97 /* UIView-IBInspectable-Extensions.swift in Sources */ = {isa = PBXBuildFile; fileRef = 78997EE4259C4C5E0076FF97 /* UIView-IBInspectable-Extensions.swift */; };
		78B29D0125B3124A00A7DC7F /* TitleValidator.swift in Sources */ = {isa = PBXBuildFile; fileRef = 78B29D0025B3124A00A7DC7F /* TitleValidator.swift */; };
		78B29D1C25B3310000A7DC7F /* EditBookViewController.swift in Sources */ = {isa = PBXBuildFile; fileRef = 78B29D1B25B3310000A7DC7F /* EditBookViewController.swift */; };
		78B2A163267B7F6B00D9EA0E /* Routing.swift in Sources */ = {isa = PBXBuildFile; fileRef = 78B2A162267B7F6B00D9EA0E /* Routing.swift */; };
		78B2A165267B7F7100D9EA0E /* ViewModel.swift in Sources */ = {isa = PBXBuildFile; fileRef = 78B2A164267B7F7100D9EA0E /* ViewModel.swift */; };
		78B2A167267B7F7900D9EA0E /* VCInjectable.swift in Sources */ = {isa = PBXBuildFile; fileRef = 78B2A166267B7F7900D9EA0E /* VCInjectable.swift */; };
		78B2A16B267B89D300D9EA0E /* LoginRouting.swift in Sources */ = {isa = PBXBuildFile; fileRef = 78B2A16A267B89D300D9EA0E /* LoginRouting.swift */; };
		78B2A16D267B8A6100D9EA0E /* LoadingState.swift in Sources */ = {isa = PBXBuildFile; fileRef = 78B2A16C267B8A6100D9EA0E /* LoadingState.swift */; };
		78B6B4D82658EA3000AE45E5 /* KeychainAccess in Frameworks */ = {isa = PBXBuildFile; productRef = 78B6B4D72658EA3000AE45E5 /* KeychainAccess */; };
		78B8A69025E54021005BCB16 /* OtherMessageTableViewCell.swift in Sources */ = {isa = PBXBuildFile; fileRef = 78B8A68E25E54021005BCB16 /* OtherMessageTableViewCell.swift */; };
		78B8A69125E54021005BCB16 /* OtherMessageTableViewCell.xib in Resources */ = {isa = PBXBuildFile; fileRef = 78B8A68F25E54021005BCB16 /* OtherMessageTableViewCell.xib */; };
		78B8A69625E54AEB005BCB16 /* MyMessageBalloonView.swift in Sources */ = {isa = PBXBuildFile; fileRef = 78B8A69525E54AEB005BCB16 /* MyMessageBalloonView.swift */; };
		78C61C2C25A1716800DC78A6 /* String+Util.swift in Sources */ = {isa = PBXBuildFile; fileRef = 78C61C2B25A1716800DC78A6 /* String+Util.swift */; };
		78C7F3A725E525C5005E9E2B /* ChatSelectViewController.swift in Sources */ = {isa = PBXBuildFile; fileRef = 78C7F3A625E525C5005E9E2B /* ChatSelectViewController.swift */; };
		78C7F3AB25E525E5005E9E2B /* ChatSelectViewController.storyboard in Resources */ = {isa = PBXBuildFile; fileRef = 78C7F3AA25E525E5005E9E2B /* ChatSelectViewController.storyboard */; };
		78C7F3B125E52C94005E9E2B /* ChatSelectTableViewCell.swift in Sources */ = {isa = PBXBuildFile; fileRef = 78C7F3AF25E52C94005E9E2B /* ChatSelectTableViewCell.swift */; };
		78C7F3B225E52C94005E9E2B /* ChatSelectTableViewCell.xib in Resources */ = {isa = PBXBuildFile; fileRef = 78C7F3B025E52C94005E9E2B /* ChatSelectTableViewCell.xib */; };
		78CB209225EA48EB00D4E22D /* FirebaseManager.swift in Sources */ = {isa = PBXBuildFile; fileRef = 78CB209125EA48EB00D4E22D /* FirebaseManager.swift */; };
		78CC0ED5267DBE3D003489E1 /* BookListRouting.swift in Sources */ = {isa = PBXBuildFile; fileRef = 78CC0ED4267DBE3D003489E1 /* BookListRouting.swift */; };
		78CE46BB26808E920086837B /* ImageViewStyle.swift in Sources */ = {isa = PBXBuildFile; fileRef = 78CE46BA26808E920086837B /* ImageViewStyle.swift */; };
		78CF3AF325ABF82900ADBB60 /* BookListViewController.swift in Sources */ = {isa = PBXBuildFile; fileRef = 78CF3AF225ABF82900ADBB60 /* BookListViewController.swift */; };
		78CF3AF825ABF85D00ADBB60 /* BookListTableViewCell.swift in Sources */ = {isa = PBXBuildFile; fileRef = 78CF3AF625ABF85D00ADBB60 /* BookListTableViewCell.swift */; };
		78CF3B0725AC0E3500ADBB60 /* BookListViewModel.swift in Sources */ = {isa = PBXBuildFile; fileRef = 78CF3B0625AC0E3500ADBB60 /* BookListViewModel.swift */; };
		78CF3B3525AC48FD00ADBB60 /* BookListDataSource.swift in Sources */ = {isa = PBXBuildFile; fileRef = 78CF3B3425AC48FD00ADBB60 /* BookListDataSource.swift */; };
		78D18A88265E251500396D19 /* GoogleService-Info.plist in Resources */ = {isa = PBXBuildFile; fileRef = 78D18A87265E251500396D19 /* GoogleService-Info.plist */; };
		78DC0BA2267B92F10085F5E7 /* CombineCocoa in Frameworks */ = {isa = PBXBuildFile; productRef = 78DC0BA1267B92F10085F5E7 /* CombineCocoa */; };
		78DC0E4E267F4B710083EBC0 /* IndicatorStyle.swift in Sources */ = {isa = PBXBuildFile; fileRef = 78DC0E4D267F4B710083EBC0 /* IndicatorStyle.swift */; };
		78DE1D6725BD423A00A2C0F2 /* WishListViewController.swift in Sources */ = {isa = PBXBuildFile; fileRef = 78DE1D6625BD423A00A2C0F2 /* WishListViewController.swift */; };
		78DEE7B525AAD4D500219963 /* Localizable.strings in Resources */ = {isa = PBXBuildFile; fileRef = 78DEE7B425AAD4D500219963 /* Localizable.strings */; };
		78DEE7B925AADFC600219963 /* UIAlertController+Extension.swift in Sources */ = {isa = PBXBuildFile; fileRef = 78DEE7B825AADFC600219963 /* UIAlertController+Extension.swift */; };
		78DEE7BD25AAE3AD00219963 /* UIViewController+Extension.swift in Sources */ = {isa = PBXBuildFile; fileRef = 78DEE7BC25AAE3AD00219963 /* UIViewController+Extension.swift */; };
		78E609D325AA04300041B3D0 /* LoginViewModel.swift in Sources */ = {isa = PBXBuildFile; fileRef = 78E609D225AA04300041B3D0 /* LoginViewModel.swift */; };
		78E609F125AAAA530041B3D0 /* Validator+Protocol.swift in Sources */ = {isa = PBXBuildFile; fileRef = 78E609F025AAAA530041B3D0 /* Validator+Protocol.swift */; };
		78E609F725AAABEA0041B3D0 /* EmailValidator.swift in Sources */ = {isa = PBXBuildFile; fileRef = 78E609F625AAABEA0041B3D0 /* EmailValidator.swift */; };
		78E609FB25AAABF80041B3D0 /* PasswordValidator.swift in Sources */ = {isa = PBXBuildFile; fileRef = 78E609FA25AAABF80041B3D0 /* PasswordValidator.swift */; };
		78E60A0025AAAEAC0041B3D0 /* ObservableType+Extension.swift in Sources */ = {isa = PBXBuildFile; fileRef = 78E609FF25AAAEAC0041B3D0 /* ObservableType+Extension.swift */; };
		78EB164F267620CE00777F32 /* APIKit in Frameworks */ = {isa = PBXBuildFile; productRef = 78EB164E267620CE00777F32 /* APIKit */; };
		78EC97CE25F4923F007E80FD /* RootNavigationController.swift in Sources */ = {isa = PBXBuildFile; fileRef = 78EC97CD25F4923F007E80FD /* RootNavigationController.swift */; };
		78ED505725EB5C8B0045089C /* FirebaseStorageManager.swift in Sources */ = {isa = PBXBuildFile; fileRef = 78ED505625EB5C8B0045089C /* FirebaseStorageManager.swift */; };
		78F940E6259D7E42007C972A /* Router.swift in Sources */ = {isa = PBXBuildFile; fileRef = 78F940E5259D7E42007C972A /* Router.swift */; };
		78F940EA259D7EEF007C972A /* ViewControllers.swift in Sources */ = {isa = PBXBuildFile; fileRef = 78F940E9259D7EEF007C972A /* ViewControllers.swift */; };
		78F940EE259D995F007C972A /* ResourcesSupport.swift in Sources */ = {isa = PBXBuildFile; fileRef = 78F940ED259D995F007C972A /* ResourcesSupport.swift */; };
		78FE8CD2267B740C0006612E /* API.swift in Sources */ = {isa = PBXBuildFile; fileRef = 78FE8CD1267B740C0006612E /* API.swift */; };
		78FE8CD4267B74130006612E /* Package.swift in Sources */ = {isa = PBXBuildFile; fileRef = 78FE8CD3267B74130006612E /* Package.swift */; };
		78FE8CD6267B76750006612E /* FirebaseProvider.swift in Sources */ = {isa = PBXBuildFile; fileRef = 78FE8CD5267B76750006612E /* FirebaseProvider.swift */; };
		78FE8CD9267B79650006612E /* Localizable.swift in Sources */ = {isa = PBXBuildFile; fileRef = 78FE8CD8267B79650006612E /* Localizable.swift */; };
		78FE8CDB267B79720006612E /* Strings.swift in Sources */ = {isa = PBXBuildFile; fileRef = 78FE8CDA267B79720006612E /* Strings.swift */; };
		78FFC6992678FCA500957F9C /* DomainKit in Frameworks */ = {isa = PBXBuildFile; productRef = 78FFC6982678FCA500957F9C /* DomainKit */; };
/* End PBXBuildFile section */

/* Begin PBXContainerItemProxy section */
		7823120D259C0D9300D9E723 /* PBXContainerItemProxy */ = {
			isa = PBXContainerItemProxy;
			containerPortal = 782311EE259C0D9200D9E723 /* Project object */;
			proxyType = 1;
			remoteGlobalIDString = 782311F5259C0D9200D9E723;
			remoteInfo = Collections;
		};
/* End PBXContainerItemProxy section */

/* Begin PBXCopyFilesBuildPhase section */
		7800202A25EFD0E00000BCEB /* Embed Frameworks */ = {
			isa = PBXCopyFilesBuildPhase;
			buildActionMask = 2147483647;
			dstPath = "";
			dstSubfolderSpec = 10;
			files = (
				782E63722675E5D40029E940 /* Utility in Embed Frameworks */,
			);
			name = "Embed Frameworks";
			runOnlyForDeploymentPostprocessing = 0;
		};
/* End PBXCopyFilesBuildPhase section */

/* Begin PBXFileReference section */
		7802FBB325BBC91D00565A16 /* Date+Util.swift */ = {isa = PBXFileReference; lastKnownFileType = sourcecode.swift; path = "Date+Util.swift"; sourceTree = "<group>"; };
		7805908425F48A82002B5296 /* ChatUserListViewController.storyboard */ = {isa = PBXFileReference; lastKnownFileType = file.storyboard; path = ChatUserListViewController.storyboard; sourceTree = "<group>"; };
		7805908725F48A94002B5296 /* ChatUserListViewController.swift */ = {isa = PBXFileReference; lastKnownFileType = sourcecode.swift; path = ChatUserListViewController.swift; sourceTree = "<group>"; };
		7805908C25F48ADA002B5296 /* ChatUserListTableViewCell.swift */ = {isa = PBXFileReference; lastKnownFileType = sourcecode.swift; path = ChatUserListTableViewCell.swift; sourceTree = "<group>"; };
		7805908D25F48ADA002B5296 /* ChatUserListTableViewCell.xib */ = {isa = PBXFileReference; lastKnownFileType = file.xib; path = ChatUserListTableViewCell.xib; sourceTree = "<group>"; };
		781936B225BC5B2B00309FB7 /* BookFileManager.swift */ = {isa = PBXFileReference; lastKnownFileType = sourcecode.swift; path = BookFileManager.swift; sourceTree = "<group>"; };
		781936BF25BC752D00309FB7 /* BookViewData.swift */ = {isa = PBXFileReference; lastKnownFileType = sourcecode.swift; path = BookViewData.swift; sourceTree = "<group>"; };
		781F64C0267CB73C00D50B08 /* SignupRouting.swift */ = {isa = PBXFileReference; lastKnownFileType = sourcecode.swift; path = SignupRouting.swift; sourceTree = "<group>"; };
		7820E0AA25AEFC1200A5E6D8 /* ImageLoader.swift */ = {isa = PBXFileReference; lastKnownFileType = sourcecode.swift; path = ImageLoader.swift; sourceTree = "<group>"; };
		7821A5CF25E25C5B0006DE50 /* FirebaseAuthManager.swift */ = {isa = PBXFileReference; lastKnownFileType = sourcecode.swift; path = FirebaseAuthManager.swift; sourceTree = "<group>"; };
		7821A5D325E25C630006DE50 /* FirestoreManager.swift */ = {isa = PBXFileReference; lastKnownFileType = sourcecode.swift; path = FirestoreManager.swift; sourceTree = "<group>"; };
		782311F6259C0D9200D9E723 /* BookManager.app */ = {isa = PBXFileReference; explicitFileType = wrapper.application; includeInIndex = 0; path = BookManager.app; sourceTree = BUILT_PRODUCTS_DIR; };
		782311F9259C0D9200D9E723 /* AppDelegate.swift */ = {isa = PBXFileReference; lastKnownFileType = sourcecode.swift; path = AppDelegate.swift; sourceTree = "<group>"; };
		782311FD259C0D9200D9E723 /* SignupViewController.swift */ = {isa = PBXFileReference; lastKnownFileType = sourcecode.swift; path = SignupViewController.swift; sourceTree = "<group>"; };
		78231202259C0D9300D9E723 /* Assets.xcassets */ = {isa = PBXFileReference; lastKnownFileType = folder.assetcatalog; path = Assets.xcassets; sourceTree = "<group>"; };
		78231205259C0D9300D9E723 /* Base */ = {isa = PBXFileReference; lastKnownFileType = file.storyboard; name = Base; path = Base.lproj/LaunchScreen.storyboard; sourceTree = "<group>"; };
		78231207259C0D9300D9E723 /* Info.plist */ = {isa = PBXFileReference; lastKnownFileType = text.plist.xml; path = Info.plist; sourceTree = "<group>"; };
		7823120C259C0D9300D9E723 /* BookManagerTests.xctest */ = {isa = PBXFileReference; explicitFileType = wrapper.cfbundle; includeInIndex = 0; path = BookManagerTests.xctest; sourceTree = BUILT_PRODUCTS_DIR; };
		78231210259C0D9300D9E723 /* BookListTests.swift */ = {isa = PBXFileReference; lastKnownFileType = sourcecode.swift; path = BookListTests.swift; sourceTree = "<group>"; };
		78231212259C0D9300D9E723 /* Info.plist */ = {isa = PBXFileReference; lastKnownFileType = text.plist.xml; path = Info.plist; sourceTree = "<group>"; };
		7824042325E92A040001AB52 /* KeyboardAccessoryView.swift */ = {isa = PBXFileReference; lastKnownFileType = sourcecode.swift; path = KeyboardAccessoryView.swift; sourceTree = "<group>"; };
		7824042E25E9374D0001AB52 /* IBDesignableTextView.swift */ = {isa = PBXFileReference; lastKnownFileType = sourcecode.swift; path = IBDesignableTextView.swift; sourceTree = "<group>"; };
		782572AC25F4B2FE007962D0 /* NavigationBarConfigration.swift */ = {isa = PBXFileReference; lastKnownFileType = sourcecode.swift; path = NavigationBarConfigration.swift; sourceTree = "<group>"; };
		7826A73C25F7A885006F23AD /* ChatUserListViewModel.swift */ = {isa = PBXFileReference; lastKnownFileType = sourcecode.swift; path = ChatUserListViewModel.swift; sourceTree = "<group>"; };
		7826A74525F7AF03006F23AD /* ChatUserListUsecase.swift */ = {isa = PBXFileReference; lastKnownFileType = sourcecode.swift; path = ChatUserListUsecase.swift; sourceTree = "<group>"; };
		78299CE725E69D0D001868FB /* MyMessageTableViewCell.swift */ = {isa = PBXFileReference; lastKnownFileType = sourcecode.swift; path = MyMessageTableViewCell.swift; sourceTree = "<group>"; };
		78299CE825E69D0D001868FB /* MyMessageTableViewCell.xib */ = {isa = PBXFileReference; lastKnownFileType = file.xib; path = MyMessageTableViewCell.xib; sourceTree = "<group>"; };
		78299CED25E69E15001868FB /* OtherMessageBalloonView.swift */ = {isa = PBXFileReference; lastKnownFileType = sourcecode.swift; path = OtherMessageBalloonView.swift; sourceTree = "<group>"; };
		782E636B2675DC7A0029E940 /* Utility */ = {isa = PBXFileReference; lastKnownFileType = folder; path = Utility; sourceTree = "<group>"; };
		7833D0B926022624005DFB79 /* ChatSelectViewModel.swift */ = {isa = PBXFileReference; lastKnownFileType = sourcecode.swift; path = ChatSelectViewModel.swift; sourceTree = "<group>"; };
		7833D0C2260229E4005DFB79 /* ChatSelectDataSource.swift */ = {isa = PBXFileReference; lastKnownFileType = sourcecode.swift; path = ChatSelectDataSource.swift; sourceTree = "<group>"; };
		78421CE025E9273500950F62 /* KeyboardAccessoryView.xib */ = {isa = PBXFileReference; lastKnownFileType = file.xib; path = KeyboardAccessoryView.xib; sourceTree = "<group>"; };
		784B18ED25BD48F80071C32E /* WishListTableViewCell.swift */ = {isa = PBXFileReference; lastKnownFileType = sourcecode.swift; path = WishListTableViewCell.swift; sourceTree = "<group>"; };
		784B18EE25BD48F80071C32E /* WishListTableViewCell.xib */ = {isa = PBXFileReference; lastKnownFileType = file.xib; path = WishListTableViewCell.xib; sourceTree = "<group>"; };
		784B18F525BD4D5F0071C32E /* WishListViewModel.swift */ = {isa = PBXFileReference; lastKnownFileType = sourcecode.swift; path = WishListViewModel.swift; sourceTree = "<group>"; };
		784B18FB25BD50FC0071C32E /* WishListDataSource.swift */ = {isa = PBXFileReference; lastKnownFileType = sourcecode.swift; path = WishListDataSource.swift; sourceTree = "<group>"; };
		784E135525B29952008FD947 /* DatePicker+Util.swift */ = {isa = PBXFileReference; lastKnownFileType = sourcecode.swift; path = "DatePicker+Util.swift"; sourceTree = "<group>"; };
		784E135D25B2A13D008FD947 /* AddBookViewModel.swift */ = {isa = PBXFileReference; lastKnownFileType = sourcecode.swift; path = AddBookViewModel.swift; sourceTree = "<group>"; };
		784E138125B2F555008FD947 /* NumberValidator.swift */ = {isa = PBXFileReference; lastKnownFileType = sourcecode.swift; path = NumberValidator.swift; sourceTree = "<group>"; };
		78524FC825E533E3002AEF87 /* ChatRoomViewController.swift */ = {isa = PBXFileReference; lastKnownFileType = sourcecode.swift; path = ChatRoomViewController.swift; sourceTree = "<group>"; };
		78524FCC25E533FA002AEF87 /* ChatRoomViewController.storyboard */ = {isa = PBXFileReference; lastKnownFileType = file.storyboard; path = ChatRoomViewController.storyboard; sourceTree = "<group>"; };
		785A1AB625A9A369005E8A4B /* SignupViewModel.swift */ = {isa = PBXFileReference; lastKnownFileType = sourcecode.swift; path = SignupViewModel.swift; sourceTree = "<group>"; };
		785AB27125E9C527000FEEFE /* TapAction.swift */ = {isa = PBXFileReference; lastKnownFileType = sourcecode.swift; path = TapAction.swift; sourceTree = "<group>"; };
		7862C15325E2596D00F1645A /* FirebaseModelProtocol.swift */ = {isa = PBXFileReference; lastKnownFileType = sourcecode.swift; path = FirebaseModelProtocol.swift; sourceTree = "<group>"; };
		7862C15725E25B5C00F1645A /* FirestoreUser.swift */ = {isa = PBXFileReference; lastKnownFileType = sourcecode.swift; path = FirestoreUser.swift; sourceTree = "<group>"; };
		7873D279267E0C65007F7B31 /* WishListRouting.swift */ = {isa = PBXFileReference; lastKnownFileType = sourcecode.swift; path = WishListRouting.swift; sourceTree = "<group>"; };
		7873D27B267E1046007F7B31 /* RootTabBarController.swift */ = {isa = PBXFileReference; lastKnownFileType = sourcecode.swift; path = RootTabBarController.swift; sourceTree = "<group>"; };
		78752AA3267EEBA9000B87AC /* Layout.swift */ = {isa = PBXFileReference; lastKnownFileType = sourcecode.swift; path = Layout.swift; sourceTree = "<group>"; };
		78752AA5267EEE92000B87AC /* Style.swift */ = {isa = PBXFileReference; lastKnownFileType = sourcecode.swift; path = Style.swift; sourceTree = "<group>"; };
		78752AA8267EF0D0000B87AC /* TextFieldStyle.swift */ = {isa = PBXFileReference; lastKnownFileType = sourcecode.swift; path = TextFieldStyle.swift; sourceTree = "<group>"; };
		78752AAA267EF0D9000B87AC /* ButtonStyle.swift */ = {isa = PBXFileReference; lastKnownFileType = sourcecode.swift; path = ButtonStyle.swift; sourceTree = "<group>"; };
		78752AAC267EF39D000B87AC /* StackViewStyle.swift */ = {isa = PBXFileReference; lastKnownFileType = sourcecode.swift; path = StackViewStyle.swift; sourceTree = "<group>"; };
		78752AAE267EF412000B87AC /* LabelStyle.swift */ = {isa = PBXFileReference; lastKnownFileType = sourcecode.swift; path = LabelStyle.swift; sourceTree = "<group>"; };
		78769C4325EA28A6007791E0 /* NameValidator.swift */ = {isa = PBXFileReference; lastKnownFileType = sourcecode.swift; path = NameValidator.swift; sourceTree = "<group>"; };
		78772B3B25B3D37300E6493E /* PurchaseDateValidator.swift */ = {isa = PBXFileReference; lastKnownFileType = sourcecode.swift; path = PurchaseDateValidator.swift; sourceTree = "<group>"; };
		78772B4D25B3DEBD00E6493E /* Array+Util.swift */ = {isa = PBXFileReference; lastKnownFileType = sourcecode.swift; path = "Array+Util.swift"; sourceTree = "<group>"; };
		78772B5325B3E48B00E6493E /* EditBookViewModel.swift */ = {isa = PBXFileReference; lastKnownFileType = sourcecode.swift; path = EditBookViewModel.swift; sourceTree = "<group>"; };
		787CB2EB2600C3AD003B8CC9 /* ChatMessage.swift */ = {isa = PBXFileReference; lastKnownFileType = sourcecode.swift; path = ChatMessage.swift; sourceTree = "<group>"; };
		787CB2EE2600C50E003B8CC9 /* ChatRoomViewModel.swift */ = {isa = PBXFileReference; lastKnownFileType = sourcecode.swift; path = ChatRoomViewModel.swift; sourceTree = "<group>"; };
		787CB2F22600C7B2003B8CC9 /* ChatRoomDataSource.swift */ = {isa = PBXFileReference; lastKnownFileType = sourcecode.swift; path = ChatRoomDataSource.swift; sourceTree = "<group>"; };
		787CB2F82600E0C5003B8CC9 /* Room.swift */ = {isa = PBXFileReference; lastKnownFileType = sourcecode.swift; path = Room.swift; sourceTree = "<group>"; };
		787FD0B825F9072800FBE386 /* ChatUserListDataSource.swift */ = {isa = PBXFileReference; lastKnownFileType = sourcecode.swift; path = ChatUserListDataSource.swift; sourceTree = "<group>"; };
		78844C6025B0873600C9AEC0 /* AddBookViewController.swift */ = {isa = PBXFileReference; lastKnownFileType = sourcecode.swift; path = AddBookViewController.swift; sourceTree = "<group>"; };
		7892EF51259C58C0006F7315 /* IBDesignableButton.swift */ = {isa = PBXFileReference; lastKnownFileType = sourcecode.swift; path = IBDesignableButton.swift; sourceTree = "<group>"; };
		7892EF5B259C5DF0006F7315 /* IBDesignableTextField.swift */ = {isa = PBXFileReference; lastKnownFileType = sourcecode.swift; path = IBDesignableTextField.swift; sourceTree = "<group>"; };
		7892EF61259C642C006F7315 /* IBDesignableView.swift */ = {isa = PBXFileReference; lastKnownFileType = sourcecode.swift; path = IBDesignableView.swift; sourceTree = "<group>"; };
		7892EF6B259C7212006F7315 /* Images.swift */ = {isa = PBXFileReference; lastKnownFileType = sourcecode.swift; path = Images.swift; sourceTree = "<group>"; };
		7892EF6F259C721F006F7315 /* Resources.swift */ = {isa = PBXFileReference; lastKnownFileType = sourcecode.swift; path = Resources.swift; sourceTree = "<group>"; };
		7892EF78259C73C9006F7315 /* KeyboardNotifier.swift */ = {isa = PBXFileReference; lastKnownFileType = sourcecode.swift; path = KeyboardNotifier.swift; sourceTree = "<group>"; };
		78987B3B259C8813008311DC /* LoginViewController.swift */ = {isa = PBXFileReference; lastKnownFileType = sourcecode.swift; path = LoginViewController.swift; sourceTree = "<group>"; };
		78997EE4259C4C5E0076FF97 /* UIView-IBInspectable-Extensions.swift */ = {isa = PBXFileReference; lastKnownFileType = sourcecode.swift; path = "UIView-IBInspectable-Extensions.swift"; sourceTree = "<group>"; };
		78B29D0025B3124A00A7DC7F /* TitleValidator.swift */ = {isa = PBXFileReference; lastKnownFileType = sourcecode.swift; path = TitleValidator.swift; sourceTree = "<group>"; };
		78B29D1B25B3310000A7DC7F /* EditBookViewController.swift */ = {isa = PBXFileReference; lastKnownFileType = sourcecode.swift; path = EditBookViewController.swift; sourceTree = "<group>"; };
		78B2A162267B7F6B00D9EA0E /* Routing.swift */ = {isa = PBXFileReference; lastKnownFileType = sourcecode.swift; path = Routing.swift; sourceTree = "<group>"; };
		78B2A164267B7F7100D9EA0E /* ViewModel.swift */ = {isa = PBXFileReference; lastKnownFileType = sourcecode.swift; path = ViewModel.swift; sourceTree = "<group>"; };
		78B2A166267B7F7900D9EA0E /* VCInjectable.swift */ = {isa = PBXFileReference; lastKnownFileType = sourcecode.swift; path = VCInjectable.swift; sourceTree = "<group>"; };
		78B2A16A267B89D300D9EA0E /* LoginRouting.swift */ = {isa = PBXFileReference; lastKnownFileType = sourcecode.swift; path = LoginRouting.swift; sourceTree = "<group>"; };
		78B2A16C267B8A6100D9EA0E /* LoadingState.swift */ = {isa = PBXFileReference; lastKnownFileType = sourcecode.swift; path = LoadingState.swift; sourceTree = "<group>"; };
		78B8A68E25E54021005BCB16 /* OtherMessageTableViewCell.swift */ = {isa = PBXFileReference; lastKnownFileType = sourcecode.swift; path = OtherMessageTableViewCell.swift; sourceTree = "<group>"; };
		78B8A68F25E54021005BCB16 /* OtherMessageTableViewCell.xib */ = {isa = PBXFileReference; lastKnownFileType = file.xib; path = OtherMessageTableViewCell.xib; sourceTree = "<group>"; };
		78B8A69525E54AEB005BCB16 /* MyMessageBalloonView.swift */ = {isa = PBXFileReference; lastKnownFileType = sourcecode.swift; path = MyMessageBalloonView.swift; sourceTree = "<group>"; };
		78C61C2B25A1716800DC78A6 /* String+Util.swift */ = {isa = PBXFileReference; lastKnownFileType = sourcecode.swift; path = "String+Util.swift"; sourceTree = "<group>"; };
		78C7F3A625E525C5005E9E2B /* ChatSelectViewController.swift */ = {isa = PBXFileReference; lastKnownFileType = sourcecode.swift; path = ChatSelectViewController.swift; sourceTree = "<group>"; };
		78C7F3AA25E525E5005E9E2B /* ChatSelectViewController.storyboard */ = {isa = PBXFileReference; lastKnownFileType = file.storyboard; path = ChatSelectViewController.storyboard; sourceTree = "<group>"; };
		78C7F3AF25E52C94005E9E2B /* ChatSelectTableViewCell.swift */ = {isa = PBXFileReference; lastKnownFileType = sourcecode.swift; path = ChatSelectTableViewCell.swift; sourceTree = "<group>"; };
		78C7F3B025E52C94005E9E2B /* ChatSelectTableViewCell.xib */ = {isa = PBXFileReference; lastKnownFileType = file.xib; path = ChatSelectTableViewCell.xib; sourceTree = "<group>"; };
		78CB209125EA48EB00D4E22D /* FirebaseManager.swift */ = {isa = PBXFileReference; lastKnownFileType = sourcecode.swift; path = FirebaseManager.swift; sourceTree = "<group>"; };
		78CC0ED4267DBE3D003489E1 /* BookListRouting.swift */ = {isa = PBXFileReference; lastKnownFileType = sourcecode.swift; path = BookListRouting.swift; sourceTree = "<group>"; };
		78CE46BA26808E920086837B /* ImageViewStyle.swift */ = {isa = PBXFileReference; lastKnownFileType = sourcecode.swift; path = ImageViewStyle.swift; sourceTree = "<group>"; };
		78CF3AF225ABF82900ADBB60 /* BookListViewController.swift */ = {isa = PBXFileReference; lastKnownFileType = sourcecode.swift; path = BookListViewController.swift; sourceTree = "<group>"; };
		78CF3AF625ABF85D00ADBB60 /* BookListTableViewCell.swift */ = {isa = PBXFileReference; lastKnownFileType = sourcecode.swift; path = BookListTableViewCell.swift; sourceTree = "<group>"; };
		78CF3B0625AC0E3500ADBB60 /* BookListViewModel.swift */ = {isa = PBXFileReference; lastKnownFileType = sourcecode.swift; path = BookListViewModel.swift; sourceTree = "<group>"; };
		78CF3B3425AC48FD00ADBB60 /* BookListDataSource.swift */ = {isa = PBXFileReference; lastKnownFileType = sourcecode.swift; path = BookListDataSource.swift; sourceTree = "<group>"; };
		78D18A87265E251500396D19 /* GoogleService-Info.plist */ = {isa = PBXFileReference; fileEncoding = 4; lastKnownFileType = text.plist.xml; path = "GoogleService-Info.plist"; sourceTree = "<group>"; };
		78DC0E4D267F4B710083EBC0 /* IndicatorStyle.swift */ = {isa = PBXFileReference; lastKnownFileType = sourcecode.swift; path = IndicatorStyle.swift; sourceTree = "<group>"; };
		78DE1D6625BD423A00A2C0F2 /* WishListViewController.swift */ = {isa = PBXFileReference; lastKnownFileType = sourcecode.swift; path = WishListViewController.swift; sourceTree = "<group>"; };
		78DEE7B425AAD4D500219963 /* Localizable.strings */ = {isa = PBXFileReference; lastKnownFileType = text.plist.strings; path = Localizable.strings; sourceTree = "<group>"; };
		78DEE7B825AADFC600219963 /* UIAlertController+Extension.swift */ = {isa = PBXFileReference; lastKnownFileType = sourcecode.swift; path = "UIAlertController+Extension.swift"; sourceTree = "<group>"; };
		78DEE7BC25AAE3AD00219963 /* UIViewController+Extension.swift */ = {isa = PBXFileReference; lastKnownFileType = sourcecode.swift; path = "UIViewController+Extension.swift"; sourceTree = "<group>"; };
		78E609D225AA04300041B3D0 /* LoginViewModel.swift */ = {isa = PBXFileReference; lastKnownFileType = sourcecode.swift; path = LoginViewModel.swift; sourceTree = "<group>"; };
		78E609F025AAAA530041B3D0 /* Validator+Protocol.swift */ = {isa = PBXFileReference; lastKnownFileType = sourcecode.swift; path = "Validator+Protocol.swift"; sourceTree = "<group>"; };
		78E609F625AAABEA0041B3D0 /* EmailValidator.swift */ = {isa = PBXFileReference; lastKnownFileType = sourcecode.swift; path = EmailValidator.swift; sourceTree = "<group>"; };
		78E609FA25AAABF80041B3D0 /* PasswordValidator.swift */ = {isa = PBXFileReference; lastKnownFileType = sourcecode.swift; path = PasswordValidator.swift; sourceTree = "<group>"; };
		78E609FF25AAAEAC0041B3D0 /* ObservableType+Extension.swift */ = {isa = PBXFileReference; lastKnownFileType = sourcecode.swift; path = "ObservableType+Extension.swift"; sourceTree = "<group>"; };
		78EB164D2676201C00777F32 /* APIKit */ = {isa = PBXFileReference; lastKnownFileType = folder; path = APIKit; sourceTree = "<group>"; };
		78EC97CD25F4923F007E80FD /* RootNavigationController.swift */ = {isa = PBXFileReference; lastKnownFileType = sourcecode.swift; path = RootNavigationController.swift; sourceTree = "<group>"; };
		78ED505625EB5C8B0045089C /* FirebaseStorageManager.swift */ = {isa = PBXFileReference; lastKnownFileType = sourcecode.swift; path = FirebaseStorageManager.swift; sourceTree = "<group>"; };
		78F940E5259D7E42007C972A /* Router.swift */ = {isa = PBXFileReference; lastKnownFileType = sourcecode.swift; path = Router.swift; sourceTree = "<group>"; };
		78F940E9259D7EEF007C972A /* ViewControllers.swift */ = {isa = PBXFileReference; lastKnownFileType = sourcecode.swift; path = ViewControllers.swift; sourceTree = "<group>"; };
		78F940ED259D995F007C972A /* ResourcesSupport.swift */ = {isa = PBXFileReference; lastKnownFileType = sourcecode.swift; path = ResourcesSupport.swift; sourceTree = "<group>"; };
		78FE8CD1267B740C0006612E /* API.swift */ = {isa = PBXFileReference; lastKnownFileType = sourcecode.swift; path = API.swift; sourceTree = "<group>"; };
		78FE8CD3267B74130006612E /* Package.swift */ = {isa = PBXFileReference; lastKnownFileType = sourcecode.swift; path = Package.swift; sourceTree = "<group>"; };
		78FE8CD5267B76750006612E /* FirebaseProvider.swift */ = {isa = PBXFileReference; lastKnownFileType = sourcecode.swift; path = FirebaseProvider.swift; sourceTree = "<group>"; };
		78FE8CD8267B79650006612E /* Localizable.swift */ = {isa = PBXFileReference; lastKnownFileType = sourcecode.swift; path = Localizable.swift; sourceTree = "<group>"; };
		78FE8CDA267B79720006612E /* Strings.swift */ = {isa = PBXFileReference; lastKnownFileType = sourcecode.swift; path = Strings.swift; sourceTree = "<group>"; };
		78FFC6972678F8F300957F9C /* DomainKit */ = {isa = PBXFileReference; lastKnownFileType = folder; path = DomainKit; sourceTree = "<group>"; };
/* End PBXFileReference section */

/* Begin PBXFrameworksBuildPhase section */
		782311F3259C0D9200D9E723 /* Frameworks */ = {
			isa = PBXFrameworksBuildPhase;
			buildActionMask = 2147483647;
			files = (
				781CC39A2658E4550075D260 /* FirebaseStorage in Frameworks */,
				781CC3982658E4550075D260 /* FirebaseStorageSwift-Beta in Frameworks */,
				781CC39E2658E4550075D260 /* FirebaseAuth in Frameworks */,
				782E63712675E5D40029E940 /* Utility in Frameworks */,
				78FFC6992678FCA500957F9C /* DomainKit in Frameworks */,
				781CC3942658E4550075D260 /* FirebaseFirestoreSwift-Beta in Frameworks */,
				781CC3922658E4550075D260 /* FirebaseFirestore in Frameworks */,
				781CC3A12658E6E00075D260 /* RxSwift in Frameworks */,
				781CC3A72658E6E00075D260 /* RxCocoa in Frameworks */,
				781CC39C2658E4550075D260 /* FirebaseCrashlytics in Frameworks */,
				781CC3962658E4550075D260 /* FirebaseAnalytics in Frameworks */,
				781CC3A52658E6E00075D260 /* RxRelay in Frameworks */,
				78EB164F267620CE00777F32 /* APIKit in Frameworks */,
				78DC0BA2267B92F10085F5E7 /* CombineCocoa in Frameworks */,
				78B6B4D82658EA3000AE45E5 /* KeychainAccess in Frameworks */,
			);
			runOnlyForDeploymentPostprocessing = 0;
		};
		78231209259C0D9300D9E723 /* Frameworks */ = {
			isa = PBXFrameworksBuildPhase;
			buildActionMask = 2147483647;
			files = (
			);
			runOnlyForDeploymentPostprocessing = 0;
		};
/* End PBXFrameworksBuildPhase section */

/* Begin PBXGroup section */
		7805908325F48A54002B5296 /* ChatUserList */ = {
			isa = PBXGroup;
			children = (
				7826A74525F7AF03006F23AD /* ChatUserListUsecase.swift */,
				7826A73C25F7A885006F23AD /* ChatUserListViewModel.swift */,
				787FD0B825F9072800FBE386 /* ChatUserListDataSource.swift */,
				7805908725F48A94002B5296 /* ChatUserListViewController.swift */,
				7805908425F48A82002B5296 /* ChatUserListViewController.storyboard */,
			);
			path = ChatUserList;
			sourceTree = "<group>";
		};
		780F6B8D268238B5002D7513 /* View */ = {
			isa = PBXGroup;
			children = (
				78CF3AF625ABF85D00ADBB60 /* BookListTableViewCell.swift */,
			);
			path = View;
			sourceTree = "<group>";
		};
		781936BE25BC752000309FB7 /* ViewData */ = {
			isa = PBXGroup;
			children = (
				781936BF25BC752D00309FB7 /* BookViewData.swift */,
			);
			path = ViewData;
			sourceTree = "<group>";
		};
		781B121B25E69A75006968ED /* OtherMessageCell */ = {
			isa = PBXGroup;
			children = (
				78299CED25E69E15001868FB /* OtherMessageBalloonView.swift */,
				78B8A68E25E54021005BCB16 /* OtherMessageTableViewCell.swift */,
				78B8A68F25E54021005BCB16 /* OtherMessageTableViewCell.xib */,
			);
			path = OtherMessageCell;
			sourceTree = "<group>";
		};
		7820E0A925AEFBFF00A5E6D8 /* ImageLoader */ = {
			isa = PBXGroup;
			children = (
				7820E0AA25AEFC1200A5E6D8 /* ImageLoader.swift */,
			);
			path = ImageLoader;
			sourceTree = "<group>";
		};
		7821A5CD25E25BEE0006DE50 /* FirebaseAuth */ = {
			isa = PBXGroup;
			children = (
				7821A5CF25E25C5B0006DE50 /* FirebaseAuthManager.swift */,
			);
			path = FirebaseAuth;
			sourceTree = "<group>";
		};
		7821A5CE25E25C090006DE50 /* Firestore */ = {
			isa = PBXGroup;
			children = (
				7821A5D325E25C630006DE50 /* FirestoreManager.swift */,
			);
			path = Firestore;
			sourceTree = "<group>";
		};
		782311ED259C0D9200D9E723 = {
			isa = PBXGroup;
			children = (
				782311F8259C0D9200D9E723 /* BookManager */,
				7823120F259C0D9300D9E723 /* BookManagerTests */,
				782311F7259C0D9200D9E723 /* Products */,
				782E636D2675E5D40029E940 /* Frameworks */,
			);
			sourceTree = "<group>";
		};
		782311F7259C0D9200D9E723 /* Products */ = {
			isa = PBXGroup;
			children = (
				782311F6259C0D9200D9E723 /* BookManager.app */,
				7823120C259C0D9300D9E723 /* BookManagerTests.xctest */,
			);
			name = Products;
			sourceTree = "<group>";
		};
		782311F8259C0D9200D9E723 /* BookManager */ = {
			isa = PBXGroup;
			children = (
				78EB164D2676201C00777F32 /* APIKit */,
				78FFC6972678F8F300957F9C /* DomainKit */,
				782E636B2675DC7A0029E940 /* Utility */,
				78FE8CD0267B73FE0006612E /* Configuration */,
				78997EBA259C346B0076FF97 /* Presentation */,
				78FE8CD7267B79480006612E /* Resource */,
				78997EC2259C350B0076FF97 /* Utility */,
				781936B225BC5B2B00309FB7 /* BookFileManager.swift */,
				78231207259C0D9300D9E723 /* Info.plist */,
				78D18A87265E251500396D19 /* GoogleService-Info.plist */,
				78B2A169267B87B600D9EA0E /* Before */,
			);
			path = BookManager;
			sourceTree = "<group>";
		};
		7823120F259C0D9300D9E723 /* BookManagerTests */ = {
			isa = PBXGroup;
			children = (
				78231212259C0D9300D9E723 /* Info.plist */,
				78231210259C0D9300D9E723 /* BookListTests.swift */,
			);
			path = BookManagerTests;
			sourceTree = "<group>";
		};
		78299CE625E69CFD001868FB /* MyMessageCell */ = {
			isa = PBXGroup;
			children = (
				78B8A69525E54AEB005BCB16 /* MyMessageBalloonView.swift */,
				78299CE725E69D0D001868FB /* MyMessageTableViewCell.swift */,
				78299CE825E69D0D001868FB /* MyMessageTableViewCell.xib */,
			);
			path = MyMessageCell;
			sourceTree = "<group>";
		};
		782E636D2675E5D40029E940 /* Frameworks */ = {
			isa = PBXGroup;
			children = (
			);
			name = Frameworks;
			sourceTree = "<group>";
		};
		78421CDF25E926FD00950F62 /* KeyboardAccessory */ = {
			isa = PBXGroup;
			children = (
				7824042325E92A040001AB52 /* KeyboardAccessoryView.swift */,
				78421CE025E9273500950F62 /* KeyboardAccessoryView.xib */,
			);
			path = KeyboardAccessory;
			sourceTree = "<group>";
		};
		78524FC625E533A6002AEF87 /* Chat */ = {
			isa = PBXGroup;
			children = (
				78C7F3A525E52597005E9E2B /* ChatSelect */,
				7805908325F48A54002B5296 /* ChatUserList */,
				78524FC725E533BE002AEF87 /* ChatRoom */,
			);
			path = Chat;
			sourceTree = "<group>";
		};
		78524FC725E533BE002AEF87 /* ChatRoom */ = {
			isa = PBXGroup;
			children = (
				787CB2EE2600C50E003B8CC9 /* ChatRoomViewModel.swift */,
				787CB2F22600C7B2003B8CC9 /* ChatRoomDataSource.swift */,
				78524FC825E533E3002AEF87 /* ChatRoomViewController.swift */,
				78524FCC25E533FA002AEF87 /* ChatRoomViewController.storyboard */,
			);
			path = ChatRoom;
			sourceTree = "<group>";
		};
		7862C15225E2591800F1645A /* Firebase */ = {
			isa = PBXGroup;
			children = (
				7862C15A25E25B6300F1645A /* Model */,
				78CB209025EA48DD00D4E22D /* FirebaseConfiguration */,
				7821A5CD25E25BEE0006DE50 /* FirebaseAuth */,
				78ED505525EB5C7A0045089C /* FirebaseStorage */,
				7821A5CE25E25C090006DE50 /* Firestore */,
			);
			path = Firebase;
			sourceTree = "<group>";
		};
		7862C15A25E25B6300F1645A /* Model */ = {
			isa = PBXGroup;
			children = (
				7862C15325E2596D00F1645A /* FirebaseModelProtocol.swift */,
				7862C15725E25B5C00F1645A /* FirestoreUser.swift */,
				787CB2EB2600C3AD003B8CC9 /* ChatMessage.swift */,
				787CB2F82600E0C5003B8CC9 /* Room.swift */,
			);
			path = Model;
			sourceTree = "<group>";
		};
		787052D225B06DC900CAAC3E /* Book */ = {
			isa = PBXGroup;
			children = (
				78CF3AEC25ABF7EA00ADBB60 /* BookList */,
				787052D325B06DD800CAAC3E /* AddBook */,
				78B29D1A25B330D600A7DC7F /* EditBook */,
				78DE1D6525BD41D100A2C0F2 /* WishList */,
			);
			path = Book;
			sourceTree = "<group>";
		};
		787052D325B06DD800CAAC3E /* AddBook */ = {
			isa = PBXGroup;
			children = (
				784E135D25B2A13D008FD947 /* AddBookViewModel.swift */,
				78844C6025B0873600C9AEC0 /* AddBookViewController.swift */,
			);
			path = AddBook;
			sourceTree = "<group>";
		};
		78752AA7267EF010000B87AC /* Component */ = {
			isa = PBXGroup;
			children = (
				78752AAA267EF0D9000B87AC /* ButtonStyle.swift */,
				78752AAE267EF412000B87AC /* LabelStyle.swift */,
				78CE46BA26808E920086837B /* ImageViewStyle.swift */,
				78DC0E4D267F4B710083EBC0 /* IndicatorStyle.swift */,
				78752AA8267EF0D0000B87AC /* TextFieldStyle.swift */,
				78752AAC267EF39D000B87AC /* StackViewStyle.swift */,
			);
			path = Component;
			sourceTree = "<group>";
		};
		78772B4125B3D56200E6493E /* Account */ = {
			isa = PBXGroup;
			children = (
				78769C4325EA28A6007791E0 /* NameValidator.swift */,
				78E609F625AAABEA0041B3D0 /* EmailValidator.swift */,
				78E609FA25AAABF80041B3D0 /* PasswordValidator.swift */,
			);
			path = Account;
			sourceTree = "<group>";
		};
		78772B4225B3D56800E6493E /* Book */ = {
			isa = PBXGroup;
			children = (
				78B29D0025B3124A00A7DC7F /* TitleValidator.swift */,
				78772B3B25B3D37300E6493E /* PurchaseDateValidator.swift */,
				784E138125B2F555008FD947 /* NumberValidator.swift */,
			);
			path = Book;
			sourceTree = "<group>";
		};
		7892EF48259C539B006F7315 /* IBDesignable */ = {
			isa = PBXGroup;
			children = (
				7892EF61259C642C006F7315 /* IBDesignableView.swift */,
				7824042E25E9374D0001AB52 /* IBDesignableTextView.swift */,
				7892EF5B259C5DF0006F7315 /* IBDesignableTextField.swift */,
				7892EF51259C58C0006F7315 /* IBDesignableButton.swift */,
			);
			path = IBDesignable;
			sourceTree = "<group>";
		};
		7892EF77259C73B2006F7315 /* Service */ = {
			isa = PBXGroup;
			children = (
				7892EF78259C73C9006F7315 /* KeyboardNotifier.swift */,
			);
			path = Service;
			sourceTree = "<group>";
		};
		78987B36259C87EE008311DC /* Login */ = {
			isa = PBXGroup;
			children = (
				78B2A16A267B89D300D9EA0E /* LoginRouting.swift */,
				78987B3B259C8813008311DC /* LoginViewController.swift */,
				78E609D225AA04300041B3D0 /* LoginViewModel.swift */,
			);
			path = Login;
			sourceTree = "<group>";
		};
		78997EB8259C345F0076FF97 /* AppResources */ = {
			isa = PBXGroup;
			children = (
				78F940ED259D995F007C972A /* ResourcesSupport.swift */,
			);
			path = AppResources;
			sourceTree = "<group>";
		};
		78997EBA259C346B0076FF97 /* Presentation */ = {
			isa = PBXGroup;
			children = (
				78997EC1259C34F70076FF97 /* AppDelegate */,
				78752AA7267EF010000B87AC /* Component */,
				78B2A168267B863000D9EA0E /* Container */,
				78B2A161267B7EB000D9EA0E /* Core */,
				78997EC3259C35100076FF97 /* Screen */,
				78CF3AED25ABF80700ADBB60 /* View */,
				781936BE25BC752000309FB7 /* ViewData */,
			);
			path = Presentation;
			sourceTree = "<group>";
		};
		78997EBD259C34A00076FF97 /* Support */ = {
			isa = PBXGroup;
			children = (
				78997EBF259C34C40076FF97 /* LocalizedStrings */,
			);
			path = Support;
			sourceTree = "<group>";
		};
		78997EBF259C34C40076FF97 /* LocalizedStrings */ = {
			isa = PBXGroup;
			children = (
				78DEE7B425AAD4D500219963 /* Localizable.strings */,
			);
			path = LocalizedStrings;
			sourceTree = "<group>";
		};
		78997EC1259C34F70076FF97 /* AppDelegate */ = {
			isa = PBXGroup;
			children = (
				782311F9259C0D9200D9E723 /* AppDelegate.swift */,
			);
			path = AppDelegate;
			sourceTree = "<group>";
		};
		78997EC2259C350B0076FF97 /* Utility */ = {
			isa = PBXGroup;
			children = (
				78C61C2A25A1714B00DC78A6 /* AppUtil */,
				78997EE3259C4C4D0076FF97 /* Extension */,
				78FE8CD5267B76750006612E /* FirebaseProvider.swift */,
				78752AA3267EEBA9000B87AC /* Layout.swift */,
				78B2A16C267B8A6100D9EA0E /* LoadingState.swift */,
				78752AA5267EEE92000B87AC /* Style.swift */,
				7892EF48259C539B006F7315 /* IBDesignable */,
				7892EF77259C73B2006F7315 /* Service */,
				7820E0A925AEFBFF00A5E6D8 /* ImageLoader */,
				78E609EF25AAAA210041B3D0 /* Validator */,
			);
			name = Utility;
			path = Presentation/Utility;
			sourceTree = "<group>";
		};
		78997EC3259C35100076FF97 /* Screen */ = {
			isa = PBXGroup;
			children = (
				78997EC7259C353E0076FF97 /* Launch */,
				78DF9170259C7D77007E5D9A /* Signup */,
				78987B36259C87EE008311DC /* Login */,
				787052D225B06DC900CAAC3E /* Book */,
				78524FC625E533A6002AEF87 /* Chat */,
				78997EC5259C35230076FF97 /* Router */,
			);
			path = Screen;
			sourceTree = "<group>";
		};
		78997EC5259C35230076FF97 /* Router */ = {
			isa = PBXGroup;
			children = (
				78F940E5259D7E42007C972A /* Router.swift */,
			);
			path = Router;
			sourceTree = "<group>";
		};
		78997EC7259C353E0076FF97 /* Launch */ = {
			isa = PBXGroup;
			children = (
				78231204259C0D9300D9E723 /* LaunchScreen.storyboard */,
			);
			path = Launch;
			sourceTree = "<group>";
		};
		78997EE3259C4C4D0076FF97 /* Extension */ = {
			isa = PBXGroup;
			children = (
				78997EE4259C4C5E0076FF97 /* UIView-IBInspectable-Extensions.swift */,
				78DEE7BC25AAE3AD00219963 /* UIViewController+Extension.swift */,
				78DEE7B825AADFC600219963 /* UIAlertController+Extension.swift */,
				78E609FF25AAAEAC0041B3D0 /* ObservableType+Extension.swift */,
				785AB27125E9C527000FEEFE /* TapAction.swift */,
			);
			path = Extension;
			sourceTree = "<group>";
		};
		78B29D1A25B330D600A7DC7F /* EditBook */ = {
			isa = PBXGroup;
			children = (
				78772B5325B3E48B00E6493E /* EditBookViewModel.swift */,
				78B29D1B25B3310000A7DC7F /* EditBookViewController.swift */,
			);
			path = EditBook;
			sourceTree = "<group>";
		};
		78B2A161267B7EB000D9EA0E /* Core */ = {
			isa = PBXGroup;
			children = (
				78B2A162267B7F6B00D9EA0E /* Routing.swift */,
				78B2A166267B7F7900D9EA0E /* VCInjectable.swift */,
				78B2A164267B7F7100D9EA0E /* ViewModel.swift */,
			);
			path = Core;
			sourceTree = "<group>";
		};
		78B2A168267B863000D9EA0E /* Container */ = {
			isa = PBXGroup;
			children = (
				782572AC25F4B2FE007962D0 /* NavigationBarConfigration.swift */,
				78EC97CD25F4923F007E80FD /* RootNavigationController.swift */,
				7873D27B267E1046007F7B31 /* RootTabBarController.swift */,
			);
			path = Container;
			sourceTree = "<group>";
		};
		78B2A169267B87B600D9EA0E /* Before */ = {
			isa = PBXGroup;
			children = (
				7862C15225E2591800F1645A /* Firebase */,
				78997EB8259C345F0076FF97 /* AppResources */,
			);
			path = Before;
			sourceTree = "<group>";
		};
		78C61C2A25A1714B00DC78A6 /* AppUtil */ = {
			isa = PBXGroup;
			children = (
				78C61C2B25A1716800DC78A6 /* String+Util.swift */,
				78772B4D25B3DEBD00E6493E /* Array+Util.swift */,
				7802FBB325BBC91D00565A16 /* Date+Util.swift */,
				784E135525B29952008FD947 /* DatePicker+Util.swift */,
			);
			path = AppUtil;
			sourceTree = "<group>";
		};
		78C7F3A525E52597005E9E2B /* ChatSelect */ = {
			isa = PBXGroup;
			children = (
				7833D0B926022624005DFB79 /* ChatSelectViewModel.swift */,
				7833D0C2260229E4005DFB79 /* ChatSelectDataSource.swift */,
				78C7F3A625E525C5005E9E2B /* ChatSelectViewController.swift */,
				78C7F3AA25E525E5005E9E2B /* ChatSelectViewController.storyboard */,
			);
			path = ChatSelect;
			sourceTree = "<group>";
		};
		78CB209025EA48DD00D4E22D /* FirebaseConfiguration */ = {
			isa = PBXGroup;
			children = (
				78CB209125EA48EB00D4E22D /* FirebaseManager.swift */,
			);
			path = FirebaseConfiguration;
			sourceTree = "<group>";
		};
		78CF3AEC25ABF7EA00ADBB60 /* BookList */ = {
			isa = PBXGroup;
			children = (
				780F6B8D268238B5002D7513 /* View */,
				78CC0ED4267DBE3D003489E1 /* BookListRouting.swift */,
				78CF3B3425AC48FD00ADBB60 /* BookListDataSource.swift */,
				78CF3AF225ABF82900ADBB60 /* BookListViewController.swift */,
				78CF3B0625AC0E3500ADBB60 /* BookListViewModel.swift */,
			);
			path = BookList;
			sourceTree = "<group>";
		};
		78CF3AED25ABF80700ADBB60 /* View */ = {
			isa = PBXGroup;
			children = (
				78421CDF25E926FD00950F62 /* KeyboardAccessory */,
				78299CE625E69CFD001868FB /* MyMessageCell */,
				781B121B25E69A75006968ED /* OtherMessageCell */,
				78C7F3AF25E52C94005E9E2B /* ChatSelectTableViewCell.swift */,
				78C7F3B025E52C94005E9E2B /* ChatSelectTableViewCell.xib */,
				7805908C25F48ADA002B5296 /* ChatUserListTableViewCell.swift */,
				7805908D25F48ADA002B5296 /* ChatUserListTableViewCell.xib */,
				784B18ED25BD48F80071C32E /* WishListTableViewCell.swift */,
				784B18EE25BD48F80071C32E /* WishListTableViewCell.xib */,
			);
			path = View;
			sourceTree = "<group>";
		};
		78DE1D6525BD41D100A2C0F2 /* WishList */ = {
			isa = PBXGroup;
			children = (
				7873D279267E0C65007F7B31 /* WishListRouting.swift */,
				784B18FB25BD50FC0071C32E /* WishListDataSource.swift */,
				78DE1D6625BD423A00A2C0F2 /* WishListViewController.swift */,
				784B18F525BD4D5F0071C32E /* WishListViewModel.swift */,
			);
			path = WishList;
			sourceTree = "<group>";
		};
		78DF9170259C7D77007E5D9A /* Signup */ = {
			isa = PBXGroup;
			children = (
				781F64C0267CB73C00D50B08 /* SignupRouting.swift */,
				782311FD259C0D9200D9E723 /* SignupViewController.swift */,
				785A1AB625A9A369005E8A4B /* SignupViewModel.swift */,
			);
			path = Signup;
			sourceTree = "<group>";
		};
		78E609EF25AAAA210041B3D0 /* Validator */ = {
			isa = PBXGroup;
			children = (
				78E609F025AAAA530041B3D0 /* Validator+Protocol.swift */,
				78772B4125B3D56200E6493E /* Account */,
				78772B4225B3D56800E6493E /* Book */,
			);
			path = Validator;
			sourceTree = "<group>";
		};
		78ED505525EB5C7A0045089C /* FirebaseStorage */ = {
			isa = PBXGroup;
			children = (
				78ED505625EB5C8B0045089C /* FirebaseStorageManager.swift */,
			);
			path = FirebaseStorage;
			sourceTree = "<group>";
		};
		78FE8CD0267B73FE0006612E /* Configuration */ = {
			isa = PBXGroup;
			children = (
				78FE8CD1267B740C0006612E /* API.swift */,
				78FE8CD3267B74130006612E /* Package.swift */,
			);
			path = Configuration;
			sourceTree = "<group>";
		};
		78FE8CD7267B79480006612E /* Resource */ = {
			isa = PBXGroup;
			children = (
				78997EBD259C34A00076FF97 /* Support */,
				78231202259C0D9300D9E723 /* Assets.xcassets */,
				78FE8CD8267B79650006612E /* Localizable.swift */,
				7892EF6F259C721F006F7315 /* Resources.swift */,
				78FE8CDA267B79720006612E /* Strings.swift */,
				7892EF6B259C7212006F7315 /* Images.swift */,
				78F940E9259D7EEF007C972A /* ViewControllers.swift */,
			);
			path = Resource;
			sourceTree = "<group>";
		};
/* End PBXGroup section */

/* Begin PBXNativeTarget section */
		782311F5259C0D9200D9E723 /* BookManager */ = {
			isa = PBXNativeTarget;
			buildConfigurationList = 78231220259C0D9300D9E723 /* Build configuration list for PBXNativeTarget "BookManager" */;
			buildPhases = (
				782311F2259C0D9200D9E723 /* Sources */,
				782311F3259C0D9200D9E723 /* Frameworks */,
				7800202A25EFD0E00000BCEB /* Embed Frameworks */,
				782311F4259C0D9200D9E723 /* Resources */,
				7882755026820FAD00FDFD0D /* SwiftFormat */,
			);
			buildRules = (
			);
			dependencies = (
			);
			name = BookManager;
			packageProductDependencies = (
				781CC3912658E4550075D260 /* FirebaseFirestore */,
				781CC3932658E4550075D260 /* FirebaseFirestoreSwift-Beta */,
				781CC3952658E4550075D260 /* FirebaseAnalytics */,
				781CC3972658E4550075D260 /* FirebaseStorageSwift-Beta */,
				781CC3992658E4550075D260 /* FirebaseStorage */,
				781CC39B2658E4550075D260 /* FirebaseCrashlytics */,
				781CC39D2658E4550075D260 /* FirebaseAuth */,
				781CC3A02658E6E00075D260 /* RxSwift */,
				781CC3A42658E6E00075D260 /* RxRelay */,
				781CC3A62658E6E00075D260 /* RxCocoa */,
				78B6B4D72658EA3000AE45E5 /* KeychainAccess */,
				782E63702675E5D40029E940 /* Utility */,
				78EB164E267620CE00777F32 /* APIKit */,
				78FFC6982678FCA500957F9C /* DomainKit */,
				78DC0BA1267B92F10085F5E7 /* CombineCocoa */,
			);
			productName = Collections;
			productReference = 782311F6259C0D9200D9E723 /* BookManager.app */;
			productType = "com.apple.product-type.application";
		};
		7823120B259C0D9300D9E723 /* BookManagerTests */ = {
			isa = PBXNativeTarget;
			buildConfigurationList = 78231223259C0D9300D9E723 /* Build configuration list for PBXNativeTarget "BookManagerTests" */;
			buildPhases = (
				78231208259C0D9300D9E723 /* Sources */,
				78231209259C0D9300D9E723 /* Frameworks */,
				7823120A259C0D9300D9E723 /* Resources */,
			);
			buildRules = (
			);
			dependencies = (
				7823120E259C0D9300D9E723 /* PBXTargetDependency */,
			);
			name = BookManagerTests;
			productName = CollectionsTests;
			productReference = 7823120C259C0D9300D9E723 /* BookManagerTests.xctest */;
			productType = "com.apple.product-type.bundle.unit-test";
		};
/* End PBXNativeTarget section */

/* Begin PBXProject section */
		782311EE259C0D9200D9E723 /* Project object */ = {
			isa = PBXProject;
			attributes = {
				LastSwiftUpdateCheck = 1230;
				LastUpgradeCheck = 1230;
				TargetAttributes = {
					782311F5259C0D9200D9E723 = {
						CreatedOnToolsVersion = 12.3;
					};
					7823120B259C0D9300D9E723 = {
						CreatedOnToolsVersion = 12.3;
						TestTargetID = 782311F5259C0D9200D9E723;
					};
				};
			};
			buildConfigurationList = 782311F1259C0D9200D9E723 /* Build configuration list for PBXProject "BookManager" */;
			compatibilityVersion = "Xcode 9.3";
			developmentRegion = en;
			hasScannedForEncodings = 0;
			knownRegions = (
				en,
				Base,
			);
			mainGroup = 782311ED259C0D9200D9E723;
			packageReferences = (
				781CC3902658E4550075D260 /* XCRemoteSwiftPackageReference "firebase-ios-sdk" */,
				781CC39F2658E6E00075D260 /* XCRemoteSwiftPackageReference "RxSwift" */,
				78B6B4D62658EA2F00AE45E5 /* XCRemoteSwiftPackageReference "KeychainAccess" */,
				78DC0BA0267B92F10085F5E7 /* XCRemoteSwiftPackageReference "CombineCocoa" */,
			);
			productRefGroup = 782311F7259C0D9200D9E723 /* Products */;
			projectDirPath = "";
			projectRoot = "";
			targets = (
				782311F5259C0D9200D9E723 /* BookManager */,
				7823120B259C0D9300D9E723 /* BookManagerTests */,
			);
		};
/* End PBXProject section */

/* Begin PBXResourcesBuildPhase section */
		782311F4259C0D9200D9E723 /* Resources */ = {
			isa = PBXResourcesBuildPhase;
			buildActionMask = 2147483647;
			files = (
				78231203259C0D9300D9E723 /* Assets.xcassets in Resources */,
				78D18A88265E251500396D19 /* GoogleService-Info.plist in Resources */,
				78DEE7B525AAD4D500219963 /* Localizable.strings in Resources */,
				78231206259C0D9300D9E723 /* LaunchScreen.storyboard in Resources */,
				7805908525F48A82002B5296 /* ChatUserListViewController.storyboard in Resources */,
				78421CE125E9273500950F62 /* KeyboardAccessoryView.xib in Resources */,
				7805908F25F48ADA002B5296 /* ChatUserListTableViewCell.xib in Resources */,
				78524FCD25E533FA002AEF87 /* ChatRoomViewController.storyboard in Resources */,
				784B18F025BD48F80071C32E /* WishListTableViewCell.xib in Resources */,
				78C7F3AB25E525E5005E9E2B /* ChatSelectViewController.storyboard in Resources */,
				78B8A69125E54021005BCB16 /* OtherMessageTableViewCell.xib in Resources */,
				78299CEA25E69D0D001868FB /* MyMessageTableViewCell.xib in Resources */,
				78C7F3B225E52C94005E9E2B /* ChatSelectTableViewCell.xib in Resources */,
			);
			runOnlyForDeploymentPostprocessing = 0;
		};
		7823120A259C0D9300D9E723 /* Resources */ = {
			isa = PBXResourcesBuildPhase;
			buildActionMask = 2147483647;
			files = (
			);
			runOnlyForDeploymentPostprocessing = 0;
		};
/* End PBXResourcesBuildPhase section */

/* Begin PBXShellScriptBuildPhase section */
		7882755026820FAD00FDFD0D /* SwiftFormat */ = {
			isa = PBXShellScriptBuildPhase;
			buildActionMask = 2147483647;
			files = (
			);
			inputFileListPaths = (
			);
			inputPaths = (
			);
			name = SwiftFormat;
			outputFileListPaths = (
			);
			outputPaths = (
			);
			runOnlyForDeploymentPostprocessing = 0;
			shellPath = /bin/sh;
			shellScript = "if which swiftformat >/dev/null; then\n  swiftformat .\nelse\n  echo \"warning: SwiftFormat not installed, download from https://github.com/nicklockwood/SwiftFormat\"\nfi\n";
		};
/* End PBXShellScriptBuildPhase section */

/* Begin PBXSourcesBuildPhase section */
		782311F2259C0D9200D9E723 /* Sources */ = {
			isa = PBXSourcesBuildPhase;
			buildActionMask = 2147483647;
			files = (
				781936C025BC752D00309FB7 /* BookViewData.swift in Sources */,
				782572AD25F4B2FE007962D0 /* NavigationBarConfigration.swift in Sources */,
				78DE1D6725BD423A00A2C0F2 /* WishListViewController.swift in Sources */,
				7862C15825E25B5C00F1645A /* FirestoreUser.swift in Sources */,
				78987B3C259C8813008311DC /* LoginViewController.swift in Sources */,
				7824042425E92A040001AB52 /* KeyboardAccessoryView.swift in Sources */,
				784E135E25B2A13D008FD947 /* AddBookViewModel.swift in Sources */,
				78B8A69025E54021005BCB16 /* OtherMessageTableViewCell.swift in Sources */,
				78CF3AF825ABF85D00ADBB60 /* BookListTableViewCell.swift in Sources */,
				7826A74625F7AF03006F23AD /* ChatUserListUsecase.swift in Sources */,
				7892EF5C259C5DF0006F7315 /* IBDesignableTextField.swift in Sources */,
				78752AA6267EEE92000B87AC /* Style.swift in Sources */,
				784E135625B29952008FD947 /* DatePicker+Util.swift in Sources */,
				78752AAB267EF0D9000B87AC /* ButtonStyle.swift in Sources */,
				7892EF52259C58C0006F7315 /* IBDesignableButton.swift in Sources */,
				78CF3AF325ABF82900ADBB60 /* BookListViewController.swift in Sources */,
				787CB2EF2600C50E003B8CC9 /* ChatRoomViewModel.swift in Sources */,
				785AB27225E9C527000FEEFE /* TapAction.swift in Sources */,
				78CF3B0725AC0E3500ADBB60 /* BookListViewModel.swift in Sources */,
				78B29D0125B3124A00A7DC7F /* TitleValidator.swift in Sources */,
				781F64C1267CB73C00D50B08 /* SignupRouting.swift in Sources */,
				785A1AB725A9A369005E8A4B /* SignupViewModel.swift in Sources */,
				7873D27C267E1046007F7B31 /* RootTabBarController.swift in Sources */,
				7826A73D25F7A885006F23AD /* ChatUserListViewModel.swift in Sources */,
				7805908E25F48ADA002B5296 /* ChatUserListTableViewCell.swift in Sources */,
				7873D27A267E0C65007F7B31 /* WishListRouting.swift in Sources */,
				78CB209225EA48EB00D4E22D /* FirebaseManager.swift in Sources */,
				78FE8CDB267B79720006612E /* Strings.swift in Sources */,
				78FE8CD2267B740C0006612E /* API.swift in Sources */,
				784B18F625BD4D5F0071C32E /* WishListViewModel.swift in Sources */,
				7802FBB425BBC91D00565A16 /* Date+Util.swift in Sources */,
				78752AA4267EEBA9000B87AC /* Layout.swift in Sources */,
				78F940EA259D7EEF007C972A /* ViewControllers.swift in Sources */,
				78E60A0025AAAEAC0041B3D0 /* ObservableType+Extension.swift in Sources */,
				78752AA9267EF0D0000B87AC /* TextFieldStyle.swift in Sources */,
				787FD0B925F9072800FBE386 /* ChatUserListDataSource.swift in Sources */,
				78E609D325AA04300041B3D0 /* LoginViewModel.swift in Sources */,
				78B2A16B267B89D300D9EA0E /* LoginRouting.swift in Sources */,
				787CB2F92600E0C5003B8CC9 /* Room.swift in Sources */,
				78B2A167267B7F7900D9EA0E /* VCInjectable.swift in Sources */,
				7821A5D025E25C5B0006DE50 /* FirebaseAuthManager.swift in Sources */,
				78524FC925E533E3002AEF87 /* ChatRoomViewController.swift in Sources */,
				78E609FB25AAABF80041B3D0 /* PasswordValidator.swift in Sources */,
				78772B5425B3E48B00E6493E /* EditBookViewModel.swift in Sources */,
				78ED505725EB5C8B0045089C /* FirebaseStorageManager.swift in Sources */,
				787CB2F32600C7B2003B8CC9 /* ChatRoomDataSource.swift in Sources */,
				784B18EF25BD48F80071C32E /* WishListTableViewCell.swift in Sources */,
				787CB2EC2600C3AD003B8CC9 /* ChatMessage.swift in Sources */,
				78CC0ED5267DBE3D003489E1 /* BookListRouting.swift in Sources */,
				78299CE925E69D0D001868FB /* MyMessageTableViewCell.swift in Sources */,
				7892EF70259C721F006F7315 /* Resources.swift in Sources */,
				78F940EE259D995F007C972A /* ResourcesSupport.swift in Sources */,
				78752AAF267EF412000B87AC /* LabelStyle.swift in Sources */,
				78FE8CD6267B76750006612E /* FirebaseProvider.swift in Sources */,
				7824042F25E9374D0001AB52 /* IBDesignableTextView.swift in Sources */,
				78C7F3B125E52C94005E9E2B /* ChatSelectTableViewCell.swift in Sources */,
				78844C6125B0873600C9AEC0 /* AddBookViewController.swift in Sources */,
				78E609F125AAAA530041B3D0 /* Validator+Protocol.swift in Sources */,
				78C61C2C25A1716800DC78A6 /* String+Util.swift in Sources */,
				782311FE259C0D9200D9E723 /* SignupViewController.swift in Sources */,
				78772B4E25B3DEBD00E6493E /* Array+Util.swift in Sources */,
				78DC0E4E267F4B710083EBC0 /* IndicatorStyle.swift in Sources */,
				784E138225B2F555008FD947 /* NumberValidator.swift in Sources */,
				78752AAD267EF39D000B87AC /* StackViewStyle.swift in Sources */,
				78FE8CD4267B74130006612E /* Package.swift in Sources */,
				78772B3C25B3D37300E6493E /* PurchaseDateValidator.swift in Sources */,
				78E609F725AAABEA0041B3D0 /* EmailValidator.swift in Sources */,
				7892EF6C259C7212006F7315 /* Images.swift in Sources */,
				78B2A163267B7F6B00D9EA0E /* Routing.swift in Sources */,
				7892EF62259C642C006F7315 /* IBDesignableView.swift in Sources */,
				781936B325BC5B2B00309FB7 /* BookFileManager.swift in Sources */,
				78CE46BB26808E920086837B /* ImageViewStyle.swift in Sources */,
				78B29D1C25B3310000A7DC7F /* EditBookViewController.swift in Sources */,
				78DEE7BD25AAE3AD00219963 /* UIViewController+Extension.swift in Sources */,
				7833D0C3260229E4005DFB79 /* ChatSelectDataSource.swift in Sources */,
				78DEE7B925AADFC600219963 /* UIAlertController+Extension.swift in Sources */,
				782311FA259C0D9200D9E723 /* AppDelegate.swift in Sources */,
				78B2A16D267B8A6100D9EA0E /* LoadingState.swift in Sources */,
				78C7F3A725E525C5005E9E2B /* ChatSelectViewController.swift in Sources */,
				7805908825F48A94002B5296 /* ChatUserListViewController.swift in Sources */,
				7821A5D425E25C630006DE50 /* FirestoreManager.swift in Sources */,
				7833D0BA26022624005DFB79 /* ChatSelectViewModel.swift in Sources */,
				78769C4425EA28A6007791E0 /* NameValidator.swift in Sources */,
				7862C15425E2596D00F1645A /* FirebaseModelProtocol.swift in Sources */,
				7820E0AB25AEFC1200A5E6D8 /* ImageLoader.swift in Sources */,
				78CF3B3525AC48FD00ADBB60 /* BookListDataSource.swift in Sources */,
				78EC97CE25F4923F007E80FD /* RootNavigationController.swift in Sources */,
				78997EE5259C4C5E0076FF97 /* UIView-IBInspectable-Extensions.swift in Sources */,
				78299CEE25E69E15001868FB /* OtherMessageBalloonView.swift in Sources */,
				78B2A165267B7F7100D9EA0E /* ViewModel.swift in Sources */,
				784B18FC25BD50FC0071C32E /* WishListDataSource.swift in Sources */,
				7892EF79259C73C9006F7315 /* KeyboardNotifier.swift in Sources */,
				78F940E6259D7E42007C972A /* Router.swift in Sources */,
				78B8A69625E54AEB005BCB16 /* MyMessageBalloonView.swift in Sources */,
				78FE8CD9267B79650006612E /* Localizable.swift in Sources */,
			);
			runOnlyForDeploymentPostprocessing = 0;
		};
		78231208259C0D9300D9E723 /* Sources */ = {
			isa = PBXSourcesBuildPhase;
			buildActionMask = 2147483647;
			files = (
				78231211259C0D9300D9E723 /* BookListTests.swift in Sources */,
			);
			runOnlyForDeploymentPostprocessing = 0;
		};
/* End PBXSourcesBuildPhase section */

/* Begin PBXTargetDependency section */
		7823120E259C0D9300D9E723 /* PBXTargetDependency */ = {
			isa = PBXTargetDependency;
			target = 782311F5259C0D9200D9E723 /* BookManager */;
			targetProxy = 7823120D259C0D9300D9E723 /* PBXContainerItemProxy */;
		};
/* End PBXTargetDependency section */

/* Begin PBXVariantGroup section */
		78231204259C0D9300D9E723 /* LaunchScreen.storyboard */ = {
			isa = PBXVariantGroup;
			children = (
				78231205259C0D9300D9E723 /* Base */,
			);
			name = LaunchScreen.storyboard;
			sourceTree = "<group>";
		};
/* End PBXVariantGroup section */

/* Begin XCBuildConfiguration section */
		7823121E259C0D9300D9E723 /* Debug */ = {
			isa = XCBuildConfiguration;
			buildSettings = {
				ALWAYS_SEARCH_USER_PATHS = NO;
				CLANG_ANALYZER_NONNULL = YES;
				CLANG_ANALYZER_NUMBER_OBJECT_CONVERSION = YES_AGGRESSIVE;
				CLANG_CXX_LANGUAGE_STANDARD = "gnu++14";
				CLANG_CXX_LIBRARY = "libc++";
				CLANG_ENABLE_MODULES = YES;
				CLANG_ENABLE_OBJC_ARC = YES;
				CLANG_ENABLE_OBJC_WEAK = YES;
				CLANG_WARN_BLOCK_CAPTURE_AUTORELEASING = YES;
				CLANG_WARN_BOOL_CONVERSION = YES;
				CLANG_WARN_COMMA = YES;
				CLANG_WARN_CONSTANT_CONVERSION = YES;
				CLANG_WARN_DEPRECATED_OBJC_IMPLEMENTATIONS = YES;
				CLANG_WARN_DIRECT_OBJC_ISA_USAGE = YES_ERROR;
				CLANG_WARN_DOCUMENTATION_COMMENTS = YES;
				CLANG_WARN_EMPTY_BODY = YES;
				CLANG_WARN_ENUM_CONVERSION = YES;
				CLANG_WARN_INFINITE_RECURSION = YES;
				CLANG_WARN_INT_CONVERSION = YES;
				CLANG_WARN_NON_LITERAL_NULL_CONVERSION = YES;
				CLANG_WARN_OBJC_IMPLICIT_RETAIN_SELF = YES;
				CLANG_WARN_OBJC_LITERAL_CONVERSION = YES;
				CLANG_WARN_OBJC_ROOT_CLASS = YES_ERROR;
				CLANG_WARN_QUOTED_INCLUDE_IN_FRAMEWORK_HEADER = YES;
				CLANG_WARN_RANGE_LOOP_ANALYSIS = YES;
				CLANG_WARN_STRICT_PROTOTYPES = YES;
				CLANG_WARN_SUSPICIOUS_MOVE = YES;
				CLANG_WARN_UNGUARDED_AVAILABILITY = YES_AGGRESSIVE;
				CLANG_WARN_UNREACHABLE_CODE = YES;
				CLANG_WARN__DUPLICATE_METHOD_MATCH = YES;
				COPY_PHASE_STRIP = NO;
				DEBUG_INFORMATION_FORMAT = dwarf;
				ENABLE_STRICT_OBJC_MSGSEND = YES;
				ENABLE_TESTABILITY = YES;
				EXCLUDED_ARCHS = "";
				GCC_C_LANGUAGE_STANDARD = gnu11;
				GCC_DYNAMIC_NO_PIC = NO;
				GCC_NO_COMMON_BLOCKS = YES;
				GCC_OPTIMIZATION_LEVEL = 0;
				GCC_PREPROCESSOR_DEFINITIONS = (
					"DEBUG=1",
					"$(inherited)",
				);
				GCC_WARN_64_TO_32_BIT_CONVERSION = YES;
				GCC_WARN_ABOUT_RETURN_TYPE = YES_ERROR;
				GCC_WARN_UNDECLARED_SELECTOR = YES;
				GCC_WARN_UNINITIALIZED_AUTOS = YES_AGGRESSIVE;
				GCC_WARN_UNUSED_FUNCTION = YES;
				GCC_WARN_UNUSED_VARIABLE = YES;
				IPHONEOS_DEPLOYMENT_TARGET = 13.0;
				MTL_ENABLE_DEBUG_INFO = INCLUDE_SOURCE;
				MTL_FAST_MATH = YES;
				ONLY_ACTIVE_ARCH = YES;
				SDKROOT = iphoneos;
				SWIFT_ACTIVE_COMPILATION_CONDITIONS = DEBUG;
				SWIFT_OPTIMIZATION_LEVEL = "-Onone";
				VALIDATE_WORKSPACE = YES;
			};
			name = Debug;
		};
		7823121F259C0D9300D9E723 /* Release */ = {
			isa = XCBuildConfiguration;
			buildSettings = {
				ALWAYS_SEARCH_USER_PATHS = NO;
				CLANG_ANALYZER_NONNULL = YES;
				CLANG_ANALYZER_NUMBER_OBJECT_CONVERSION = YES_AGGRESSIVE;
				CLANG_CXX_LANGUAGE_STANDARD = "gnu++14";
				CLANG_CXX_LIBRARY = "libc++";
				CLANG_ENABLE_MODULES = YES;
				CLANG_ENABLE_OBJC_ARC = YES;
				CLANG_ENABLE_OBJC_WEAK = YES;
				CLANG_WARN_BLOCK_CAPTURE_AUTORELEASING = YES;
				CLANG_WARN_BOOL_CONVERSION = YES;
				CLANG_WARN_COMMA = YES;
				CLANG_WARN_CONSTANT_CONVERSION = YES;
				CLANG_WARN_DEPRECATED_OBJC_IMPLEMENTATIONS = YES;
				CLANG_WARN_DIRECT_OBJC_ISA_USAGE = YES_ERROR;
				CLANG_WARN_DOCUMENTATION_COMMENTS = YES;
				CLANG_WARN_EMPTY_BODY = YES;
				CLANG_WARN_ENUM_CONVERSION = YES;
				CLANG_WARN_INFINITE_RECURSION = YES;
				CLANG_WARN_INT_CONVERSION = YES;
				CLANG_WARN_NON_LITERAL_NULL_CONVERSION = YES;
				CLANG_WARN_OBJC_IMPLICIT_RETAIN_SELF = YES;
				CLANG_WARN_OBJC_LITERAL_CONVERSION = YES;
				CLANG_WARN_OBJC_ROOT_CLASS = YES_ERROR;
				CLANG_WARN_QUOTED_INCLUDE_IN_FRAMEWORK_HEADER = YES;
				CLANG_WARN_RANGE_LOOP_ANALYSIS = YES;
				CLANG_WARN_STRICT_PROTOTYPES = YES;
				CLANG_WARN_SUSPICIOUS_MOVE = YES;
				CLANG_WARN_UNGUARDED_AVAILABILITY = YES_AGGRESSIVE;
				CLANG_WARN_UNREACHABLE_CODE = YES;
				CLANG_WARN__DUPLICATE_METHOD_MATCH = YES;
				COPY_PHASE_STRIP = NO;
				DEBUG_INFORMATION_FORMAT = "dwarf-with-dsym";
				ENABLE_NS_ASSERTIONS = NO;
				ENABLE_STRICT_OBJC_MSGSEND = YES;
				GCC_C_LANGUAGE_STANDARD = gnu11;
				GCC_NO_COMMON_BLOCKS = YES;
				GCC_WARN_64_TO_32_BIT_CONVERSION = YES;
				GCC_WARN_ABOUT_RETURN_TYPE = YES_ERROR;
				GCC_WARN_UNDECLARED_SELECTOR = YES;
				GCC_WARN_UNINITIALIZED_AUTOS = YES_AGGRESSIVE;
				GCC_WARN_UNUSED_FUNCTION = YES;
				GCC_WARN_UNUSED_VARIABLE = YES;
				IPHONEOS_DEPLOYMENT_TARGET = 13.0;
				MTL_ENABLE_DEBUG_INFO = NO;
				MTL_FAST_MATH = YES;
				SDKROOT = iphoneos;
				SWIFT_COMPILATION_MODE = wholemodule;
				SWIFT_OPTIMIZATION_LEVEL = "-O";
				VALIDATE_PRODUCT = YES;
				VALIDATE_WORKSPACE = YES;
			};
			name = Release;
		};
		78231221259C0D9300D9E723 /* Debug */ = {
			isa = XCBuildConfiguration;
			buildSettings = {
				ASSETCATALOG_COMPILER_APPICON_NAME = AppIcon;
				ASSETCATALOG_COMPILER_GLOBAL_ACCENT_COLOR_NAME = AccentColor;
				CODE_SIGN_STYLE = Automatic;
				DEBUG_INFORMATION_FORMAT = "dwarf-with-dsym";
				FRAMEWORK_SEARCH_PATHS = "$(inherited)";
				INFOPLIST_FILE = BookManager/Info.plist;
				LD_RUNPATH_SEARCH_PATHS = (
					"$(inherited)",
					"@executable_path/Frameworks",
				);
				OTHER_LDFLAGS = "-ObjC";
				PRODUCT_BUNDLE_IDENTIFIER = com.yossibank.BookManager;
				PRODUCT_NAME = "$(TARGET_NAME)";
				SWIFT_VERSION = 5.0;
				TARGETED_DEVICE_FAMILY = "1,2";
				TVOS_DEPLOYMENT_TARGET = 13.0;
			};
			name = Debug;
		};
		78231222259C0D9300D9E723 /* Release */ = {
			isa = XCBuildConfiguration;
			buildSettings = {
				ASSETCATALOG_COMPILER_APPICON_NAME = AppIcon;
				ASSETCATALOG_COMPILER_GLOBAL_ACCENT_COLOR_NAME = AccentColor;
				CODE_SIGN_STYLE = Automatic;
				DEBUG_INFORMATION_FORMAT = "dwarf-with-dsym";
				FRAMEWORK_SEARCH_PATHS = "$(inherited)";
				INFOPLIST_FILE = BookManager/Info.plist;
				LD_RUNPATH_SEARCH_PATHS = (
					"$(inherited)",
					"@executable_path/Frameworks",
				);
				OTHER_LDFLAGS = "-ObjC";
				PRODUCT_BUNDLE_IDENTIFIER = com.yossibank.BookManager;
				PRODUCT_NAME = "$(TARGET_NAME)";
				SWIFT_VERSION = 5.0;
				TARGETED_DEVICE_FAMILY = "1,2";
				TVOS_DEPLOYMENT_TARGET = 13.0;
			};
			name = Release;
		};
		78231224259C0D9300D9E723 /* Debug */ = {
			isa = XCBuildConfiguration;
			buildSettings = {
				ALWAYS_EMBED_SWIFT_STANDARD_LIBRARIES = YES;
				BUNDLE_LOADER = "$(TEST_HOST)";
				CODE_SIGN_STYLE = Automatic;
				FRAMEWORK_SEARCH_PATHS = "$(inherited)";
				INFOPLIST_FILE = BookManagerTests/Info.plist;
				IPHONEOS_DEPLOYMENT_TARGET = 14.3;
				LD_RUNPATH_SEARCH_PATHS = (
					"$(inherited)",
					"@executable_path/Frameworks",
					"@loader_path/Frameworks",
				);
				PRODUCT_BUNDLE_IDENTIFIER = com.yossibank.BookManagerTests;
				PRODUCT_NAME = "$(TARGET_NAME)";
				SWIFT_VERSION = 5.0;
				TARGETED_DEVICE_FAMILY = "1,2";
				TEST_HOST = "$(BUILT_PRODUCTS_DIR)/BookManager.app/BookManager";
			};
			name = Debug;
		};
		78231225259C0D9300D9E723 /* Release */ = {
			isa = XCBuildConfiguration;
			buildSettings = {
				ALWAYS_EMBED_SWIFT_STANDARD_LIBRARIES = YES;
				BUNDLE_LOADER = "$(TEST_HOST)";
				CODE_SIGN_STYLE = Automatic;
				FRAMEWORK_SEARCH_PATHS = "$(inherited)";
				INFOPLIST_FILE = BookManagerTests/Info.plist;
				IPHONEOS_DEPLOYMENT_TARGET = 14.3;
				LD_RUNPATH_SEARCH_PATHS = (
					"$(inherited)",
					"@executable_path/Frameworks",
					"@loader_path/Frameworks",
				);
				PRODUCT_BUNDLE_IDENTIFIER = com.yossibank.BookManagerTests;
				PRODUCT_NAME = "$(TARGET_NAME)";
				SWIFT_VERSION = 5.0;
				TARGETED_DEVICE_FAMILY = "1,2";
				TEST_HOST = "$(BUILT_PRODUCTS_DIR)/BookManager.app/BookManager";
			};
			name = Release;
		};
/* End XCBuildConfiguration section */

/* Begin XCConfigurationList section */
		782311F1259C0D9200D9E723 /* Build configuration list for PBXProject "BookManager" */ = {
			isa = XCConfigurationList;
			buildConfigurations = (
				7823121E259C0D9300D9E723 /* Debug */,
				7823121F259C0D9300D9E723 /* Release */,
			);
			defaultConfigurationIsVisible = 0;
			defaultConfigurationName = Release;
		};
		78231220259C0D9300D9E723 /* Build configuration list for PBXNativeTarget "BookManager" */ = {
			isa = XCConfigurationList;
			buildConfigurations = (
				78231221259C0D9300D9E723 /* Debug */,
				78231222259C0D9300D9E723 /* Release */,
			);
			defaultConfigurationIsVisible = 0;
			defaultConfigurationName = Release;
		};
		78231223259C0D9300D9E723 /* Build configuration list for PBXNativeTarget "BookManagerTests" */ = {
			isa = XCConfigurationList;
			buildConfigurations = (
				78231224259C0D9300D9E723 /* Debug */,
				78231225259C0D9300D9E723 /* Release */,
			);
			defaultConfigurationIsVisible = 0;
			defaultConfigurationName = Release;
		};
/* End XCConfigurationList section */

/* Begin XCRemoteSwiftPackageReference section */
		781CC3902658E4550075D260 /* XCRemoteSwiftPackageReference "firebase-ios-sdk" */ = {
			isa = XCRemoteSwiftPackageReference;
			repositoryURL = "https://github.com/firebase/firebase-ios-sdk.git";
			requirement = {
				kind = upToNextMajorVersion;
				minimumVersion = 8.0.0;
			};
		};
		781CC39F2658E6E00075D260 /* XCRemoteSwiftPackageReference "RxSwift" */ = {
			isa = XCRemoteSwiftPackageReference;
			repositoryURL = "https://github.com/ReactiveX/RxSwift.git";
			requirement = {
				kind = upToNextMajorVersion;
				minimumVersion = 6.2.0;
			};
		};
		78B6B4D62658EA2F00AE45E5 /* XCRemoteSwiftPackageReference "KeychainAccess" */ = {
			isa = XCRemoteSwiftPackageReference;
			repositoryURL = "https://github.com/kishikawakatsumi/KeychainAccess.git";
			requirement = {
				kind = upToNextMajorVersion;
				minimumVersion = 4.2.2;
			};
		};
		78DC0BA0267B92F10085F5E7 /* XCRemoteSwiftPackageReference "CombineCocoa" */ = {
			isa = XCRemoteSwiftPackageReference;
			repositoryURL = "https://github.com/CombineCommunity/CombineCocoa.git";
			requirement = {
				kind = upToNextMajorVersion;
				minimumVersion = 0.3.0;
			};
		};
/* End XCRemoteSwiftPackageReference section */

/* Begin XCSwiftPackageProductDependency section */
		781CC3912658E4550075D260 /* FirebaseFirestore */ = {
			isa = XCSwiftPackageProductDependency;
			package = 781CC3902658E4550075D260 /* XCRemoteSwiftPackageReference "firebase-ios-sdk" */;
			productName = FirebaseFirestore;
		};
		781CC3932658E4550075D260 /* FirebaseFirestoreSwift-Beta */ = {
			isa = XCSwiftPackageProductDependency;
			package = 781CC3902658E4550075D260 /* XCRemoteSwiftPackageReference "firebase-ios-sdk" */;
			productName = "FirebaseFirestoreSwift-Beta";
		};
		781CC3952658E4550075D260 /* FirebaseAnalytics */ = {
			isa = XCSwiftPackageProductDependency;
			package = 781CC3902658E4550075D260 /* XCRemoteSwiftPackageReference "firebase-ios-sdk" */;
			productName = FirebaseAnalytics;
		};
		781CC3972658E4550075D260 /* FirebaseStorageSwift-Beta */ = {
			isa = XCSwiftPackageProductDependency;
			package = 781CC3902658E4550075D260 /* XCRemoteSwiftPackageReference "firebase-ios-sdk" */;
			productName = "FirebaseStorageSwift-Beta";
		};
		781CC3992658E4550075D260 /* FirebaseStorage */ = {
			isa = XCSwiftPackageProductDependency;
			package = 781CC3902658E4550075D260 /* XCRemoteSwiftPackageReference "firebase-ios-sdk" */;
			productName = FirebaseStorage;
		};
		781CC39B2658E4550075D260 /* FirebaseCrashlytics */ = {
			isa = XCSwiftPackageProductDependency;
			package = 781CC3902658E4550075D260 /* XCRemoteSwiftPackageReference "firebase-ios-sdk" */;
			productName = FirebaseCrashlytics;
		};
		781CC39D2658E4550075D260 /* FirebaseAuth */ = {
			isa = XCSwiftPackageProductDependency;
			package = 781CC3902658E4550075D260 /* XCRemoteSwiftPackageReference "firebase-ios-sdk" */;
			productName = FirebaseAuth;
		};
		781CC3A02658E6E00075D260 /* RxSwift */ = {
			isa = XCSwiftPackageProductDependency;
			package = 781CC39F2658E6E00075D260 /* XCRemoteSwiftPackageReference "RxSwift" */;
			productName = RxSwift;
		};
		781CC3A42658E6E00075D260 /* RxRelay */ = {
			isa = XCSwiftPackageProductDependency;
			package = 781CC39F2658E6E00075D260 /* XCRemoteSwiftPackageReference "RxSwift" */;
			productName = RxRelay;
		};
		781CC3A62658E6E00075D260 /* RxCocoa */ = {
			isa = XCSwiftPackageProductDependency;
			package = 781CC39F2658E6E00075D260 /* XCRemoteSwiftPackageReference "RxSwift" */;
			productName = RxCocoa;
		};
		782E63702675E5D40029E940 /* Utility */ = {
			isa = XCSwiftPackageProductDependency;
			productName = Utility;
		};
		78B6B4D72658EA3000AE45E5 /* KeychainAccess */ = {
			isa = XCSwiftPackageProductDependency;
			package = 78B6B4D62658EA2F00AE45E5 /* XCRemoteSwiftPackageReference "KeychainAccess" */;
			productName = KeychainAccess;
		};
		78DC0BA1267B92F10085F5E7 /* CombineCocoa */ = {
			isa = XCSwiftPackageProductDependency;
			package = 78DC0BA0267B92F10085F5E7 /* XCRemoteSwiftPackageReference "CombineCocoa" */;
			productName = CombineCocoa;
		};
		78EB164E267620CE00777F32 /* APIKit */ = {
			isa = XCSwiftPackageProductDependency;
			productName = APIKit;
		};
		78FFC6982678FCA500957F9C /* DomainKit */ = {
			isa = XCSwiftPackageProductDependency;
			productName = DomainKit;
		};
/* End XCSwiftPackageProductDependency section */
	};
	rootObject = 782311EE259C0D9200D9E723 /* Project object */;
}
